// !$*UTF8*$!
{
	archiveVersion = 1;
	classes = {
	};
	objectVersion = 46;
	objects = {

/* Begin PBXBuildFile section */
		420EB2FB157D11760060CAB2 /* test.cpp in Sources */ = {isa = PBXBuildFile; fileRef = 423CBE3B157D0E450003A644 /* test.cpp */; };
		420EB2FC157D11760060CAB2 /* test_cat.cpp in Sources */ = {isa = PBXBuildFile; fileRef = 423CBE3D157D0E450003A644 /* test_cat.cpp */; };
		420EB2FD157D11760060CAB2 /* test_network.cpp in Sources */ = {isa = PBXBuildFile; fileRef = 423CBE3E157D0E450003A644 /* test_network.cpp */; };
		420EB2FE157D11760060CAB2 /* test_nodes.cpp in Sources */ = {isa = PBXBuildFile; fileRef = 423CBE3F157D0E450003A644 /* test_nodes.cpp */; };
		420EB2FF157D11760060CAB2 /* test_update.cpp in Sources */ = {isa = PBXBuildFile; fileRef = 423CBE40157D0E450003A644 /* test_update.cpp */; };
		420EB302157D11AF0060CAB2 /* libfn.a in Frameworks */ = {isa = PBXBuildFile; fileRef = 423CBDA7157D0E2B0003A644 /* libfn.a */; };
		420EB303157D11BF0060CAB2 /* libboost_unit_test_framework.dylib in Frameworks */ = {isa = PBXBuildFile; fileRef = 423CBE6F157D10C80003A644 /* libboost_unit_test_framework.dylib */; };
		423CBE41157D0ECF0003A644 /* main.cpp in Sources */ = {isa = PBXBuildFile; fileRef = 423CBDF0157D0E450003A644 /* main.cpp */; };
		423CBE42157D0ECF0003A644 /* runner.cpp in Sources */ = {isa = PBXBuildFile; fileRef = 423CBDF1157D0E450003A644 /* runner.cpp */; };
		423CBE4D157D0F990003A644 /* deterministic_node.cpp in Sources */ = {isa = PBXBuildFile; fileRef = 423CBE32157D0E450003A644 /* deterministic_node.cpp */; };
		423CBE4E157D0F990003A644 /* graph.cpp in Sources */ = {isa = PBXBuildFile; fileRef = 423CBE33157D0E450003A644 /* graph.cpp */; };
		423CBE4F157D0F990003A644 /* hmm.cpp in Sources */ = {isa = PBXBuildFile; fileRef = 423CBE34157D0E450003A644 /* hmm.cpp */; };
		423CBE50157D0F990003A644 /* hmm_network.cpp in Sources */ = {isa = PBXBuildFile; fileRef = 423CBE35157D0E450003A644 /* hmm_network.cpp */; };
		423CBE51157D0F990003A644 /* hmm_node.cpp in Sources */ = {isa = PBXBuildFile; fileRef = 423CBE36157D0E450003A644 /* hmm_node.cpp */; };
		423CBE52157D0F990003A644 /* probabilistic_node.cpp in Sources */ = {isa = PBXBuildFile; fileRef = 423CBE37157D0E450003A644 /* probabilistic_node.cpp */; };
		423CBE61157D0FF50003A644 /* test.cpp in Sources */ = {isa = PBXBuildFile; fileRef = 423CBDF3157D0E450003A644 /* test.cpp */; };
		423CBE62157D0FF50003A644 /* test_analysis.cpp in Sources */ = {isa = PBXBuildFile; fileRef = 423CBDF5157D0E450003A644 /* test_analysis.cpp */; };
		423CBE63157D0FF50003A644 /* test_checkpoint.cpp in Sources */ = {isa = PBXBuildFile; fileRef = 423CBDF6157D0E450003A644 /* test_checkpoint.cpp */; };
		423CBE64157D0FF50003A644 /* test_ealife.cpp in Sources */ = {isa = PBXBuildFile; fileRef = 423CBDF7157D0E450003A644 /* test_ealife.cpp */; };
		423CBE65157D0FF50003A644 /* test_generational.cpp in Sources */ = {isa = PBXBuildFile; fileRef = 423CBDF8157D0E450003A644 /* test_generational.cpp */; };
		423CBE66157D0FF50003A644 /* test_meta_data.cpp in Sources */ = {isa = PBXBuildFile; fileRef = 423CBDF9157D0E450003A644 /* test_meta_data.cpp */; };
		423CBE67157D0FF50003A644 /* test_recombination.cpp in Sources */ = {isa = PBXBuildFile; fileRef = 423CBDFA157D0E450003A644 /* test_recombination.cpp */; };
		423CBE68157D0FF50003A644 /* test_rng.cpp in Sources */ = {isa = PBXBuildFile; fileRef = 423CBDFB157D0E450003A644 /* test_rng.cpp */; };
		423CBE69157D0FF50003A644 /* test_selection.cpp in Sources */ = {isa = PBXBuildFile; fileRef = 423CBDFC157D0E450003A644 /* test_selection.cpp */; };
		423CBE70157D10C80003A644 /* libboost_iostreams.dylib in Frameworks */ = {isa = PBXBuildFile; fileRef = 423CBE6A157D10C80003A644 /* libboost_iostreams.dylib */; };
		423CBE71157D10C80003A644 /* libboost_program_options.dylib in Frameworks */ = {isa = PBXBuildFile; fileRef = 423CBE6B157D10C80003A644 /* libboost_program_options.dylib */; };
		423CBE72157D10C80003A644 /* libboost_regex.dylib in Frameworks */ = {isa = PBXBuildFile; fileRef = 423CBE6C157D10C80003A644 /* libboost_regex.dylib */; };
		423CBE73157D10C80003A644 /* libboost_serialization.dylib in Frameworks */ = {isa = PBXBuildFile; fileRef = 423CBE6D157D10C80003A644 /* libboost_serialization.dylib */; };
		423CBE74157D10C80003A644 /* libboost_signals.dylib in Frameworks */ = {isa = PBXBuildFile; fileRef = 423CBE6E157D10C80003A644 /* libboost_signals.dylib */; };
		423CBE75157D10C80003A644 /* libboost_unit_test_framework.dylib in Frameworks */ = {isa = PBXBuildFile; fileRef = 423CBE6F157D10C80003A644 /* libboost_unit_test_framework.dylib */; };
		42F4B63315822A7B0075D6EF /* attributes.h in Headers */ = {isa = PBXBuildFile; fileRef = 42F4B63215822A7B0075D6EF /* attributes.h */; };
		BA9DF42A1583BB52008AC07D /* novelty_individual.h in Headers */ = {isa = PBXBuildFile; fileRef = BA9DF4291583BB52008AC07D /* novelty_individual.h */; };
/* End PBXBuildFile section */

/* Begin PBXContainerItemProxy section */
		420EB300157D117D0060CAB2 /* PBXContainerItemProxy */ = {
			isa = PBXContainerItemProxy;
			containerPortal = 423CBC72157D0D440003A644 /* Project object */;
			proxyType = 1;
			remoteGlobalIDString = 423CBDA6157D0E2B0003A644;
			remoteInfo = fn;
		};
/* End PBXContainerItemProxy section */

/* Begin PBXCopyFilesBuildPhase section */
		420EB2EF157D11540060CAB2 /* CopyFiles */ = {
			isa = PBXCopyFilesBuildPhase;
			buildActionMask = 2147483647;
			dstPath = /usr/share/man/man1/;
			dstSubfolderSpec = 0;
			files = (
			);
			runOnlyForDeploymentPostprocessing = 1;
		};
		423CBE55157D0FCC0003A644 /* CopyFiles */ = {
			isa = PBXCopyFilesBuildPhase;
			buildActionMask = 2147483647;
			dstPath = /usr/share/man/man1/;
			dstSubfolderSpec = 0;
			files = (
			);
			runOnlyForDeploymentPostprocessing = 1;
		};
/* End PBXCopyFilesBuildPhase section */

/* Begin PBXFileReference section */
		420EB2F1157D11540060CAB2 /* libfn_test */ = {isa = PBXFileReference; explicitFileType = "compiled.mach-o.executable"; includeInIndex = 0; path = libfn_test; sourceTree = BUILT_PRODUCTS_DIR; };
		423CBC83157D0D910003A644 /* boost_howto.rtf */ = {isa = PBXFileReference; fileEncoding = 4; lastKnownFileType = text.rtf; path = boost_howto.rtf; sourceTree = "<group>"; };
		423CBC85157D0D910003A644 /* ealib.xcconfig */ = {isa = PBXFileReference; fileEncoding = 4; lastKnownFileType = text.xcconfig; path = ealib.xcconfig; sourceTree = "<group>"; };
		423CBC86157D0D910003A644 /* Jamroot */ = {isa = PBXFileReference; fileEncoding = 4; lastKnownFileType = text; path = Jamroot; sourceTree = "<group>"; };
		423CBD9F157D0E0B0003A644 /* libea.a */ = {isa = PBXFileReference; explicitFileType = archive.ar; includeInIndex = 0; path = libea.a; sourceTree = BUILT_PRODUCTS_DIR; };
		423CBDA7157D0E2B0003A644 /* libfn.a */ = {isa = PBXFileReference; explicitFileType = archive.ar; includeInIndex = 0; path = libfn.a; sourceTree = BUILT_PRODUCTS_DIR; };
		423CBDAE157D0E450003A644 /* algorithm.h */ = {isa = PBXFileReference; lastKnownFileType = sourcecode.c.h; path = algorithm.h; sourceTree = "<group>"; };
		423CBDB0157D0E450003A644 /* epistasis.h */ = {isa = PBXFileReference; lastKnownFileType = sourcecode.c.h; path = epistasis.h; sourceTree = "<group>"; };
		423CBDB1157D0E450003A644 /* girvan_newman_clustering.h */ = {isa = PBXFileReference; lastKnownFileType = sourcecode.c.h; path = girvan_newman_clustering.h; sourceTree = "<group>"; };
		423CBDB2157D0E450003A644 /* graph.h */ = {isa = PBXFileReference; lastKnownFileType = sourcecode.c.h; path = graph.h; sourceTree = "<group>"; };
		423CBDB3157D0E450003A644 /* individual.h */ = {isa = PBXFileReference; lastKnownFileType = sourcecode.c.h; path = individual.h; sourceTree = "<group>"; };
		423CBDB4157D0E450003A644 /* information.h */ = {isa = PBXFileReference; lastKnownFileType = sourcecode.c.h; path = information.h; sourceTree = "<group>"; };
		423CBDB5157D0E450003A644 /* landscape.h */ = {isa = PBXFileReference; lastKnownFileType = sourcecode.c.h; path = landscape.h; sourceTree = "<group>"; };
		423CBDB6157D0E450003A644 /* line_of_descent.h */ = {isa = PBXFileReference; lastKnownFileType = sourcecode.c.h; path = line_of_descent.h; sourceTree = "<group>"; };
		423CBDB7157D0E450003A644 /* modularity.h */ = {isa = PBXFileReference; lastKnownFileType = sourcecode.c.h; path = modularity.h; sourceTree = "<group>"; };
		423CBDB8157D0E450003A644 /* population.h */ = {isa = PBXFileReference; lastKnownFileType = sourcecode.c.h; path = population.h; sourceTree = "<group>"; };
		423CBDB9157D0E450003A644 /* tool.h */ = {isa = PBXFileReference; lastKnownFileType = sourcecode.c.h; path = tool.h; sourceTree = "<group>"; };
		423CBDBA157D0E450003A644 /* analysis.h */ = {isa = PBXFileReference; lastKnownFileType = sourcecode.c.h; path = analysis.h; sourceTree = "<group>"; };
		423CBDBC157D0E450003A644 /* artificial_life.h */ = {isa = PBXFileReference; lastKnownFileType = sourcecode.c.h; path = artificial_life.h; sourceTree = "<group>"; };
		423CBDBD157D0E450003A644 /* environment.h */ = {isa = PBXFileReference; lastKnownFileType = sourcecode.c.h; path = environment.h; sourceTree = "<group>"; };
		423CBDBE157D0E450003A644 /* hardware.h */ = {isa = PBXFileReference; lastKnownFileType = sourcecode.c.h; path = hardware.h; sourceTree = "<group>"; };
		423CBDBF157D0E450003A644 /* instructions.h */ = {isa = PBXFileReference; lastKnownFileType = sourcecode.c.h; path = instructions.h; sourceTree = "<group>"; };
		423CBDC0157D0E450003A644 /* isa.h */ = {isa = PBXFileReference; lastKnownFileType = sourcecode.c.h; path = isa.h; sourceTree = "<group>"; };
		423CBDC1157D0E450003A644 /* organism.h */ = {isa = PBXFileReference; lastKnownFileType = sourcecode.c.h; path = organism.h; sourceTree = "<group>"; };
		423CBDC2157D0E450003A644 /* replication.h */ = {isa = PBXFileReference; lastKnownFileType = sourcecode.c.h; path = replication.h; sourceTree = "<group>"; };
		423CBDC3157D0E450003A644 /* schedulers.h */ = {isa = PBXFileReference; lastKnownFileType = sourcecode.c.h; path = schedulers.h; sourceTree = "<group>"; };
		423CBDC4157D0E450003A644 /* task_library.h */ = {isa = PBXFileReference; lastKnownFileType = sourcecode.c.h; path = task_library.h; sourceTree = "<group>"; };
		423CBDC5157D0E450003A644 /* topology.h */ = {isa = PBXFileReference; lastKnownFileType = sourcecode.c.h; path = topology.h; sourceTree = "<group>"; };
		423CBDC6157D0E450003A644 /* checkpoint.h */ = {isa = PBXFileReference; lastKnownFileType = sourcecode.c.h; path = checkpoint.h; sourceTree = "<group>"; };
		423CBDC7157D0E450003A644 /* circular_vector.h */ = {isa = PBXFileReference; lastKnownFileType = sourcecode.c.h; path = circular_vector.h; sourceTree = "<group>"; };
		423CBDC8157D0E450003A644 /* cmdline_interface.h */ = {isa = PBXFileReference; lastKnownFileType = sourcecode.c.h; path = cmdline_interface.h; sourceTree = "<group>"; };
		423CBDC9157D0E450003A644 /* concepts.h */ = {isa = PBXFileReference; lastKnownFileType = sourcecode.c.h; path = concepts.h; sourceTree = "<group>"; };
		423CBDCA157D0E450003A644 /* datafile.h */ = {isa = PBXFileReference; lastKnownFileType = sourcecode.c.h; path = datafile.h; sourceTree = "<group>"; };
		423CBDCC157D0E450003A644 /* generation_fitness.h */ = {isa = PBXFileReference; lastKnownFileType = sourcecode.c.h; path = generation_fitness.h; sourceTree = "<group>"; };
		423CBDCD157D0E450003A644 /* events.h */ = {isa = PBXFileReference; lastKnownFileType = sourcecode.c.h; path = events.h; sourceTree = "<group>"; };
		423CBDCE157D0E450003A644 /* evolutionary_algorithm.h */ = {isa = PBXFileReference; lastKnownFileType = sourcecode.c.h; path = evolutionary_algorithm.h; sourceTree = "<group>"; };
		423CBDCF157D0E450003A644 /* exceptions.h */ = {isa = PBXFileReference; lastKnownFileType = sourcecode.c.h; path = exceptions.h; sourceTree = "<group>"; };
		423CBDD0157D0E450003A644 /* fitness_function.h */ = {isa = PBXFileReference; lastKnownFileType = sourcecode.c.h; path = fitness_function.h; sourceTree = "<group>"; };
		423CBDD2157D0E450003A644 /* all_ones.h */ = {isa = PBXFileReference; lastKnownFileType = sourcecode.c.h; path = all_ones.h; sourceTree = "<group>"; };
		423CBDD3157D0E450003A644 /* direct.h */ = {isa = PBXFileReference; lastKnownFileType = sourcecode.c.h; path = direct.h; sourceTree = "<group>"; };
		423CBDD4157D0E450003A644 /* nk.h */ = {isa = PBXFileReference; lastKnownFileType = sourcecode.c.h; path = nk.h; sourceTree = "<group>"; };
		423CBDD5157D0E450003A644 /* generational_model.h */ = {isa = PBXFileReference; lastKnownFileType = sourcecode.c.h; path = generational_model.h; sourceTree = "<group>"; };
		423CBDD7157D0E450003A644 /* death_birth_process.h */ = {isa = PBXFileReference; lastKnownFileType = sourcecode.c.h; path = death_birth_process.h; sourceTree = "<group>"; };
		423CBDD8157D0E450003A644 /* nsga2.h */ = {isa = PBXFileReference; lastKnownFileType = sourcecode.c.h; path = nsga2.h; sourceTree = "<group>"; };
		423CBDD9157D0E450003A644 /* synchronous.h */ = {isa = PBXFileReference; lastKnownFileType = sourcecode.c.h; path = synchronous.h; sourceTree = "<group>"; };
		423CBDDA157D0E450003A644 /* generators.h */ = {isa = PBXFileReference; lastKnownFileType = sourcecode.c.h; path = generators.h; sourceTree = "<group>"; };
		423CBDDB157D0E450003A644 /* individual.h */ = {isa = PBXFileReference; lastKnownFileType = sourcecode.c.h; path = individual.h; sourceTree = "<group>"; };
		423CBDDC157D0E450003A644 /* initialization.h */ = {isa = PBXFileReference; lastKnownFileType = sourcecode.c.h; path = initialization.h; sourceTree = "<group>"; };
		423CBDDD157D0E450003A644 /* interface.h */ = {isa = PBXFileReference; lastKnownFileType = sourcecode.c.h; path = interface.h; sourceTree = "<group>"; };
		423CBDDE157D0E450003A644 /* landscape.h */ = {isa = PBXFileReference; lastKnownFileType = sourcecode.c.h; path = landscape.h; sourceTree = "<group>"; };
		423CBDDF157D0E450003A644 /* line_of_descent.h */ = {isa = PBXFileReference; lastKnownFileType = sourcecode.c.h; path = line_of_descent.h; sourceTree = "<group>"; };
		423CBDE0157D0E450003A644 /* meta_data.h */ = {isa = PBXFileReference; lastKnownFileType = sourcecode.c.h; path = meta_data.h; sourceTree = "<group>"; };
		423CBDE1157D0E450003A644 /* mutation.h */ = {isa = PBXFileReference; lastKnownFileType = sourcecode.c.h; path = mutation.h; sourceTree = "<group>"; };
		423CBDE2157D0E450003A644 /* population.h */ = {isa = PBXFileReference; lastKnownFileType = sourcecode.c.h; path = population.h; sourceTree = "<group>"; };
		423CBDE3157D0E450003A644 /* recombination.h */ = {isa = PBXFileReference; lastKnownFileType = sourcecode.c.h; path = recombination.h; sourceTree = "<group>"; };
		423CBDE5157D0E450003A644 /* circular_genome.h */ = {isa = PBXFileReference; lastKnownFileType = sourcecode.c.h; path = circular_genome.h; sourceTree = "<group>"; };
		423CBDE6157D0E450003A644 /* numeric_vector.h */ = {isa = PBXFileReference; lastKnownFileType = sourcecode.c.h; path = numeric_vector.h; sourceTree = "<group>"; };
		423CBDE7157D0E450003A644 /* rng.h */ = {isa = PBXFileReference; lastKnownFileType = sourcecode.c.h; path = rng.h; sourceTree = "<group>"; };
		423CBDE9157D0E450003A644 /* elitism.h */ = {isa = PBXFileReference; lastKnownFileType = sourcecode.c.h; path = elitism.h; sourceTree = "<group>"; };
		423CBDEA157D0E450003A644 /* proportional.h */ = {isa = PBXFileReference; lastKnownFileType = sourcecode.c.h; path = proportional.h; sourceTree = "<group>"; };
		423CBDEB157D0E450003A644 /* random.h */ = {isa = PBXFileReference; lastKnownFileType = sourcecode.c.h; path = random.h; sourceTree = "<group>"; };
		423CBDEC157D0E450003A644 /* tournament.h */ = {isa = PBXFileReference; lastKnownFileType = sourcecode.c.h; path = tournament.h; sourceTree = "<group>"; };
		423CBDED157D0E450003A644 /* truncation.h */ = {isa = PBXFileReference; lastKnownFileType = sourcecode.c.h; path = truncation.h; sourceTree = "<group>"; };
		423CBDEE157D0E450003A644 /* Jamfile */ = {isa = PBXFileReference; lastKnownFileType = sourcecode.jam; path = Jamfile; sourceTree = "<group>"; };
		423CBDF0157D0E450003A644 /* main.cpp */ = {isa = PBXFileReference; lastKnownFileType = sourcecode.cpp.cpp; path = main.cpp; sourceTree = "<group>"; };
		423CBDF1157D0E450003A644 /* runner.cpp */ = {isa = PBXFileReference; lastKnownFileType = sourcecode.cpp.cpp; path = runner.cpp; sourceTree = "<group>"; };
		423CBDF3157D0E450003A644 /* test.cpp */ = {isa = PBXFileReference; lastKnownFileType = sourcecode.cpp.cpp; path = test.cpp; sourceTree = "<group>"; };
		423CBDF4157D0E450003A644 /* test.h */ = {isa = PBXFileReference; lastKnownFileType = sourcecode.c.h; path = test.h; sourceTree = "<group>"; };
		423CBDF5157D0E450003A644 /* test_analysis.cpp */ = {isa = PBXFileReference; lastKnownFileType = sourcecode.cpp.cpp; path = test_analysis.cpp; sourceTree = "<group>"; };
		423CBDF6157D0E450003A644 /* test_checkpoint.cpp */ = {isa = PBXFileReference; lastKnownFileType = sourcecode.cpp.cpp; path = test_checkpoint.cpp; sourceTree = "<group>"; };
		423CBDF7157D0E450003A644 /* test_ealife.cpp */ = {isa = PBXFileReference; lastKnownFileType = sourcecode.cpp.cpp; path = test_ealife.cpp; sourceTree = "<group>"; };
		423CBDF8157D0E450003A644 /* test_generational.cpp */ = {isa = PBXFileReference; lastKnownFileType = sourcecode.cpp.cpp; path = test_generational.cpp; sourceTree = "<group>"; };
		423CBDF9157D0E450003A644 /* test_meta_data.cpp */ = {isa = PBXFileReference; lastKnownFileType = sourcecode.cpp.cpp; path = test_meta_data.cpp; sourceTree = "<group>"; };
		423CBDFA157D0E450003A644 /* test_recombination.cpp */ = {isa = PBXFileReference; lastKnownFileType = sourcecode.cpp.cpp; path = test_recombination.cpp; sourceTree = "<group>"; };
		423CBDFB157D0E450003A644 /* test_rng.cpp */ = {isa = PBXFileReference; lastKnownFileType = sourcecode.cpp.cpp; path = test_rng.cpp; sourceTree = "<group>"; };
		423CBDFC157D0E450003A644 /* test_selection.cpp */ = {isa = PBXFileReference; lastKnownFileType = sourcecode.cpp.cpp; path = test_selection.cpp; sourceTree = "<group>"; };
		423CBE02157D0E450003A644 /* gpu_network.h */ = {isa = PBXFileReference; lastKnownFileType = sourcecode.c.h; path = gpu_network.h; sourceTree = "<group>"; };
		423CBE03157D0E450003A644 /* gpu_update.h */ = {isa = PBXFileReference; lastKnownFileType = sourcecode.c.h; path = gpu_update.h; sourceTree = "<group>"; };
		423CBE04157D0E450003A644 /* Makefile */ = {isa = PBXFileReference; lastKnownFileType = sourcecode.make; path = Makefile; sourceTree = "<group>"; };
		423CBE06157D0E450003A644 /* gpu_network.cpp */ = {isa = PBXFileReference; lastKnownFileType = sourcecode.cpp.cpp; path = gpu_network.cpp; sourceTree = "<group>"; };
		423CBE07157D0E450003A644 /* gpu_update.cu */ = {isa = PBXFileReference; lastKnownFileType = text; path = gpu_update.cu; sourceTree = "<group>"; };
		423CBE09157D0E450003A644 /* test.cpp */ = {isa = PBXFileReference; lastKnownFileType = sourcecode.cpp.cpp; path = test.cpp; sourceTree = "<group>"; };
		423CBE0A157D0E450003A644 /* test.h */ = {isa = PBXFileReference; lastKnownFileType = sourcecode.c.h; path = test.h; sourceTree = "<group>"; };
		423CBE0C157D0E450003A644 /* Jamfile */ = {isa = PBXFileReference; lastKnownFileType = sourcecode.jam; path = Jamfile; sourceTree = "<group>"; };
		423CBE0F157D0E450003A644 /* globalConst.h */ = {isa = PBXFileReference; lastKnownFileType = sourcecode.c.h; path = globalConst.h; sourceTree = "<group>"; };
		423CBE10157D0E450003A644 /* tAgent.h */ = {isa = PBXFileReference; lastKnownFileType = sourcecode.c.h; path = tAgent.h; sourceTree = "<group>"; };
		423CBE11157D0E450003A644 /* tGame.h */ = {isa = PBXFileReference; lastKnownFileType = sourcecode.c.h; path = tGame.h; sourceTree = "<group>"; };
		423CBE12157D0E450003A644 /* Jamfile */ = {isa = PBXFileReference; lastKnownFileType = sourcecode.jam; path = Jamfile; sourceTree = "<group>"; };
		423CBE14157D0E450003A644 /* main.cpp */ = {isa = PBXFileReference; lastKnownFileType = sourcecode.cpp.cpp; path = main.cpp; sourceTree = "<group>"; };
		423CBE15157D0E450003A644 /* tAgent.cpp */ = {isa = PBXFileReference; lastKnownFileType = sourcecode.cpp.cpp; path = tAgent.cpp; sourceTree = "<group>"; };
		423CBE16157D0E450003A644 /* tGame.cpp */ = {isa = PBXFileReference; lastKnownFileType = sourcecode.cpp.cpp; path = tGame.cpp; sourceTree = "<group>"; };
		423CBE1A157D0E450003A644 /* deterministic_node.h */ = {isa = PBXFileReference; lastKnownFileType = sourcecode.c.h; path = deterministic_node.h; sourceTree = "<group>"; };
		423CBE1B157D0E450003A644 /* graph.h */ = {isa = PBXFileReference; lastKnownFileType = sourcecode.c.h; path = graph.h; sourceTree = "<group>"; };
		423CBE1C157D0E450003A644 /* hmm.h */ = {isa = PBXFileReference; lastKnownFileType = sourcecode.c.h; path = hmm.h; sourceTree = "<group>"; };
		423CBE1D157D0E450003A644 /* hmm_evolution.h */ = {isa = PBXFileReference; lastKnownFileType = sourcecode.c.h; path = hmm_evolution.h; sourceTree = "<group>"; };
		423CBE1E157D0E450003A644 /* hmm_header.h */ = {isa = PBXFileReference; lastKnownFileType = sourcecode.c.h; path = hmm_header.h; sourceTree = "<group>"; };
		423CBE1F157D0E450003A644 /* hmm_instruments.h */ = {isa = PBXFileReference; lastKnownFileType = sourcecode.c.h; path = hmm_instruments.h; sourceTree = "<group>"; };
		423CBE20157D0E450003A644 /* hmm_network.h */ = {isa = PBXFileReference; lastKnownFileType = sourcecode.c.h; path = hmm_network.h; sourceTree = "<group>"; };
		423CBE21157D0E450003A644 /* hmm_node.h */ = {isa = PBXFileReference; lastKnownFileType = sourcecode.c.h; path = hmm_node.h; sourceTree = "<group>"; };
		423CBE22157D0E450003A644 /* output.h */ = {isa = PBXFileReference; lastKnownFileType = sourcecode.c.h; path = output.h; sourceTree = "<group>"; };
		423CBE23157D0E450003A644 /* primitive.h */ = {isa = PBXFileReference; lastKnownFileType = sourcecode.c.h; path = primitive.h; sourceTree = "<group>"; };
		423CBE24157D0E450003A644 /* probabilistic_node.h */ = {isa = PBXFileReference; lastKnownFileType = sourcecode.c.h; path = probabilistic_node.h; sourceTree = "<group>"; };
		423CBE26157D0E450003A644 /* activation.h */ = {isa = PBXFileReference; lastKnownFileType = sourcecode.c.h; path = activation.h; sourceTree = "<group>"; };
		423CBE27157D0E450003A644 /* back_propagation.h */ = {isa = PBXFileReference; lastKnownFileType = sourcecode.c.h; path = back_propagation.h; sourceTree = "<group>"; };
		423CBE28157D0E450003A644 /* ctrnn.h */ = {isa = PBXFileReference; lastKnownFileType = sourcecode.c.h; path = ctrnn.h; sourceTree = "<group>"; };
		423CBE29157D0E450003A644 /* feed_forward.h */ = {isa = PBXFileReference; lastKnownFileType = sourcecode.c.h; path = feed_forward.h; sourceTree = "<group>"; };
		423CBE2A157D0E450003A644 /* layout.h */ = {isa = PBXFileReference; lastKnownFileType = sourcecode.c.h; path = layout.h; sourceTree = "<group>"; };
		423CBE2B157D0E450003A644 /* neural_network.h */ = {isa = PBXFileReference; lastKnownFileType = sourcecode.c.h; path = neural_network.h; sourceTree = "<group>"; };
		423CBE2C157D0E450003A644 /* neuron.h */ = {isa = PBXFileReference; lastKnownFileType = sourcecode.c.h; path = neuron.h; sourceTree = "<group>"; };
		423CBE2D157D0E450003A644 /* recurrent.h */ = {isa = PBXFileReference; lastKnownFileType = sourcecode.c.h; path = recurrent.h; sourceTree = "<group>"; };
		423CBE2E157D0E450003A644 /* sigmoid.h */ = {isa = PBXFileReference; lastKnownFileType = sourcecode.c.h; path = sigmoid.h; sourceTree = "<group>"; };
		423CBE2F157D0E450003A644 /* Jamfile */ = {isa = PBXFileReference; lastKnownFileType = sourcecode.jam; path = Jamfile; sourceTree = "<group>"; };
		423CBE32157D0E450003A644 /* deterministic_node.cpp */ = {isa = PBXFileReference; lastKnownFileType = sourcecode.cpp.cpp; path = deterministic_node.cpp; sourceTree = "<group>"; };
		423CBE33157D0E450003A644 /* graph.cpp */ = {isa = PBXFileReference; lastKnownFileType = sourcecode.cpp.cpp; path = graph.cpp; sourceTree = "<group>"; };
		423CBE34157D0E450003A644 /* hmm.cpp */ = {isa = PBXFileReference; lastKnownFileType = sourcecode.cpp.cpp; path = hmm.cpp; sourceTree = "<group>"; };
		423CBE35157D0E450003A644 /* hmm_network.cpp */ = {isa = PBXFileReference; lastKnownFileType = sourcecode.cpp.cpp; path = hmm_network.cpp; sourceTree = "<group>"; };
		423CBE36157D0E450003A644 /* hmm_node.cpp */ = {isa = PBXFileReference; lastKnownFileType = sourcecode.cpp.cpp; path = hmm_node.cpp; sourceTree = "<group>"; };
		423CBE37157D0E450003A644 /* probabilistic_node.cpp */ = {isa = PBXFileReference; lastKnownFileType = sourcecode.cpp.cpp; path = probabilistic_node.cpp; sourceTree = "<group>"; };
		423CBE39157D0E450003A644 /* nn.cpp */ = {isa = PBXFileReference; lastKnownFileType = sourcecode.cpp.cpp; path = nn.cpp; sourceTree = "<group>"; };
		423CBE3B157D0E450003A644 /* test.cpp */ = {isa = PBXFileReference; lastKnownFileType = sourcecode.cpp.cpp; path = test.cpp; sourceTree = "<group>"; };
		423CBE3C157D0E450003A644 /* test.h */ = {isa = PBXFileReference; lastKnownFileType = sourcecode.c.h; path = test.h; sourceTree = "<group>"; };
		423CBE3D157D0E450003A644 /* test_cat.cpp */ = {isa = PBXFileReference; lastKnownFileType = sourcecode.cpp.cpp; path = test_cat.cpp; sourceTree = "<group>"; };
		423CBE3E157D0E450003A644 /* test_network.cpp */ = {isa = PBXFileReference; lastKnownFileType = sourcecode.cpp.cpp; path = test_network.cpp; sourceTree = "<group>"; };
		423CBE3F157D0E450003A644 /* test_nodes.cpp */ = {isa = PBXFileReference; lastKnownFileType = sourcecode.cpp.cpp; path = test_nodes.cpp; sourceTree = "<group>"; };
		423CBE40157D0E450003A644 /* test_update.cpp */ = {isa = PBXFileReference; lastKnownFileType = sourcecode.cpp.cpp; path = test_update.cpp; sourceTree = "<group>"; };
		423CBE57157D0FCC0003A644 /* libea_test */ = {isa = PBXFileReference; explicitFileType = "compiled.mach-o.executable"; includeInIndex = 0; path = libea_test; sourceTree = BUILT_PRODUCTS_DIR; };
		423CBE6A157D10C80003A644 /* libboost_iostreams.dylib */ = {isa = PBXFileReference; lastKnownFileType = "compiled.mach-o.dylib"; name = libboost_iostreams.dylib; path = /usr/local/lib/libboost_iostreams.dylib; sourceTree = "<absolute>"; };
		423CBE6B157D10C80003A644 /* libboost_program_options.dylib */ = {isa = PBXFileReference; lastKnownFileType = "compiled.mach-o.dylib"; name = libboost_program_options.dylib; path = /usr/local/lib/libboost_program_options.dylib; sourceTree = "<absolute>"; };
		423CBE6C157D10C80003A644 /* libboost_regex.dylib */ = {isa = PBXFileReference; lastKnownFileType = "compiled.mach-o.dylib"; name = libboost_regex.dylib; path = /usr/local/lib/libboost_regex.dylib; sourceTree = "<absolute>"; };
		423CBE6D157D10C80003A644 /* libboost_serialization.dylib */ = {isa = PBXFileReference; lastKnownFileType = "compiled.mach-o.dylib"; name = libboost_serialization.dylib; path = /usr/local/lib/libboost_serialization.dylib; sourceTree = "<absolute>"; };
		423CBE6E157D10C80003A644 /* libboost_signals.dylib */ = {isa = PBXFileReference; lastKnownFileType = "compiled.mach-o.dylib"; name = libboost_signals.dylib; path = /usr/local/lib/libboost_signals.dylib; sourceTree = "<absolute>"; };
		423CBE6F157D10C80003A644 /* libboost_unit_test_framework.dylib */ = {isa = PBXFileReference; lastKnownFileType = "compiled.mach-o.dylib"; name = libboost_unit_test_framework.dylib; path = /usr/local/lib/libboost_unit_test_framework.dylib; sourceTree = "<absolute>"; };
		42F4B6191580EA0B0075D6EF /* comparators.h */ = {isa = PBXFileReference; lastKnownFileType = sourcecode.c.h; path = comparators.h; sourceTree = "<group>"; };
		42F4B631158225F00075D6EF /* novelty_search.h */ = {isa = PBXFileReference; lastKnownFileType = sourcecode.c.h; path = novelty_search.h; sourceTree = "<group>"; };
		42F4B63215822A7B0075D6EF /* attributes.h */ = {isa = PBXFileReference; fileEncoding = 4; lastKnownFileType = sourcecode.c.h; path = attributes.h; sourceTree = "<group>"; };
		BA9DF4291583BB52008AC07D /* novelty_individual.h */ = {isa = PBXFileReference; fileEncoding = 4; lastKnownFileType = sourcecode.c.h; path = novelty_individual.h; sourceTree = "<group>"; };
/* End PBXFileReference section */

/* Begin PBXFrameworksBuildPhase section */
		420EB2EE157D11540060CAB2 /* Frameworks */ = {
			isa = PBXFrameworksBuildPhase;
			buildActionMask = 2147483647;
			files = (
				420EB302157D11AF0060CAB2 /* libfn.a in Frameworks */,
				420EB303157D11BF0060CAB2 /* libboost_unit_test_framework.dylib in Frameworks */,
			);
			runOnlyForDeploymentPostprocessing = 0;
		};
		423CBD9C157D0E0B0003A644 /* Frameworks */ = {
			isa = PBXFrameworksBuildPhase;
			buildActionMask = 2147483647;
			files = (
			);
			runOnlyForDeploymentPostprocessing = 0;
		};
		423CBDA4157D0E2B0003A644 /* Frameworks */ = {
			isa = PBXFrameworksBuildPhase;
			buildActionMask = 2147483647;
			files = (
			);
			runOnlyForDeploymentPostprocessing = 0;
		};
		423CBE54157D0FCC0003A644 /* Frameworks */ = {
			isa = PBXFrameworksBuildPhase;
			buildActionMask = 2147483647;
			files = (
				423CBE70157D10C80003A644 /* libboost_iostreams.dylib in Frameworks */,
				423CBE71157D10C80003A644 /* libboost_program_options.dylib in Frameworks */,
				423CBE72157D10C80003A644 /* libboost_regex.dylib in Frameworks */,
				423CBE73157D10C80003A644 /* libboost_serialization.dylib in Frameworks */,
				423CBE74157D10C80003A644 /* libboost_signals.dylib in Frameworks */,
				423CBE75157D10C80003A644 /* libboost_unit_test_framework.dylib in Frameworks */,
			);
			runOnlyForDeploymentPostprocessing = 0;
		};
/* End PBXFrameworksBuildPhase section */

/* Begin PBXGroup section */
		423CBC70157D0D440003A644 = {
			isa = PBXGroup;
			children = (
				423CBE4C157D0F310003A644 /* lib */,
				423CBDAB157D0E450003A644 /* libea */,
				423CBDFD157D0E450003A644 /* libfn */,
				423CBC82157D0D910003A644 /* doc */,
				423CBC84157D0D910003A644 /* etc */,
				423CBC86157D0D910003A644 /* Jamroot */,
				423CBC7C157D0D440003A644 /* Products */,
			);
			sourceTree = "<group>";
		};
		423CBC7C157D0D440003A644 /* Products */ = {
			isa = PBXGroup;
			children = (
				423CBD9F157D0E0B0003A644 /* libea.a */,
				423CBDA7157D0E2B0003A644 /* libfn.a */,
				423CBE57157D0FCC0003A644 /* libea_test */,
				420EB2F1157D11540060CAB2 /* libfn_test */,
			);
			name = Products;
			sourceTree = "<group>";
		};
		423CBC82157D0D910003A644 /* doc */ = {
			isa = PBXGroup;
			children = (
				423CBC83157D0D910003A644 /* boost_howto.rtf */,
			);
			path = doc;
			sourceTree = "<group>";
		};
		423CBC84157D0D910003A644 /* etc */ = {
			isa = PBXGroup;
			children = (
				423CBC85157D0D910003A644 /* ealib.xcconfig */,
			);
			path = etc;
			sourceTree = "<group>";
		};
		423CBDAB157D0E450003A644 /* libea */ = {
			isa = PBXGroup;
			children = (
				423CBDAC157D0E450003A644 /* include */,
				423CBDEE157D0E450003A644 /* Jamfile */,
				423CBDEF157D0E450003A644 /* src */,
				423CBDF2157D0E450003A644 /* test */,
			);
			path = libea;
			sourceTree = "<group>";
		};
		423CBDAC157D0E450003A644 /* include */ = {
			isa = PBXGroup;
			children = (
				423CBDAD157D0E450003A644 /* ea */,
			);
			path = include;
			sourceTree = "<group>";
		};
		423CBDAD157D0E450003A644 /* ea */ = {
			isa = PBXGroup;
			children = (
				423CBDAE157D0E450003A644 /* algorithm.h */,
				423CBDAF157D0E450003A644 /* analysis */,
				423CBDBA157D0E450003A644 /* analysis.h */,
				423CBDBB157D0E450003A644 /* artificial_life */,
				423CBDC6157D0E450003A644 /* checkpoint.h */,
				423CBDC7157D0E450003A644 /* circular_vector.h */,
				42F4B63215822A7B0075D6EF /* attributes.h */,
				423CBDC8157D0E450003A644 /* cmdline_interface.h */,
				42F4B6191580EA0B0075D6EF /* comparators.h */,
				423CBDC9157D0E450003A644 /* concepts.h */,
				423CBDCA157D0E450003A644 /* datafile.h */,
				423CBDCB157D0E450003A644 /* datafiles */,
				423CBDCD157D0E450003A644 /* events.h */,
				423CBDCE157D0E450003A644 /* evolutionary_algorithm.h */,
				423CBDCF157D0E450003A644 /* exceptions.h */,
				423CBDD0157D0E450003A644 /* fitness_function.h */,
				423CBDD1157D0E450003A644 /* fitness_functions */,
				423CBDD5157D0E450003A644 /* generational_model.h */,
				423CBDD6157D0E450003A644 /* generational_models */,
				423CBDDA157D0E450003A644 /* generators.h */,
				423CBDDB157D0E450003A644 /* individual.h */,
				BA9DF4291583BB52008AC07D /* novelty_individual.h */,
				423CBDDC157D0E450003A644 /* initialization.h */,
				423CBDDD157D0E450003A644 /* interface.h */,
				423CBDDE157D0E450003A644 /* landscape.h */,
				423CBDDF157D0E450003A644 /* line_of_descent.h */,
				423CBDE0157D0E450003A644 /* meta_data.h */,
				423CBDE1157D0E450003A644 /* mutation.h */,
				42F4B631158225F00075D6EF /* novelty_search.h */,
				423CBDE2157D0E450003A644 /* population.h */,
				423CBDE3157D0E450003A644 /* recombination.h */,
				423CBDE4157D0E450003A644 /* representations */,
				423CBDE7157D0E450003A644 /* rng.h */,
				423CBDE8157D0E450003A644 /* selection */,
			);
			path = ea;
			sourceTree = "<group>";
		};
		423CBDAF157D0E450003A644 /* analysis */ = {
			isa = PBXGroup;
			children = (
				423CBDB0157D0E450003A644 /* epistasis.h */,
				423CBDB1157D0E450003A644 /* girvan_newman_clustering.h */,
				423CBDB2157D0E450003A644 /* graph.h */,
				423CBDB3157D0E450003A644 /* individual.h */,
				423CBDB4157D0E450003A644 /* information.h */,
				423CBDB5157D0E450003A644 /* landscape.h */,
				423CBDB6157D0E450003A644 /* line_of_descent.h */,
				423CBDB7157D0E450003A644 /* modularity.h */,
				423CBDB8157D0E450003A644 /* population.h */,
				423CBDB9157D0E450003A644 /* tool.h */,
			);
			path = analysis;
			sourceTree = "<group>";
		};
		423CBDBB157D0E450003A644 /* artificial_life */ = {
			isa = PBXGroup;
			children = (
				423CBDBC157D0E450003A644 /* artificial_life.h */,
				423CBDBD157D0E450003A644 /* environment.h */,
				423CBDBE157D0E450003A644 /* hardware.h */,
				423CBDBF157D0E450003A644 /* instructions.h */,
				423CBDC0157D0E450003A644 /* isa.h */,
				423CBDC1157D0E450003A644 /* organism.h */,
				423CBDC2157D0E450003A644 /* replication.h */,
				423CBDC3157D0E450003A644 /* schedulers.h */,
				423CBDC4157D0E450003A644 /* task_library.h */,
				423CBDC5157D0E450003A644 /* topology.h */,
			);
			path = artificial_life;
			sourceTree = "<group>";
		};
		423CBDCB157D0E450003A644 /* datafiles */ = {
			isa = PBXGroup;
			children = (
				423CBDCC157D0E450003A644 /* generation_fitness.h */,
			);
			path = datafiles;
			sourceTree = "<group>";
		};
		423CBDD1157D0E450003A644 /* fitness_functions */ = {
			isa = PBXGroup;
			children = (
				423CBDD2157D0E450003A644 /* all_ones.h */,
				423CBDD3157D0E450003A644 /* direct.h */,
				423CBDD4157D0E450003A644 /* nk.h */,
			);
			path = fitness_functions;
			sourceTree = "<group>";
		};
		423CBDD6157D0E450003A644 /* generational_models */ = {
			isa = PBXGroup;
			children = (
				423CBDD7157D0E450003A644 /* death_birth_process.h */,
				423CBDD8157D0E450003A644 /* nsga2.h */,
				423CBDD9157D0E450003A644 /* synchronous.h */,
			);
			path = generational_models;
			sourceTree = "<group>";
		};
		423CBDE4157D0E450003A644 /* representations */ = {
			isa = PBXGroup;
			children = (
				423CBDE5157D0E450003A644 /* circular_genome.h */,
				423CBDE6157D0E450003A644 /* numeric_vector.h */,
			);
			path = representations;
			sourceTree = "<group>";
		};
		423CBDE8157D0E450003A644 /* selection */ = {
			isa = PBXGroup;
			children = (
				423CBDE9157D0E450003A644 /* elitism.h */,
				423CBDEA157D0E450003A644 /* proportional.h */,
				423CBDEB157D0E450003A644 /* random.h */,
				423CBDEC157D0E450003A644 /* tournament.h */,
				423CBDED157D0E450003A644 /* truncation.h */,
			);
			path = selection;
			sourceTree = "<group>";
		};
		423CBDEF157D0E450003A644 /* src */ = {
			isa = PBXGroup;
			children = (
				423CBDF0157D0E450003A644 /* main.cpp */,
				423CBDF1157D0E450003A644 /* runner.cpp */,
			);
			path = src;
			sourceTree = "<group>";
		};
		423CBDF2157D0E450003A644 /* test */ = {
			isa = PBXGroup;
			children = (
				423CBDF3157D0E450003A644 /* test.cpp */,
				423CBDF4157D0E450003A644 /* test.h */,
				423CBDF5157D0E450003A644 /* test_analysis.cpp */,
				423CBDF6157D0E450003A644 /* test_checkpoint.cpp */,
				423CBDF7157D0E450003A644 /* test_ealife.cpp */,
				423CBDF8157D0E450003A644 /* test_generational.cpp */,
				423CBDF9157D0E450003A644 /* test_meta_data.cpp */,
				423CBDFA157D0E450003A644 /* test_recombination.cpp */,
				423CBDFB157D0E450003A644 /* test_rng.cpp */,
				423CBDFC157D0E450003A644 /* test_selection.cpp */,
			);
			path = test;
			sourceTree = "<group>";
		};
		423CBDFD157D0E450003A644 /* libfn */ = {
			isa = PBXGroup;
			children = (
				423CBDFE157D0E450003A644 /* cuda */,
				423CBE0B157D0E450003A644 /* examples */,
				423CBE17157D0E450003A644 /* include */,
				423CBE2F157D0E450003A644 /* Jamfile */,
				423CBE30157D0E450003A644 /* src */,
				423CBE3A157D0E450003A644 /* test */,
			);
			path = libfn;
			sourceTree = "<group>";
		};
		423CBDFE157D0E450003A644 /* cuda */ = {
			isa = PBXGroup;
			children = (
				423CBDFF157D0E450003A644 /* include */,
				423CBE04157D0E450003A644 /* Makefile */,
				423CBE05157D0E450003A644 /* src */,
				423CBE08157D0E450003A644 /* test */,
			);
			path = cuda;
			sourceTree = "<group>";
		};
		423CBDFF157D0E450003A644 /* include */ = {
			isa = PBXGroup;
			children = (
				423CBE00157D0E450003A644 /* fn */,
			);
			path = include;
			sourceTree = "<group>";
		};
		423CBE00157D0E450003A644 /* fn */ = {
			isa = PBXGroup;
			children = (
				423CBE01157D0E450003A644 /* hmm */,
			);
			path = fn;
			sourceTree = "<group>";
		};
		423CBE01157D0E450003A644 /* hmm */ = {
			isa = PBXGroup;
			children = (
				423CBE02157D0E450003A644 /* gpu_network.h */,
				423CBE03157D0E450003A644 /* gpu_update.h */,
			);
			path = hmm;
			sourceTree = "<group>";
		};
		423CBE05157D0E450003A644 /* src */ = {
			isa = PBXGroup;
			children = (
				423CBE06157D0E450003A644 /* gpu_network.cpp */,
				423CBE07157D0E450003A644 /* gpu_update.cu */,
			);
			path = src;
			sourceTree = "<group>";
		};
		423CBE08157D0E450003A644 /* test */ = {
			isa = PBXGroup;
			children = (
				423CBE09157D0E450003A644 /* test.cpp */,
				423CBE0A157D0E450003A644 /* test.h */,
			);
			path = test;
			sourceTree = "<group>";
		};
		423CBE0B157D0E450003A644 /* examples */ = {
			isa = PBXGroup;
			children = (
				423CBE0C157D0E450003A644 /* Jamfile */,
				423CBE0D157D0E450003A644 /* maze */,
			);
			path = examples;
			sourceTree = "<group>";
		};
		423CBE0D157D0E450003A644 /* maze */ = {
			isa = PBXGroup;
			children = (
				423CBE0E157D0E450003A644 /* include */,
				423CBE12157D0E450003A644 /* Jamfile */,
				423CBE13157D0E450003A644 /* src */,
			);
			path = maze;
			sourceTree = "<group>";
		};
		423CBE0E157D0E450003A644 /* include */ = {
			isa = PBXGroup;
			children = (
				423CBE0F157D0E450003A644 /* globalConst.h */,
				423CBE10157D0E450003A644 /* tAgent.h */,
				423CBE11157D0E450003A644 /* tGame.h */,
			);
			path = include;
			sourceTree = "<group>";
		};
		423CBE13157D0E450003A644 /* src */ = {
			isa = PBXGroup;
			children = (
				423CBE14157D0E450003A644 /* main.cpp */,
				423CBE15157D0E450003A644 /* tAgent.cpp */,
				423CBE16157D0E450003A644 /* tGame.cpp */,
			);
			path = src;
			sourceTree = "<group>";
		};
		423CBE17157D0E450003A644 /* include */ = {
			isa = PBXGroup;
			children = (
				423CBE18157D0E450003A644 /* fn */,
			);
			path = include;
			sourceTree = "<group>";
		};
		423CBE18157D0E450003A644 /* fn */ = {
			isa = PBXGroup;
			children = (
				423CBE19157D0E450003A644 /* hmm */,
				423CBE25157D0E450003A644 /* nn */,
			);
			path = fn;
			sourceTree = "<group>";
		};
		423CBE19157D0E450003A644 /* hmm */ = {
			isa = PBXGroup;
			children = (
				423CBE1A157D0E450003A644 /* deterministic_node.h */,
				423CBE1B157D0E450003A644 /* graph.h */,
				423CBE1C157D0E450003A644 /* hmm.h */,
				423CBE1D157D0E450003A644 /* hmm_evolution.h */,
				423CBE1E157D0E450003A644 /* hmm_header.h */,
				423CBE1F157D0E450003A644 /* hmm_instruments.h */,
				423CBE20157D0E450003A644 /* hmm_network.h */,
				423CBE21157D0E450003A644 /* hmm_node.h */,
				423CBE22157D0E450003A644 /* output.h */,
				423CBE23157D0E450003A644 /* primitive.h */,
				423CBE24157D0E450003A644 /* probabilistic_node.h */,
			);
			path = hmm;
			sourceTree = "<group>";
		};
		423CBE25157D0E450003A644 /* nn */ = {
			isa = PBXGroup;
			children = (
				423CBE26157D0E450003A644 /* activation.h */,
				423CBE27157D0E450003A644 /* back_propagation.h */,
				423CBE28157D0E450003A644 /* ctrnn.h */,
				423CBE29157D0E450003A644 /* feed_forward.h */,
				423CBE2A157D0E450003A644 /* layout.h */,
				423CBE2B157D0E450003A644 /* neural_network.h */,
				423CBE2C157D0E450003A644 /* neuron.h */,
				423CBE2D157D0E450003A644 /* recurrent.h */,
				423CBE2E157D0E450003A644 /* sigmoid.h */,
			);
			path = nn;
			sourceTree = "<group>";
		};
		423CBE30157D0E450003A644 /* src */ = {
			isa = PBXGroup;
			children = (
				423CBE31157D0E450003A644 /* hmm */,
				423CBE38157D0E450003A644 /* nn */,
			);
			path = src;
			sourceTree = "<group>";
		};
		423CBE31157D0E450003A644 /* hmm */ = {
			isa = PBXGroup;
			children = (
				423CBE32157D0E450003A644 /* deterministic_node.cpp */,
				423CBE33157D0E450003A644 /* graph.cpp */,
				423CBE34157D0E450003A644 /* hmm.cpp */,
				423CBE35157D0E450003A644 /* hmm_network.cpp */,
				423CBE36157D0E450003A644 /* hmm_node.cpp */,
				423CBE37157D0E450003A644 /* probabilistic_node.cpp */,
			);
			path = hmm;
			sourceTree = "<group>";
		};
		423CBE38157D0E450003A644 /* nn */ = {
			isa = PBXGroup;
			children = (
				423CBE39157D0E450003A644 /* nn.cpp */,
			);
			path = nn;
			sourceTree = "<group>";
		};
		423CBE3A157D0E450003A644 /* test */ = {
			isa = PBXGroup;
			children = (
				423CBE3B157D0E450003A644 /* test.cpp */,
				423CBE3C157D0E450003A644 /* test.h */,
				423CBE3D157D0E450003A644 /* test_cat.cpp */,
				423CBE3E157D0E450003A644 /* test_network.cpp */,
				423CBE3F157D0E450003A644 /* test_nodes.cpp */,
				423CBE40157D0E450003A644 /* test_update.cpp */,
			);
			path = test;
			sourceTree = "<group>";
		};
		423CBE4C157D0F310003A644 /* lib */ = {
			isa = PBXGroup;
			children = (
				423CBE6A157D10C80003A644 /* libboost_iostreams.dylib */,
				423CBE6B157D10C80003A644 /* libboost_program_options.dylib */,
				423CBE6C157D10C80003A644 /* libboost_regex.dylib */,
				423CBE6D157D10C80003A644 /* libboost_serialization.dylib */,
				423CBE6E157D10C80003A644 /* libboost_signals.dylib */,
				423CBE6F157D10C80003A644 /* libboost_unit_test_framework.dylib */,
			);
			name = lib;
			sourceTree = "<group>";
		};
/* End PBXGroup section */

/* Begin PBXHeadersBuildPhase section */
		423CBD9D157D0E0B0003A644 /* Headers */ = {
			isa = PBXHeadersBuildPhase;
			buildActionMask = 2147483647;
			files = (
				42F4B63315822A7B0075D6EF /* attributes.h in Headers */,
				BA9DF42A1583BB52008AC07D /* novelty_individual.h in Headers */,
			);
			runOnlyForDeploymentPostprocessing = 0;
		};
		423CBDA5157D0E2B0003A644 /* Headers */ = {
			isa = PBXHeadersBuildPhase;
			buildActionMask = 2147483647;
			files = (
			);
			runOnlyForDeploymentPostprocessing = 0;
		};
/* End PBXHeadersBuildPhase section */

/* Begin PBXNativeTarget section */
		420EB2F0157D11540060CAB2 /* libfn_test */ = {
			isa = PBXNativeTarget;
			buildConfigurationList = 420EB2F8157D11540060CAB2 /* Build configuration list for PBXNativeTarget "libfn_test" */;
			buildPhases = (
				420EB2ED157D11540060CAB2 /* Sources */,
				420EB2EE157D11540060CAB2 /* Frameworks */,
				420EB2EF157D11540060CAB2 /* CopyFiles */,
			);
			buildRules = (
			);
			dependencies = (
				420EB301157D117D0060CAB2 /* PBXTargetDependency */,
			);
			name = libfn_test;
			productName = libfn_test;
			productReference = 420EB2F1157D11540060CAB2 /* libfn_test */;
			productType = "com.apple.product-type.tool";
		};
		423CBD9E157D0E0B0003A644 /* ea */ = {
			isa = PBXNativeTarget;
			buildConfigurationList = 423CBDA0157D0E0B0003A644 /* Build configuration list for PBXNativeTarget "ea" */;
			buildPhases = (
				423CBD9B157D0E0B0003A644 /* Sources */,
				423CBD9C157D0E0B0003A644 /* Frameworks */,
				423CBD9D157D0E0B0003A644 /* Headers */,
			);
			buildRules = (
			);
			dependencies = (
			);
			name = ea;
			productName = ea;
			productReference = 423CBD9F157D0E0B0003A644 /* libea.a */;
			productType = "com.apple.product-type.library.static";
		};
		423CBDA6157D0E2B0003A644 /* fn */ = {
			isa = PBXNativeTarget;
			buildConfigurationList = 423CBDA8157D0E2B0003A644 /* Build configuration list for PBXNativeTarget "fn" */;
			buildPhases = (
				423CBDA3157D0E2B0003A644 /* Sources */,
				423CBDA4157D0E2B0003A644 /* Frameworks */,
				423CBDA5157D0E2B0003A644 /* Headers */,
			);
			buildRules = (
			);
			dependencies = (
			);
			name = fn;
			productName = fn;
			productReference = 423CBDA7157D0E2B0003A644 /* libfn.a */;
			productType = "com.apple.product-type.library.static";
		};
		423CBE56157D0FCC0003A644 /* libea_test */ = {
			isa = PBXNativeTarget;
			buildConfigurationList = 423CBE5E157D0FCD0003A644 /* Build configuration list for PBXNativeTarget "libea_test" */;
			buildPhases = (
				423CBE53157D0FCC0003A644 /* Sources */,
				423CBE54157D0FCC0003A644 /* Frameworks */,
				423CBE55157D0FCC0003A644 /* CopyFiles */,
			);
			buildRules = (
			);
			dependencies = (
			);
			name = libea_test;
			productName = libea_test;
			productReference = 423CBE57157D0FCC0003A644 /* libea_test */;
			productType = "com.apple.product-type.tool";
		};
/* End PBXNativeTarget section */

/* Begin PBXProject section */
		423CBC72157D0D440003A644 /* Project object */ = {
			isa = PBXProject;
			attributes = {
				ORGANIZATIONNAME = "Michigan State University";
			};
			buildConfigurationList = 423CBC75157D0D440003A644 /* Build configuration list for PBXProject "ealib" */;
			compatibilityVersion = "Xcode 3.2";
			developmentRegion = English;
			hasScannedForEncodings = 0;
			knownRegions = (
				en,
			);
			mainGroup = 423CBC70157D0D440003A644;
			productRefGroup = 423CBC7C157D0D440003A644 /* Products */;
			projectDirPath = "";
			projectRoot = "";
			targets = (
				423CBD9E157D0E0B0003A644 /* ea */,
				423CBDA6157D0E2B0003A644 /* fn */,
				423CBE56157D0FCC0003A644 /* libea_test */,
				420EB2F0157D11540060CAB2 /* libfn_test */,
			);
		};
/* End PBXProject section */

/* Begin PBXSourcesBuildPhase section */
		420EB2ED157D11540060CAB2 /* Sources */ = {
			isa = PBXSourcesBuildPhase;
			buildActionMask = 2147483647;
			files = (
				420EB2FB157D11760060CAB2 /* test.cpp in Sources */,
				420EB2FC157D11760060CAB2 /* test_cat.cpp in Sources */,
				420EB2FD157D11760060CAB2 /* test_network.cpp in Sources */,
				420EB2FE157D11760060CAB2 /* test_nodes.cpp in Sources */,
				420EB2FF157D11760060CAB2 /* test_update.cpp in Sources */,
			);
			runOnlyForDeploymentPostprocessing = 0;
		};
		423CBD9B157D0E0B0003A644 /* Sources */ = {
			isa = PBXSourcesBuildPhase;
			buildActionMask = 2147483647;
			files = (
				423CBE41157D0ECF0003A644 /* main.cpp in Sources */,
				423CBE42157D0ECF0003A644 /* runner.cpp in Sources */,
			);
			runOnlyForDeploymentPostprocessing = 0;
		};
		423CBDA3157D0E2B0003A644 /* Sources */ = {
			isa = PBXSourcesBuildPhase;
			buildActionMask = 2147483647;
			files = (
				423CBE4D157D0F990003A644 /* deterministic_node.cpp in Sources */,
				423CBE4E157D0F990003A644 /* graph.cpp in Sources */,
				423CBE4F157D0F990003A644 /* hmm.cpp in Sources */,
				423CBE50157D0F990003A644 /* hmm_network.cpp in Sources */,
				423CBE51157D0F990003A644 /* hmm_node.cpp in Sources */,
				423CBE52157D0F990003A644 /* probabilistic_node.cpp in Sources */,
			);
			runOnlyForDeploymentPostprocessing = 0;
		};
		423CBE53157D0FCC0003A644 /* Sources */ = {
			isa = PBXSourcesBuildPhase;
			buildActionMask = 2147483647;
			files = (
				423CBE61157D0FF50003A644 /* test.cpp in Sources */,
				423CBE62157D0FF50003A644 /* test_analysis.cpp in Sources */,
				423CBE63157D0FF50003A644 /* test_checkpoint.cpp in Sources */,
				423CBE64157D0FF50003A644 /* test_ealife.cpp in Sources */,
				423CBE65157D0FF50003A644 /* test_generational.cpp in Sources */,
				423CBE66157D0FF50003A644 /* test_meta_data.cpp in Sources */,
				423CBE67157D0FF50003A644 /* test_recombination.cpp in Sources */,
				423CBE68157D0FF50003A644 /* test_rng.cpp in Sources */,
				423CBE69157D0FF50003A644 /* test_selection.cpp in Sources */,
			);
			runOnlyForDeploymentPostprocessing = 0;
		};
/* End PBXSourcesBuildPhase section */

/* Begin PBXTargetDependency section */
		420EB301157D117D0060CAB2 /* PBXTargetDependency */ = {
			isa = PBXTargetDependency;
			target = 423CBDA6157D0E2B0003A644 /* fn */;
			targetProxy = 420EB300157D117D0060CAB2 /* PBXContainerItemProxy */;
		};
/* End PBXTargetDependency section */

/* Begin XCBuildConfiguration section */
		420EB2F9157D11540060CAB2 /* Debug */ = {
			isa = XCBuildConfiguration;
			buildSettings = {
				GCC_WARN_ABOUT_RETURN_TYPE = YES;
				PRODUCT_NAME = "$(TARGET_NAME)";
			};
			name = Debug;
		};
		420EB2FA157D11540060CAB2 /* Release */ = {
			isa = XCBuildConfiguration;
			buildSettings = {
				GCC_WARN_ABOUT_RETURN_TYPE = YES;
				PRODUCT_NAME = "$(TARGET_NAME)";
			};
			name = Release;
		};
		423CBC7D157D0D440003A644 /* Debug */ = {
			isa = XCBuildConfiguration;
			baseConfigurationReference = 423CBC85157D0D910003A644 /* ealib.xcconfig */;
			buildSettings = {
				ALWAYS_SEARCH_USER_PATHS = NO;
				ARCHS = "$(ARCHS_STANDARD_64_BIT)";
				COPY_PHASE_STRIP = NO;
				GCC_C_LANGUAGE_STANDARD = gnu99;
				GCC_DYNAMIC_NO_PIC = NO;
				GCC_ENABLE_OBJC_EXCEPTIONS = YES;
				GCC_OPTIMIZATION_LEVEL = 0;
				GCC_PREPROCESSOR_DEFINITIONS = (
					"DEBUG=1",
					"$(inherited)",
				);
				GCC_SYMBOLS_PRIVATE_EXTERN = NO;
				GCC_VERSION = com.apple.compilers.llvm.clang.1_0;
				MACOSX_DEPLOYMENT_TARGET = 10.7;
				ONLY_ACTIVE_ARCH = YES;
				SDKROOT = macosx;
			};
			name = Debug;
		};
		423CBC7E157D0D440003A644 /* Release */ = {
			isa = XCBuildConfiguration;
			baseConfigurationReference = 423CBC85157D0D910003A644 /* ealib.xcconfig */;
			buildSettings = {
				ALWAYS_SEARCH_USER_PATHS = NO;
				ARCHS = "$(ARCHS_STANDARD_64_BIT)";
				COPY_PHASE_STRIP = YES;
				DEBUG_INFORMATION_FORMAT = "dwarf-with-dsym";
				GCC_C_LANGUAGE_STANDARD = gnu99;
				GCC_ENABLE_OBJC_EXCEPTIONS = YES;
				GCC_VERSION = com.apple.compilers.llvm.clang.1_0;
				MACOSX_DEPLOYMENT_TARGET = 10.7;
				SDKROOT = macosx;
			};
			name = Release;
		};
		423CBDA1157D0E0B0003A644 /* Debug */ = {
			isa = XCBuildConfiguration;
			buildSettings = {
				EXECUTABLE_PREFIX = lib;
				PRODUCT_NAME = "$(TARGET_NAME)";
			};
			name = Debug;
		};
		423CBDA2157D0E0B0003A644 /* Release */ = {
			isa = XCBuildConfiguration;
			buildSettings = {
				EXECUTABLE_PREFIX = lib;
				PRODUCT_NAME = "$(TARGET_NAME)";
			};
			name = Release;
		};
		423CBDA9157D0E2B0003A644 /* Debug */ = {
			isa = XCBuildConfiguration;
			buildSettings = {
				EXECUTABLE_PREFIX = lib;
				PRODUCT_NAME = "$(TARGET_NAME)";
			};
			name = Debug;
		};
		423CBDAA157D0E2B0003A644 /* Release */ = {
			isa = XCBuildConfiguration;
			buildSettings = {
				EXECUTABLE_PREFIX = lib;
				PRODUCT_NAME = "$(TARGET_NAME)";
			};
			name = Release;
		};
		423CBE5F157D0FCD0003A644 /* Debug */ = {
			isa = XCBuildConfiguration;
			buildSettings = {
				GCC_WARN_ABOUT_RETURN_TYPE = YES;
				PRODUCT_NAME = "$(TARGET_NAME)";
			};
			name = Debug;
		};
		423CBE60157D0FCD0003A644 /* Release */ = {
			isa = XCBuildConfiguration;
			buildSettings = {
				GCC_WARN_ABOUT_RETURN_TYPE = YES;
				PRODUCT_NAME = "$(TARGET_NAME)";
			};
			name = Release;
		};
/* End XCBuildConfiguration section */

/* Begin XCConfigurationList section */
		420EB2F8157D11540060CAB2 /* Build configuration list for PBXNativeTarget "libfn_test" */ = {
			isa = XCConfigurationList;
			buildConfigurations = (
				420EB2F9157D11540060CAB2 /* Debug */,
				420EB2FA157D11540060CAB2 /* Release */,
			);
			defaultConfigurationIsVisible = 0;
			defaultConfigurationName = Release;
		};
		423CBC75157D0D440003A644 /* Build configuration list for PBXProject "ealib" */ = {
			isa = XCConfigurationList;
			buildConfigurations = (
				423CBC7D157D0D440003A644 /* Debug */,
				423CBC7E157D0D440003A644 /* Release */,
			);
			defaultConfigurationIsVisible = 0;
			defaultConfigurationName = Release;
		};
		423CBDA0157D0E0B0003A644 /* Build configuration list for PBXNativeTarget "ea" */ = {
			isa = XCConfigurationList;
			buildConfigurations = (
				423CBDA1157D0E0B0003A644 /* Debug */,
				423CBDA2157D0E0B0003A644 /* Release */,
			);
			defaultConfigurationIsVisible = 0;
			defaultConfigurationName = Release;
		};
		423CBDA8157D0E2B0003A644 /* Build configuration list for PBXNativeTarget "fn" */ = {
			isa = XCConfigurationList;
			buildConfigurations = (
				423CBDA9157D0E2B0003A644 /* Debug */,
				423CBDAA157D0E2B0003A644 /* Release */,
			);
			defaultConfigurationIsVisible = 0;
			defaultConfigurationName = Release;
		};
		423CBE5E157D0FCD0003A644 /* Build configuration list for PBXNativeTarget "libea_test" */ = {
			isa = XCConfigurationList;
			buildConfigurations = (
				423CBE5F157D0FCD0003A644 /* Debug */,
				423CBE60157D0FCD0003A644 /* Release */,
			);
			defaultConfigurationIsVisible = 0;
			defaultConfigurationName = Release;
		};
/* End XCConfigurationList section */
	};
	rootObject = 423CBC72157D0D440003A644 /* Project object */;
}
