// !$*UTF8*$!
{
	archiveVersion = 1;
	classes = {
	};
	objectVersion = 46;
	objects = {

/* Begin PBXAggregateTarget section */
		42841C8315AFB14100AB18BE /* all */ = {
			isa = PBXAggregateTarget;
			buildConfigurationList = 42841C8415AFB14100AB18BE /* Build configuration list for PBXAggregateTarget "all" */;
			buildPhases = (
			);
			dependencies = (
				42C6617E18614DF3004476D3 /* PBXTargetDependency */,
				42C6618018614DF3004476D3 /* PBXTargetDependency */,
				42C6618218614DF3004476D3 /* PBXTargetDependency */,
				428B7208184F6B7600E3BB4E /* PBXTargetDependency */,
				428B720A184F6B7600E3BB4E /* PBXTargetDependency */,
				42841C8815AFB15700AB18BE /* PBXTargetDependency */,
				42841C8E15AFB15700AB18BE /* PBXTargetDependency */,
			);
			name = all;
			productName = all;
		};
/* End PBXAggregateTarget section */

/* Begin PBXBuildFile section */
		421D68B81735719700A45DD6 /* test_analysis.cpp in Sources */ = {isa = PBXBuildFile; fileRef = 421D68B61735719700A45DD6 /* test_analysis.cpp */; };
		423CBE41157D0ECF0003A644 /* main.cpp in Sources */ = {isa = PBXBuildFile; fileRef = 423CBDF0157D0E450003A644 /* main.cpp */; };
		423CBE63157D0FF50003A644 /* test_checkpoint.cpp in Sources */ = {isa = PBXBuildFile; fileRef = 423CBDF6157D0E450003A644 /* test_checkpoint.cpp */; };
		423CBE66157D0FF50003A644 /* test_meta_data.cpp in Sources */ = {isa = PBXBuildFile; fileRef = 423CBDF9157D0E450003A644 /* test_meta_data.cpp */; };
		423CBE68157D0FF50003A644 /* test_rng.cpp in Sources */ = {isa = PBXBuildFile; fileRef = 423CBDFB157D0E450003A644 /* test_rng.cpp */; };
		423CBE75157D10C80003A644 /* libboost_unit_test_framework.dylib in Frameworks */ = {isa = PBXBuildFile; fileRef = 423CBE6F157D10C80003A644 /* libboost_unit_test_framework.dylib */; };
		426A04A617B1205B000F5151 /* cmdline_interface.cpp in Sources */ = {isa = PBXBuildFile; fileRef = 426A04A417B1205B000F5151 /* cmdline_interface.cpp */; };
		426A04A917B123F9000F5151 /* cmdline_interface.cpp in Sources */ = {isa = PBXBuildFile; fileRef = 426A04A417B1205B000F5151 /* cmdline_interface.cpp */; };
		42841C2A15A5F4D900AB18BE /* test_circular.cpp in Sources */ = {isa = PBXBuildFile; fileRef = 42841C2915A5F4D800AB18BE /* test_circular.cpp */; };
		428B712218490E8F00E3BB4E /* libboost_unit_test_framework.dylib in Frameworks */ = {isa = PBXBuildFile; fileRef = 423CBE6F157D10C80003A644 /* libboost_unit_test_framework.dylib */; };
		428B7152184F5EC900E3BB4E /* test_markov_network.cpp in Sources */ = {isa = PBXBuildFile; fileRef = 428B714F184F5EC900E3BB4E /* test_markov_network.cpp */; };
		428B71FF184F664D00E3BB4E /* libboost_unit_test_framework.dylib in Frameworks */ = {isa = PBXBuildFile; fileRef = 423CBE6F157D10C80003A644 /* libboost_unit_test_framework.dylib */; };
		428B7205184F666400E3BB4E /* test_neural_network.cpp in Sources */ = {isa = PBXBuildFile; fileRef = 428B7150184F5EC900E3BB4E /* test_neural_network.cpp */; };
		428B7206184F6A1F00E3BB4E /* test_deep_markov_network.cpp in Sources */ = {isa = PBXBuildFile; fileRef = 428B714E184F5EC900E3BB4E /* test_deep_markov_network.cpp */; };
		42B55B731641C2C500F240C5 /* test.cpp in Sources */ = {isa = PBXBuildFile; fileRef = 42B55B6E1641C2C500F240C5 /* test.cpp */; };
		42B55B751641C2C500F240C5 /* test_information.cpp in Sources */ = {isa = PBXBuildFile; fileRef = 42B55B701641C2C500F240C5 /* test_information.cpp */; };
		42C661381860DC07004476D3 /* cmdline_interface.cpp in Sources */ = {isa = PBXBuildFile; fileRef = 426A04A417B1205B000F5151 /* cmdline_interface.cpp */; };
		42C6613F1860DC07004476D3 /* test_metapopulation.cpp in Sources */ = {isa = PBXBuildFile; fileRef = 42D68D89163F891F00659AE1 /* test_metapopulation.cpp */; };
		42C661401860DC07004476D3 /* test.cpp in Sources */ = {isa = PBXBuildFile; fileRef = 42B55B6E1641C2C500F240C5 /* test.cpp */; };
		42C661471860DC07004476D3 /* test_qhfc.cpp in Sources */ = {isa = PBXBuildFile; fileRef = 42C661321860D2FF004476D3 /* test_qhfc.cpp */; };
		42C6614B1860DC07004476D3 /* libboost_unit_test_framework.dylib in Frameworks */ = {isa = PBXBuildFile; fileRef = 423CBE6F157D10C80003A644 /* libboost_unit_test_framework.dylib */; };
		42C661531860E008004476D3 /* cmdline_interface.cpp in Sources */ = {isa = PBXBuildFile; fileRef = 426A04A417B1205B000F5151 /* cmdline_interface.cpp */; };
		42C661551860E008004476D3 /* test.cpp in Sources */ = {isa = PBXBuildFile; fileRef = 42B55B6E1641C2C500F240C5 /* test.cpp */; };
		42C661581860E008004476D3 /* libboost_unit_test_framework.dylib in Frameworks */ = {isa = PBXBuildFile; fileRef = 423CBE6F157D10C80003A644 /* libboost_unit_test_framework.dylib */; };
		42C6615E1860E01C004476D3 /* test_digital_evolution.cpp in Sources */ = {isa = PBXBuildFile; fileRef = 42B55B6D1641C2C500F240C5 /* test_digital_evolution.cpp */; };
		42C6615F1860E01F004476D3 /* test_digital_evolution_types.cpp in Sources */ = {isa = PBXBuildFile; fileRef = 4245004516D3BA8E007827D7 /* test_digital_evolution_types.cpp */; };
		42C661651860FBE5004476D3 /* cmdline_interface.cpp in Sources */ = {isa = PBXBuildFile; fileRef = 426A04A417B1205B000F5151 /* cmdline_interface.cpp */; };
		42C6616C1860FBE5004476D3 /* test.cpp in Sources */ = {isa = PBXBuildFile; fileRef = 42B55B6E1641C2C500F240C5 /* test.cpp */; };
		42C661741860FBE5004476D3 /* libboost_unit_test_framework.dylib in Frameworks */ = {isa = PBXBuildFile; fileRef = 423CBE6F157D10C80003A644 /* libboost_unit_test_framework.dylib */; };
		42C6617C1860FC0B004476D3 /* test_lod.cpp in Sources */ = {isa = PBXBuildFile; fileRef = 42C6617A1860FC0B004476D3 /* test_lod.cpp */; };
		42E1922418771AE9009EF3A7 /* libboost_unit_test_framework.dylib in Frameworks */ = {isa = PBXBuildFile; fileRef = 423CBE6F157D10C80003A644 /* libboost_unit_test_framework.dylib */; };
		42E1922C18771B21009EF3A7 /* test_ealib2.cpp in Sources */ = {isa = PBXBuildFile; fileRef = 42E1922A18771B21009EF3A7 /* test_ealib2.cpp */; };
/* End PBXBuildFile section */

/* Begin PBXContainerItemProxy section */
		42841C8715AFB15700AB18BE /* PBXContainerItemProxy */ = {
			isa = PBXContainerItemProxy;
			containerPortal = 423CBC72157D0D440003A644 /* Project object */;
			proxyType = 1;
			remoteGlobalIDString = 423CBD9E157D0E0B0003A644;
			remoteInfo = ea;
		};
		42841C8D15AFB15700AB18BE /* PBXContainerItemProxy */ = {
			isa = PBXContainerItemProxy;
			containerPortal = 423CBC72157D0D440003A644 /* Project object */;
			proxyType = 1;
			remoteGlobalIDString = 423CBE56157D0FCC0003A644;
			remoteInfo = libea_test;
		};
		428B7207184F6B7600E3BB4E /* PBXContainerItemProxy */ = {
			isa = PBXContainerItemProxy;
			containerPortal = 423CBC72157D0D440003A644 /* Project object */;
			proxyType = 1;
			remoteGlobalIDString = 428B71FA184F664D00E3BB4E;
			remoteInfo = test_ann;
		};
		428B7209184F6B7600E3BB4E /* PBXContainerItemProxy */ = {
			isa = PBXContainerItemProxy;
			containerPortal = 423CBC72157D0D440003A644 /* Project object */;
			proxyType = 1;
			remoteGlobalIDString = 428B711C18490E8F00E3BB4E;
			remoteInfo = test_mkv;
		};
		42C6617D18614DF3004476D3 /* PBXContainerItemProxy */ = {
			isa = PBXContainerItemProxy;
			containerPortal = 423CBC72157D0D440003A644 /* Project object */;
			proxyType = 1;
			remoteGlobalIDString = 42C661511860E008004476D3;
			remoteInfo = test_devo;
		};
		42C6617F18614DF3004476D3 /* PBXContainerItemProxy */ = {
			isa = PBXContainerItemProxy;
			containerPortal = 423CBC72157D0D440003A644 /* Project object */;
			proxyType = 1;
			remoteGlobalIDString = 42C661631860FBE5004476D3;
			remoteInfo = test_lod;
		};
		42C6618118614DF3004476D3 /* PBXContainerItemProxy */ = {
			isa = PBXContainerItemProxy;
			containerPortal = 423CBC72157D0D440003A644 /* Project object */;
			proxyType = 1;
			remoteGlobalIDString = 42C661361860DC07004476D3;
			remoteInfo = test_mp;
		};
/* End PBXContainerItemProxy section */

/* Begin PBXCopyFilesBuildPhase section */
		423CBE55157D0FCC0003A644 /* CopyFiles */ = {
			isa = PBXCopyFilesBuildPhase;
			buildActionMask = 2147483647;
			dstPath = /usr/share/man/man1/;
			dstSubfolderSpec = 0;
			files = (
			);
			runOnlyForDeploymentPostprocessing = 1;
		};
		428B712318490E8F00E3BB4E /* CopyFiles */ = {
			isa = PBXCopyFilesBuildPhase;
			buildActionMask = 2147483647;
			dstPath = /usr/share/man/man1/;
			dstSubfolderSpec = 0;
			files = (
			);
			runOnlyForDeploymentPostprocessing = 1;
		};
		428B7200184F664D00E3BB4E /* CopyFiles */ = {
			isa = PBXCopyFilesBuildPhase;
			buildActionMask = 2147483647;
			dstPath = /usr/share/man/man1/;
			dstSubfolderSpec = 0;
			files = (
			);
			runOnlyForDeploymentPostprocessing = 1;
		};
		42C6614C1860DC07004476D3 /* CopyFiles */ = {
			isa = PBXCopyFilesBuildPhase;
			buildActionMask = 2147483647;
			dstPath = /usr/share/man/man1/;
			dstSubfolderSpec = 0;
			files = (
			);
			runOnlyForDeploymentPostprocessing = 1;
		};
		42C661591860E008004476D3 /* CopyFiles */ = {
			isa = PBXCopyFilesBuildPhase;
			buildActionMask = 2147483647;
			dstPath = /usr/share/man/man1/;
			dstSubfolderSpec = 0;
			files = (
			);
			runOnlyForDeploymentPostprocessing = 1;
		};
		42C661751860FBE5004476D3 /* CopyFiles */ = {
			isa = PBXCopyFilesBuildPhase;
			buildActionMask = 2147483647;
			dstPath = /usr/share/man/man1/;
			dstSubfolderSpec = 0;
			files = (
			);
			runOnlyForDeploymentPostprocessing = 1;
		};
		42E1922518771AE9009EF3A7 /* CopyFiles */ = {
			isa = PBXCopyFilesBuildPhase;
			buildActionMask = 2147483647;
			dstPath = /usr/share/man/man1/;
			dstSubfolderSpec = 0;
			files = (
			);
			runOnlyForDeploymentPostprocessing = 1;
		};
/* End PBXCopyFilesBuildPhase section */

/* Begin PBXFileReference section */
		421D68B61735719700A45DD6 /* test_analysis.cpp */ = {isa = PBXFileReference; fileEncoding = 4; lastKnownFileType = sourcecode.cpp.cpp; path = test_analysis.cpp; sourceTree = "<group>"; };
		4234C3FE178B1ACE0078BD85 /* test_lcs.cpp */ = {isa = PBXFileReference; fileEncoding = 4; lastKnownFileType = sourcecode.cpp.cpp; path = test_lcs.cpp; sourceTree = "<group>"; };
		423CBC85157D0D910003A644 /* ealib.xcconfig */ = {isa = PBXFileReference; fileEncoding = 4; lastKnownFileType = text.xcconfig; path = ealib.xcconfig; sourceTree = "<group>"; };
		423CBC86157D0D910003A644 /* Jamroot */ = {isa = PBXFileReference; fileEncoding = 4; lastKnownFileType = text; path = Jamroot; sourceTree = "<group>"; };
		423CBD9F157D0E0B0003A644 /* libea.a */ = {isa = PBXFileReference; explicitFileType = archive.ar; includeInIndex = 0; path = libea.a; sourceTree = BUILT_PRODUCTS_DIR; };
		423CBDEE157D0E450003A644 /* Jamfile */ = {isa = PBXFileReference; lastKnownFileType = sourcecode.jam; path = Jamfile; sourceTree = "<group>"; };
		423CBDF0157D0E450003A644 /* main.cpp */ = {isa = PBXFileReference; lastKnownFileType = sourcecode.cpp.cpp; path = main.cpp; sourceTree = "<group>"; };
		423CBDF4157D0E450003A644 /* test.h */ = {isa = PBXFileReference; lastKnownFileType = sourcecode.c.h; path = test.h; sourceTree = "<group>"; };
		423CBDF6157D0E450003A644 /* test_checkpoint.cpp */ = {isa = PBXFileReference; lastKnownFileType = sourcecode.cpp.cpp; path = test_checkpoint.cpp; sourceTree = "<group>"; };
		423CBDF9157D0E450003A644 /* test_meta_data.cpp */ = {isa = PBXFileReference; lastKnownFileType = sourcecode.cpp.cpp; path = test_meta_data.cpp; sourceTree = "<group>"; };
		423CBDFB157D0E450003A644 /* test_rng.cpp */ = {isa = PBXFileReference; lastKnownFileType = sourcecode.cpp.cpp; path = test_rng.cpp; sourceTree = "<group>"; };
		423CBE57157D0FCC0003A644 /* test_ealib */ = {isa = PBXFileReference; explicitFileType = "compiled.mach-o.executable"; includeInIndex = 0; path = test_ealib; sourceTree = BUILT_PRODUCTS_DIR; };
		423CBE6F157D10C80003A644 /* libboost_unit_test_framework.dylib */ = {isa = PBXFileReference; lastKnownFileType = "compiled.mach-o.dylib"; name = libboost_unit_test_framework.dylib; path = /usr/local/lib/libboost_unit_test_framework.dylib; sourceTree = "<absolute>"; };
		4245004516D3BA8E007827D7 /* test_digital_evolution_types.cpp */ = {isa = PBXFileReference; fileEncoding = 4; lastKnownFileType = sourcecode.cpp.cpp; path = test_digital_evolution_types.cpp; sourceTree = "<group>"; };
		4252D4DA18648E3F00A54FC5 /* nsga2.h */ = {isa = PBXFileReference; lastKnownFileType = sourcecode.c.h; path = nsga2.h; sourceTree = "<group>"; };
		426064EE16F0D36700C5B117 /* test_neurodevelopment.cpp */ = {isa = PBXFileReference; fileEncoding = 4; lastKnownFileType = sourcecode.cpp.cpp; path = test_neurodevelopment.cpp; sourceTree = "<group>"; };
		426A04A417B1205B000F5151 /* cmdline_interface.cpp */ = {isa = PBXFileReference; fileEncoding = 4; lastKnownFileType = sourcecode.cpp.cpp; path = cmdline_interface.cpp; sourceTree = "<group>"; };
		427F5E5918806FB3003CCA5C /* subpopulation.h */ = {isa = PBXFileReference; lastKnownFileType = sourcecode.c.h; path = subpopulation.h; sourceTree = "<group>"; };
		4281FEDA16C45C840066610C /* test_graph.cpp */ = {isa = PBXFileReference; lastKnownFileType = sourcecode.cpp.cpp; path = test_graph.cpp; sourceTree = "<group>"; };
		4281FEEC16C4644F0066610C /* test_neuroevolution.cpp */ = {isa = PBXFileReference; fileEncoding = 4; lastKnownFileType = sourcecode.cpp.cpp; path = test_neuroevolution.cpp; sourceTree = "<group>"; };
		42841C2915A5F4D800AB18BE /* test_circular.cpp */ = {isa = PBXFileReference; fileEncoding = 4; lastKnownFileType = sourcecode.cpp.cpp; path = test_circular.cpp; sourceTree = "<group>"; };
		42841C7E15ADACF000AB18BE /* CONTRIBUTORS */ = {isa = PBXFileReference; lastKnownFileType = text; path = CONTRIBUTORS; sourceTree = "<group>"; };
		42841C7F15ADACF100AB18BE /* README.md */ = {isa = PBXFileReference; lastKnownFileType = text; path = README.md; sourceTree = "<group>"; };
		428B712718490E8F00E3BB4E /* test_mkv */ = {isa = PBXFileReference; explicitFileType = "compiled.mach-o.executable"; includeInIndex = 0; path = test_mkv; sourceTree = BUILT_PRODUCTS_DIR; };
		428B714E184F5EC900E3BB4E /* test_deep_markov_network.cpp */ = {isa = PBXFileReference; fileEncoding = 4; lastKnownFileType = sourcecode.cpp.cpp; path = test_deep_markov_network.cpp; sourceTree = "<group>"; };
		428B714F184F5EC900E3BB4E /* test_markov_network.cpp */ = {isa = PBXFileReference; fileEncoding = 4; lastKnownFileType = sourcecode.cpp.cpp; path = test_markov_network.cpp; sourceTree = "<group>"; };
		428B7150184F5EC900E3BB4E /* test_neural_network.cpp */ = {isa = PBXFileReference; fileEncoding = 4; lastKnownFileType = sourcecode.cpp.cpp; path = test_neural_network.cpp; sourceTree = "<group>"; };
		428B7204184F664D00E3BB4E /* test_mkv copy */ = {isa = PBXFileReference; explicitFileType = "compiled.mach-o.executable"; includeInIndex = 0; path = "test_mkv copy"; sourceTree = BUILT_PRODUCTS_DIR; };
		428B720D184F77AB00E3BB4E /* algorithm.h */ = {isa = PBXFileReference; lastKnownFileType = sourcecode.c.h; path = algorithm.h; sourceTree = "<group>"; };
		428B720E184F77AB00E3BB4E /* alps.h */ = {isa = PBXFileReference; lastKnownFileType = sourcecode.c.h; path = alps.h; sourceTree = "<group>"; };
		428B7210184F77AB00E3BB4E /* epistasis.h */ = {isa = PBXFileReference; lastKnownFileType = sourcecode.c.h; path = epistasis.h; sourceTree = "<group>"; };
		428B7211184F77AB00E3BB4E /* girvan_newman_clustering.h */ = {isa = PBXFileReference; lastKnownFileType = sourcecode.c.h; path = girvan_newman_clustering.h; sourceTree = "<group>"; };
		428B7212184F77AB00E3BB4E /* graph.h */ = {isa = PBXFileReference; lastKnownFileType = sourcecode.c.h; path = graph.h; sourceTree = "<group>"; };
		428B7213184F77AB00E3BB4E /* individual.h */ = {isa = PBXFileReference; lastKnownFileType = sourcecode.c.h; path = individual.h; sourceTree = "<group>"; };
		428B7214184F77AB00E3BB4E /* information.h */ = {isa = PBXFileReference; lastKnownFileType = sourcecode.c.h; path = information.h; sourceTree = "<group>"; };
		428B7215184F77AB00E3BB4E /* landscape.h */ = {isa = PBXFileReference; lastKnownFileType = sourcecode.c.h; path = landscape.h; sourceTree = "<group>"; };
		428B7216184F77AB00E3BB4E /* line_of_descent.h */ = {isa = PBXFileReference; lastKnownFileType = sourcecode.c.h; path = line_of_descent.h; sourceTree = "<group>"; };
		428B7217184F77AB00E3BB4E /* meta_population.h */ = {isa = PBXFileReference; lastKnownFileType = sourcecode.c.h; path = meta_population.h; sourceTree = "<group>"; };
		428B7218184F77AB00E3BB4E /* modularity.h */ = {isa = PBXFileReference; lastKnownFileType = sourcecode.c.h; path = modularity.h; sourceTree = "<group>"; };
		428B7219184F77AB00E3BB4E /* population.h */ = {isa = PBXFileReference; lastKnownFileType = sourcecode.c.h; path = population.h; sourceTree = "<group>"; };
		428B721A184F77AB00E3BB4E /* statistics.h */ = {isa = PBXFileReference; lastKnownFileType = sourcecode.c.h; path = statistics.h; sourceTree = "<group>"; };
		428B721B184F77AB00E3BB4E /* tool.h */ = {isa = PBXFileReference; lastKnownFileType = sourcecode.c.h; path = tool.h; sourceTree = "<group>"; };
		428B721C184F77AB00E3BB4E /* analysis.h */ = {isa = PBXFileReference; lastKnownFileType = sourcecode.c.h; path = analysis.h; sourceTree = "<group>"; };
		428B721D184F77AB00E3BB4E /* ancestors.h */ = {isa = PBXFileReference; lastKnownFileType = sourcecode.c.h; path = ancestors.h; sourceTree = "<group>"; };
		428B721F184F77AB00E3BB4E /* filter.h */ = {isa = PBXFileReference; lastKnownFileType = sourcecode.c.h; path = filter.h; sourceTree = "<group>"; };
		428B7221184F77AB00E3BB4E /* abstract_neuron.h */ = {isa = PBXFileReference; lastKnownFileType = sourcecode.c.h; path = abstract_neuron.h; sourceTree = "<group>"; };
		428B7222184F77AB00E3BB4E /* activation.h */ = {isa = PBXFileReference; lastKnownFileType = sourcecode.c.h; path = activation.h; sourceTree = "<group>"; };
		428B7223184F77AB00E3BB4E /* back_propagation.h */ = {isa = PBXFileReference; lastKnownFileType = sourcecode.c.h; path = back_propagation.h; sourceTree = "<group>"; };
		428B7224184F77AB00E3BB4E /* ctrnn.h */ = {isa = PBXFileReference; lastKnownFileType = sourcecode.c.h; path = ctrnn.h; sourceTree = "<group>"; };
		428B7225184F77AB00E3BB4E /* feed_forward.h */ = {isa = PBXFileReference; lastKnownFileType = sourcecode.c.h; path = feed_forward.h; sourceTree = "<group>"; };
		428B7226184F77AB00E3BB4E /* layout.h */ = {isa = PBXFileReference; lastKnownFileType = sourcecode.c.h; path = layout.h; sourceTree = "<group>"; };
		428B7227184F77AB00E3BB4E /* neural_network.h */ = {isa = PBXFileReference; lastKnownFileType = sourcecode.c.h; path = neural_network.h; sourceTree = "<group>"; };
		428B7228184F77AB00E3BB4E /* neurodevelopment.h */ = {isa = PBXFileReference; lastKnownFileType = sourcecode.c.h; path = neurodevelopment.h; sourceTree = "<group>"; };
		428B7229184F77AB00E3BB4E /* neuroevolution.h */ = {isa = PBXFileReference; lastKnownFileType = sourcecode.c.h; path = neuroevolution.h; sourceTree = "<group>"; };
		428B722A184F77AB00E3BB4E /* recurrent.h */ = {isa = PBXFileReference; lastKnownFileType = sourcecode.c.h; path = recurrent.h; sourceTree = "<group>"; };
		428B722B184F77AB00E3BB4E /* sigmoid.h */ = {isa = PBXFileReference; lastKnownFileType = sourcecode.c.h; path = sigmoid.h; sourceTree = "<group>"; };
		428B722C184F77AB00E3BB4E /* neural_network.h */ = {isa = PBXFileReference; lastKnownFileType = sourcecode.c.h; path = neural_network.h; sourceTree = "<group>"; };
		428B722D184F77AB00E3BB4E /* sigmoid.h */ = {isa = PBXFileReference; lastKnownFileType = sourcecode.c.h; path = sigmoid.h; sourceTree = "<group>"; };
		428B722E184F77AB00E3BB4E /* traits.h */ = {isa = PBXFileReference; lastKnownFileType = sourcecode.c.h; path = traits.h; sourceTree = "<group>"; };
		428B722F184F77AB00E3BB4E /* cmdline_interface.h */ = {isa = PBXFileReference; lastKnownFileType = sourcecode.c.h; path = cmdline_interface.h; sourceTree = "<group>"; };
		428B7230184F77AB00E3BB4E /* comparators.h */ = {isa = PBXFileReference; lastKnownFileType = sourcecode.c.h; path = comparators.h; sourceTree = "<group>"; };
		428B7231184F77AB00E3BB4E /* concepts.h */ = {isa = PBXFileReference; lastKnownFileType = sourcecode.c.h; path = concepts.h; sourceTree = "<group>"; };
		428B7233184F77AB00E3BB4E /* cvector.h */ = {isa = PBXFileReference; lastKnownFileType = sourcecode.c.h; path = cvector.h; sourceTree = "<group>"; };
		428B7234184F77AB00E3BB4E /* datafile.h */ = {isa = PBXFileReference; lastKnownFileType = sourcecode.c.h; path = datafile.h; sourceTree = "<group>"; };
		428B7236184F77AB00E3BB4E /* evaluations.h */ = {isa = PBXFileReference; lastKnownFileType = sourcecode.c.h; path = evaluations.h; sourceTree = "<group>"; };
		428B7237184F77AB00E3BB4E /* fitness.h */ = {isa = PBXFileReference; lastKnownFileType = sourcecode.c.h; path = fitness.h; sourceTree = "<group>"; };
		428B7238184F77AB00E3BB4E /* population_entropy.h */ = {isa = PBXFileReference; lastKnownFileType = sourcecode.c.h; path = population_entropy.h; sourceTree = "<group>"; };
		428B7239184F77AB00E3BB4E /* priority.h */ = {isa = PBXFileReference; lastKnownFileType = sourcecode.c.h; path = priority.h; sourceTree = "<group>"; };
		428B723A184F77AB00E3BB4E /* reactions.h */ = {isa = PBXFileReference; lastKnownFileType = sourcecode.c.h; path = reactions.h; sourceTree = "<group>"; };
		428B723B184F77AB00E3BB4E /* resources.h */ = {isa = PBXFileReference; lastKnownFileType = sourcecode.c.h; path = resources.h; sourceTree = "<group>"; };
		428B723C184F77AB00E3BB4E /* runtime.h */ = {isa = PBXFileReference; lastKnownFileType = sourcecode.c.h; path = runtime.h; sourceTree = "<group>"; };
		428B723E184F77AB00E3BB4E /* ancestors.h */ = {isa = PBXFileReference; lastKnownFileType = sourcecode.c.h; path = ancestors.h; sourceTree = "<group>"; };
		428B723F184F77AB00E3BB4E /* digital_evolution.h */ = {isa = PBXFileReference; lastKnownFileType = sourcecode.c.h; path = digital_evolution.h; sourceTree = "<group>"; };
		428B7240184F77AB00E3BB4E /* events.h */ = {isa = PBXFileReference; lastKnownFileType = sourcecode.c.h; path = events.h; sourceTree = "<group>"; };
		428B7241184F77AB00E3BB4E /* groups.h */ = {isa = PBXFileReference; lastKnownFileType = sourcecode.c.h; path = groups.h; sourceTree = "<group>"; };
		428B7242184F77AB00E3BB4E /* hardware.h */ = {isa = PBXFileReference; lastKnownFileType = sourcecode.c.h; path = hardware.h; sourceTree = "<group>"; };
		428B7243184F77AB00E3BB4E /* isa.h */ = {isa = PBXFileReference; lastKnownFileType = sourcecode.c.h; path = isa.h; sourceTree = "<group>"; };
		428B7244184F77AB00E3BB4E /* organism.h */ = {isa = PBXFileReference; lastKnownFileType = sourcecode.c.h; path = organism.h; sourceTree = "<group>"; };
		428B7245184F77AB00E3BB4E /* population_founder.h */ = {isa = PBXFileReference; lastKnownFileType = sourcecode.c.h; path = population_founder.h; sourceTree = "<group>"; };
		428B7246184F77AB00E3BB4E /* replication.h */ = {isa = PBXFileReference; lastKnownFileType = sourcecode.c.h; path = replication.h; sourceTree = "<group>"; };
		428B7247184F77AB00E3BB4E /* schedulers.h */ = {isa = PBXFileReference; lastKnownFileType = sourcecode.c.h; path = schedulers.h; sourceTree = "<group>"; };
		428B7248184F77AB00E3BB4E /* spatial.h */ = {isa = PBXFileReference; lastKnownFileType = sourcecode.c.h; path = spatial.h; sourceTree = "<group>"; };
		428B7249184F77AB00E3BB4E /* task_library.h */ = {isa = PBXFileReference; lastKnownFileType = sourcecode.c.h; path = task_library.h; sourceTree = "<group>"; };
		428B724A184F77AB00E3BB4E /* well_mixed.h */ = {isa = PBXFileReference; lastKnownFileType = sourcecode.c.h; path = well_mixed.h; sourceTree = "<group>"; };
		428B724B184F77AB00E3BB4E /* events.h */ = {isa = PBXFileReference; lastKnownFileType = sourcecode.c.h; path = events.h; sourceTree = "<group>"; };
		428B724D184F77AB00E3BB4E /* exceptions.h */ = {isa = PBXFileReference; lastKnownFileType = sourcecode.c.h; path = exceptions.h; sourceTree = "<group>"; };
		428B724E184F77AB00E3BB4E /* fitness_function.h */ = {isa = PBXFileReference; lastKnownFileType = sourcecode.c.h; path = fitness_function.h; sourceTree = "<group>"; };
		428B7250184F77AB00E3BB4E /* all_ones.h */ = {isa = PBXFileReference; lastKnownFileType = sourcecode.c.h; path = all_ones.h; sourceTree = "<group>"; };
		428B7251184F77AB00E3BB4E /* benchmarks.h */ = {isa = PBXFileReference; lastKnownFileType = sourcecode.c.h; path = benchmarks.h; sourceTree = "<group>"; };
		428B7252184F77AB00E3BB4E /* direct.h */ = {isa = PBXFileReference; lastKnownFileType = sourcecode.c.h; path = direct.h; sourceTree = "<group>"; };
		428B7253184F77AB00E3BB4E /* nk_model.h */ = {isa = PBXFileReference; lastKnownFileType = sourcecode.c.h; path = nk_model.h; sourceTree = "<group>"; };
		428B7254184F77AB00E3BB4E /* target.h */ = {isa = PBXFileReference; lastKnownFileType = sourcecode.c.h; path = target.h; sourceTree = "<group>"; };
		428B7255184F77AB00E3BB4E /* functional.h */ = {isa = PBXFileReference; lastKnownFileType = sourcecode.c.h; path = functional.h; sourceTree = "<group>"; };
		428B7256184F77AB00E3BB4E /* generational_model.h */ = {isa = PBXFileReference; lastKnownFileType = sourcecode.c.h; path = generational_model.h; sourceTree = "<group>"; };
		428B7258184F77AB00E3BB4E /* crowding.h */ = {isa = PBXFileReference; lastKnownFileType = sourcecode.c.h; path = crowding.h; sourceTree = "<group>"; };
		428B7259184F77AB00E3BB4E /* generational.h */ = {isa = PBXFileReference; lastKnownFileType = sourcecode.c.h; path = generational.h; sourceTree = "<group>"; };
		428B725A184F77AB00E3BB4E /* moran_process.h */ = {isa = PBXFileReference; lastKnownFileType = sourcecode.c.h; path = moran_process.h; sourceTree = "<group>"; };
		428B725D184F77AB00E3BB4E /* steady_state.h */ = {isa = PBXFileReference; lastKnownFileType = sourcecode.c.h; path = steady_state.h; sourceTree = "<group>"; };
		428B725E184F77AB00E3BB4E /* generators.h */ = {isa = PBXFileReference; lastKnownFileType = sourcecode.c.h; path = generators.h; sourceTree = "<group>"; };
		428B725F184F77AB00E3BB4E /* translation.h */ = {isa = PBXFileReference; lastKnownFileType = sourcecode.c.h; path = translation.h; sourceTree = "<group>"; };
		428B7260184F77AB00E3BB4E /* graph.h */ = {isa = PBXFileReference; lastKnownFileType = sourcecode.c.h; path = graph.h; sourceTree = "<group>"; };
		428B7261184F77AB00E3BB4E /* individual.h */ = {isa = PBXFileReference; lastKnownFileType = sourcecode.c.h; path = individual.h; sourceTree = "<group>"; };
		428B7262184F77AB00E3BB4E /* island_model.h */ = {isa = PBXFileReference; lastKnownFileType = sourcecode.c.h; path = island_model.h; sourceTree = "<group>"; };
		428B7264184F77AB00E3BB4E /* action.h */ = {isa = PBXFileReference; lastKnownFileType = sourcecode.c.h; path = action.h; sourceTree = "<group>"; };
		428B7265184F77AB00E3BB4E /* cover.h */ = {isa = PBXFileReference; lastKnownFileType = sourcecode.c.h; path = cover.h; sourceTree = "<group>"; };
		428B7266184F77AB00E3BB4E /* environment.h */ = {isa = PBXFileReference; lastKnownFileType = sourcecode.c.h; path = environment.h; sourceTree = "<group>"; };
		428B7267184F77AB00E3BB4E /* fitness.h */ = {isa = PBXFileReference; lastKnownFileType = sourcecode.c.h; path = fitness.h; sourceTree = "<group>"; };
		428B7268184F77AB00E3BB4E /* learning_classifier.h */ = {isa = PBXFileReference; lastKnownFileType = sourcecode.c.h; path = learning_classifier.h; sourceTree = "<group>"; };
		428B7269184F77AB00E3BB4E /* match.h */ = {isa = PBXFileReference; lastKnownFileType = sourcecode.c.h; path = match.h; sourceTree = "<group>"; };
		428B726A184F77AB00E3BB4E /* message.h */ = {isa = PBXFileReference; lastKnownFileType = sourcecode.c.h; path = message.h; sourceTree = "<group>"; };
		428B726B184F77AB00E3BB4E /* reward.h */ = {isa = PBXFileReference; lastKnownFileType = sourcecode.c.h; path = reward.h; sourceTree = "<group>"; };
		428B726C184F77AB00E3BB4E /* woods.h */ = {isa = PBXFileReference; lastKnownFileType = sourcecode.c.h; path = woods.h; sourceTree = "<group>"; };
		428B726D184F77AB00E3BB4E /* lifecycle.h */ = {isa = PBXFileReference; lastKnownFileType = sourcecode.c.h; path = lifecycle.h; sourceTree = "<group>"; };
		428B726E184F77AB00E3BB4E /* line_of_descent.h */ = {isa = PBXFileReference; lastKnownFileType = sourcecode.c.h; path = line_of_descent.h; sourceTree = "<group>"; };
		428B726F184F77AB00E3BB4E /* meta_data.h */ = {isa = PBXFileReference; lastKnownFileType = sourcecode.c.h; path = meta_data.h; sourceTree = "<group>"; };
		428B7270184F77AB00E3BB4E /* metapopulation.h */ = {isa = PBXFileReference; lastKnownFileType = sourcecode.c.h; path = metapopulation.h; sourceTree = "<group>"; };
		428B7272184F77AB00E3BB4E /* deep_markov_network.h */ = {isa = PBXFileReference; lastKnownFileType = sourcecode.c.h; path = deep_markov_network.h; sourceTree = "<group>"; };
		428B7273184F77AB00E3BB4E /* markov_network.h */ = {isa = PBXFileReference; lastKnownFileType = sourcecode.c.h; path = markov_network.h; sourceTree = "<group>"; };
		428B7274184F77AB00E3BB4E /* mutation.h */ = {isa = PBXFileReference; lastKnownFileType = sourcecode.c.h; path = mutation.h; sourceTree = "<group>"; };
		428B7275184F77AB00E3BB4E /* novelty_search.h */ = {isa = PBXFileReference; lastKnownFileType = sourcecode.c.h; path = novelty_search.h; sourceTree = "<group>"; };
		428B7276184F77AB00E3BB4E /* phenotype.h */ = {isa = PBXFileReference; lastKnownFileType = sourcecode.c.h; path = phenotype.h; sourceTree = "<group>"; };
		428B7277184F77AB00E3BB4E /* population.h */ = {isa = PBXFileReference; lastKnownFileType = sourcecode.c.h; path = population.h; sourceTree = "<group>"; };
		428B7278184F77AB00E3BB4E /* recombination.h */ = {isa = PBXFileReference; lastKnownFileType = sourcecode.c.h; path = recombination.h; sourceTree = "<group>"; };
		428B727A184F77AB00E3BB4E /* bitstring.h */ = {isa = PBXFileReference; lastKnownFileType = sourcecode.c.h; path = bitstring.h; sourceTree = "<group>"; };
		428B727B184F77AB00E3BB4E /* circular_genome.h */ = {isa = PBXFileReference; lastKnownFileType = sourcecode.c.h; path = circular_genome.h; sourceTree = "<group>"; };
		428B727C184F77AB00E3BB4E /* intstring.h */ = {isa = PBXFileReference; lastKnownFileType = sourcecode.c.h; path = intstring.h; sourceTree = "<group>"; };
		428B727D184F77AB00E3BB4E /* numeric_vector.h */ = {isa = PBXFileReference; lastKnownFileType = sourcecode.c.h; path = numeric_vector.h; sourceTree = "<group>"; };
		428B727E184F77AB00E3BB4E /* realstring.h */ = {isa = PBXFileReference; lastKnownFileType = sourcecode.c.h; path = realstring.h; sourceTree = "<group>"; };
		428B727F184F77AB00E3BB4E /* rng.h */ = {isa = PBXFileReference; lastKnownFileType = sourcecode.c.h; path = rng.h; sourceTree = "<group>"; };
		428B7281184F77AB00E3BB4E /* elitism.h */ = {isa = PBXFileReference; lastKnownFileType = sourcecode.c.h; path = elitism.h; sourceTree = "<group>"; };
		428B7282184F77AB00E3BB4E /* proportionate.h */ = {isa = PBXFileReference; lastKnownFileType = sourcecode.c.h; path = proportionate.h; sourceTree = "<group>"; };
		428B7283184F77AB00E3BB4E /* random.h */ = {isa = PBXFileReference; lastKnownFileType = sourcecode.c.h; path = random.h; sourceTree = "<group>"; };
		428B7284184F77AB00E3BB4E /* sigma_scaling.h */ = {isa = PBXFileReference; lastKnownFileType = sourcecode.c.h; path = sigma_scaling.h; sourceTree = "<group>"; };
		428B7285184F77AB00E3BB4E /* tournament.h */ = {isa = PBXFileReference; lastKnownFileType = sourcecode.c.h; path = tournament.h; sourceTree = "<group>"; };
		428B7286184F77AB00E3BB4E /* truncation.h */ = {isa = PBXFileReference; lastKnownFileType = sourcecode.c.h; path = truncation.h; sourceTree = "<group>"; };
		428B7287184F77AB00E3BB4E /* universal_sampling.h */ = {isa = PBXFileReference; lastKnownFileType = sourcecode.c.h; path = universal_sampling.h; sourceTree = "<group>"; };
		428B7288184F77AB00E3BB4E /* selection.h */ = {isa = PBXFileReference; lastKnownFileType = sourcecode.c.h; path = selection.h; sourceTree = "<group>"; };
		428B7289184F7AAE00E3BB4E /* gates.h */ = {isa = PBXFileReference; lastKnownFileType = sourcecode.c.h; path = gates.h; sourceTree = "<group>"; };
		428B728A184F7B8500E3BB4E /* translation.h */ = {isa = PBXFileReference; lastKnownFileType = sourcecode.c.h; path = translation.h; sourceTree = "<group>"; };
		42B55B6D1641C2C500F240C5 /* test_digital_evolution.cpp */ = {isa = PBXFileReference; fileEncoding = 4; lastKnownFileType = sourcecode.cpp.cpp; path = test_digital_evolution.cpp; sourceTree = "<group>"; };
		42B55B6E1641C2C500F240C5 /* test.cpp */ = {isa = PBXFileReference; fileEncoding = 4; lastKnownFileType = sourcecode.cpp.cpp; path = test.cpp; sourceTree = "<group>"; };
		42B55B701641C2C500F240C5 /* test_information.cpp */ = {isa = PBXFileReference; fileEncoding = 4; lastKnownFileType = sourcecode.cpp.cpp; path = test_information.cpp; sourceTree = "<group>"; };
		42B55B711641C2C500F240C5 /* test_novelty_search.cpp */ = {isa = PBXFileReference; fileEncoding = 4; lastKnownFileType = sourcecode.cpp.cpp; path = test_novelty_search.cpp; sourceTree = "<group>"; };
		42C661221860981F004476D3 /* graph.h */ = {isa = PBXFileReference; lastKnownFileType = sourcecode.c.h; path = graph.h; sourceTree = "<group>"; };
		42C661251860A403004476D3 /* constant.h */ = {isa = PBXFileReference; lastKnownFileType = sourcecode.c.h; path = constant.h; sourceTree = "<group>"; };
		42C661321860D2FF004476D3 /* test_qhfc.cpp */ = {isa = PBXFileReference; fileEncoding = 4; lastKnownFileType = sourcecode.cpp.cpp; path = test_qhfc.cpp; sourceTree = "<group>"; };
		42C661351860D6E1004476D3 /* qhfc.h */ = {isa = PBXFileReference; lastKnownFileType = sourcecode.c.h; path = qhfc.h; sourceTree = "<group>"; };
		42C661501860DC07004476D3 /* test_mp */ = {isa = PBXFileReference; explicitFileType = "compiled.mach-o.executable"; includeInIndex = 0; path = test_mp; sourceTree = BUILT_PRODUCTS_DIR; };
		42C6615D1860E008004476D3 /* test_mp copy */ = {isa = PBXFileReference; explicitFileType = "compiled.mach-o.executable"; includeInIndex = 0; path = "test_mp copy"; sourceTree = BUILT_PRODUCTS_DIR; };
		42C661791860FBE5004476D3 /* test_ealib copy */ = {isa = PBXFileReference; explicitFileType = "compiled.mach-o.executable"; includeInIndex = 0; path = "test_ealib copy"; sourceTree = BUILT_PRODUCTS_DIR; };
		42C6617A1860FC0B004476D3 /* test_lod.cpp */ = {isa = PBXFileReference; fileEncoding = 4; lastKnownFileType = sourcecode.cpp.cpp; path = test_lod.cpp; sourceTree = "<group>"; };
		42C661831862805D004476D3 /* in_place.h */ = {isa = PBXFileReference; lastKnownFileType = sourcecode.c.h; path = in_place.h; sourceTree = "<group>"; };
		42C6618418628626004476D3 /* isolated_subpopulations.h */ = {isa = PBXFileReference; lastKnownFileType = sourcecode.c.h; path = isolated_subpopulations.h; sourceTree = "<group>"; };
		42D68D89163F891F00659AE1 /* test_metapopulation.cpp */ = {isa = PBXFileReference; fileEncoding = 4; lastKnownFileType = sourcecode.cpp.cpp; path = test_metapopulation.cpp; sourceTree = "<group>"; };
		42E1920E1872705C009EF3A7 /* stop.h */ = {isa = PBXFileReference; lastKnownFileType = sourcecode.c.h; path = stop.h; sourceTree = "<group>"; };
		42E192141876EF4E009EF3A7 /* evolutionary_algorithm.h */ = {isa = PBXFileReference; lastKnownFileType = sourcecode.c.h; path = evolutionary_algorithm.h; sourceTree = "<group>"; };
		42E1922918771AE9009EF3A7 /* test_ealib copy */ = {isa = PBXFileReference; explicitFileType = "compiled.mach-o.executable"; includeInIndex = 0; path = "test_ealib copy"; sourceTree = BUILT_PRODUCTS_DIR; };
		42E1922A18771B21009EF3A7 /* test_ealib2.cpp */ = {isa = PBXFileReference; fileEncoding = 4; lastKnownFileType = sourcecode.cpp.cpp; path = test_ealib2.cpp; sourceTree = "<group>"; };
		42E1922D1877487A009EF3A7 /* metapopulation_fitness.h */ = {isa = PBXFileReference; lastKnownFileType = sourcecode.c.h; path = metapopulation_fitness.h; sourceTree = "<group>"; };
		42E1922E18783995009EF3A7 /* configuration.h */ = {isa = PBXFileReference; lastKnownFileType = sourcecode.c.h; path = configuration.h; sourceTree = "<group>"; };
/* End PBXFileReference section */

/* Begin PBXFrameworksBuildPhase section */
		423CBD9C157D0E0B0003A644 /* Frameworks */ = {
			isa = PBXFrameworksBuildPhase;
			buildActionMask = 2147483647;
			files = (
			);
			runOnlyForDeploymentPostprocessing = 0;
		};
		423CBE54157D0FCC0003A644 /* Frameworks */ = {
			isa = PBXFrameworksBuildPhase;
			buildActionMask = 2147483647;
			files = (
				423CBE75157D10C80003A644 /* libboost_unit_test_framework.dylib in Frameworks */,
			);
			runOnlyForDeploymentPostprocessing = 0;
		};
		428B712118490E8F00E3BB4E /* Frameworks */ = {
			isa = PBXFrameworksBuildPhase;
			buildActionMask = 2147483647;
			files = (
				428B712218490E8F00E3BB4E /* libboost_unit_test_framework.dylib in Frameworks */,
			);
			runOnlyForDeploymentPostprocessing = 0;
		};
		428B71FE184F664D00E3BB4E /* Frameworks */ = {
			isa = PBXFrameworksBuildPhase;
			buildActionMask = 2147483647;
			files = (
				428B71FF184F664D00E3BB4E /* libboost_unit_test_framework.dylib in Frameworks */,
			);
			runOnlyForDeploymentPostprocessing = 0;
		};
		42C6614A1860DC07004476D3 /* Frameworks */ = {
			isa = PBXFrameworksBuildPhase;
			buildActionMask = 2147483647;
			files = (
				42C6614B1860DC07004476D3 /* libboost_unit_test_framework.dylib in Frameworks */,
			);
			runOnlyForDeploymentPostprocessing = 0;
		};
		42C661571860E008004476D3 /* Frameworks */ = {
			isa = PBXFrameworksBuildPhase;
			buildActionMask = 2147483647;
			files = (
				42C661581860E008004476D3 /* libboost_unit_test_framework.dylib in Frameworks */,
			);
			runOnlyForDeploymentPostprocessing = 0;
		};
		42C661731860FBE5004476D3 /* Frameworks */ = {
			isa = PBXFrameworksBuildPhase;
			buildActionMask = 2147483647;
			files = (
				42C661741860FBE5004476D3 /* libboost_unit_test_framework.dylib in Frameworks */,
			);
			runOnlyForDeploymentPostprocessing = 0;
		};
		42E1922318771AE9009EF3A7 /* Frameworks */ = {
			isa = PBXFrameworksBuildPhase;
			buildActionMask = 2147483647;
			files = (
				42E1922418771AE9009EF3A7 /* libboost_unit_test_framework.dylib in Frameworks */,
			);
			runOnlyForDeploymentPostprocessing = 0;
		};
/* End PBXFrameworksBuildPhase section */

/* Begin PBXGroup section */
		423CBC70157D0D440003A644 = {
			isa = PBXGroup;
			children = (
				42841C7E15ADACF000AB18BE /* CONTRIBUTORS */,
				42841C7F15ADACF100AB18BE /* README.md */,
				423CBC86157D0D910003A644 /* Jamroot */,
				423CBC84157D0D910003A644 /* etc */,
				423CBE4C157D0F310003A644 /* lib */,
				423CBDAB157D0E450003A644 /* libea */,
				423CBC7C157D0D440003A644 /* Products */,
			);
			sourceTree = "<group>";
		};
		423CBC7C157D0D440003A644 /* Products */ = {
			isa = PBXGroup;
			children = (
				423CBD9F157D0E0B0003A644 /* libea.a */,
				423CBE57157D0FCC0003A644 /* test_ealib */,
				428B712718490E8F00E3BB4E /* test_mkv */,
				428B7204184F664D00E3BB4E /* test_mkv copy */,
				42C661501860DC07004476D3 /* test_mp */,
				42C6615D1860E008004476D3 /* test_mp copy */,
				42C661791860FBE5004476D3 /* test_ealib copy */,
				42E1922918771AE9009EF3A7 /* test_ealib copy */,
			);
			name = Products;
			sourceTree = "<group>";
		};
		423CBC84157D0D910003A644 /* etc */ = {
			isa = PBXGroup;
			children = (
				423CBC85157D0D910003A644 /* ealib.xcconfig */,
			);
			path = etc;
			sourceTree = "<group>";
		};
		423CBDAB157D0E450003A644 /* libea */ = {
			isa = PBXGroup;
			children = (
				423CBDEE157D0E450003A644 /* Jamfile */,
				428B720B184F77AB00E3BB4E /* include */,
				423CBDEF157D0E450003A644 /* src */,
				423CBDF2157D0E450003A644 /* test */,
			);
			path = libea;
			sourceTree = "<group>";
		};
		423CBDEF157D0E450003A644 /* src */ = {
			isa = PBXGroup;
			children = (
				423CBDF0157D0E450003A644 /* main.cpp */,
				426A04A417B1205B000F5151 /* cmdline_interface.cpp */,
			);
			path = src;
			sourceTree = "<group>";
		};
		423CBDF2157D0E450003A644 /* test */ = {
			isa = PBXGroup;
			children = (
				42B55B6E1641C2C500F240C5 /* test.cpp */,
				42E1922A18771B21009EF3A7 /* test_ealib2.cpp */,
				423CBDF4157D0E450003A644 /* test.h */,
				428B714E184F5EC900E3BB4E /* test_deep_markov_network.cpp */,
				428B714F184F5EC900E3BB4E /* test_markov_network.cpp */,
				428B7150184F5EC900E3BB4E /* test_neural_network.cpp */,
				421D68B61735719700A45DD6 /* test_analysis.cpp */,
				42B55B6D1641C2C500F240C5 /* test_digital_evolution.cpp */,
				4245004516D3BA8E007827D7 /* test_digital_evolution_types.cpp */,
				423CBDF6157D0E450003A644 /* test_checkpoint.cpp */,
				42841C2915A5F4D800AB18BE /* test_circular.cpp */,
				4281FEDA16C45C840066610C /* test_graph.cpp */,
				42B55B701641C2C500F240C5 /* test_information.cpp */,
				42D68D89163F891F00659AE1 /* test_metapopulation.cpp */,
				42C6617A1860FC0B004476D3 /* test_lod.cpp */,
				42C661321860D2FF004476D3 /* test_qhfc.cpp */,
				4281FEEC16C4644F0066610C /* test_neuroevolution.cpp */,
				426064EE16F0D36700C5B117 /* test_neurodevelopment.cpp */,
				42B55B711641C2C500F240C5 /* test_novelty_search.cpp */,
				4234C3FE178B1ACE0078BD85 /* test_lcs.cpp */,
				423CBDF9157D0E450003A644 /* test_meta_data.cpp */,
				423CBDFB157D0E450003A644 /* test_rng.cpp */,
			);
			path = test;
			sourceTree = "<group>";
		};
		423CBE4C157D0F310003A644 /* lib */ = {
			isa = PBXGroup;
			children = (
				423CBE6F157D10C80003A644 /* libboost_unit_test_framework.dylib */,
			);
			name = lib;
			sourceTree = "<group>";
		};
		428B720B184F77AB00E3BB4E /* include */ = {
			isa = PBXGroup;
			children = (
				428B720C184F77AB00E3BB4E /* ea */,
			);
			path = include;
			sourceTree = "<group>";
		};
		428B720C184F77AB00E3BB4E /* ea */ = {
			isa = PBXGroup;
			children = (
				428B720D184F77AB00E3BB4E /* algorithm.h */,
				428B720E184F77AB00E3BB4E /* alps.h */,
				428B720F184F77AB00E3BB4E /* analysis */,
				428B721C184F77AB00E3BB4E /* analysis.h */,
				428B721D184F77AB00E3BB4E /* ancestors.h */,
				428B721E184F77AB00E3BB4E /* ann */,
				428B722F184F77AB00E3BB4E /* cmdline_interface.h */,
				428B7230184F77AB00E3BB4E /* comparators.h */,
				42E1922E18783995009EF3A7 /* configuration.h */,
				428B7231184F77AB00E3BB4E /* concepts.h */,
				428B7233184F77AB00E3BB4E /* cvector.h */,
				428B7234184F77AB00E3BB4E /* datafile.h */,
				428B7235184F77AB00E3BB4E /* datafiles */,
				428B723D184F77AB00E3BB4E /* devo */,
				428B724B184F77AB00E3BB4E /* events.h */,
				42E192141876EF4E009EF3A7 /* evolutionary_algorithm.h */,
				428B724D184F77AB00E3BB4E /* exceptions.h */,
				428B724E184F77AB00E3BB4E /* fitness_function.h */,
				428B724F184F77AB00E3BB4E /* fitness_functions */,
				428B7255184F77AB00E3BB4E /* functional.h */,
				428B7256184F77AB00E3BB4E /* generational_model.h */,
				428B7257184F77AB00E3BB4E /* generational_models */,
				428B725E184F77AB00E3BB4E /* generators.h */,
				428B7260184F77AB00E3BB4E /* graph.h */,
				428B7261184F77AB00E3BB4E /* individual.h */,
				428B7262184F77AB00E3BB4E /* island_model.h */,
				428B7263184F77AB00E3BB4E /* lcs */,
				428B726D184F77AB00E3BB4E /* lifecycle.h */,
				428B726E184F77AB00E3BB4E /* line_of_descent.h */,
				428B726F184F77AB00E3BB4E /* meta_data.h */,
				428B7270184F77AB00E3BB4E /* metapopulation.h */,
				428B7271184F77AB00E3BB4E /* mkv */,
				428B7274184F77AB00E3BB4E /* mutation.h */,
				428B7275184F77AB00E3BB4E /* novelty_search.h */,
				4252D4DA18648E3F00A54FC5 /* nsga2.h */,
				428B7276184F77AB00E3BB4E /* phenotype.h */,
				428B7277184F77AB00E3BB4E /* population.h */,
				42C661351860D6E1004476D3 /* qhfc.h */,
				428B7278184F77AB00E3BB4E /* recombination.h */,
				428B7279184F77AB00E3BB4E /* representations */,
				428B727F184F77AB00E3BB4E /* rng.h */,
				428B7288184F77AB00E3BB4E /* selection.h */,
				428B7280184F77AB00E3BB4E /* selection */,
				427F5E5918806FB3003CCA5C /* subpopulation.h */,
				42E1920E1872705C009EF3A7 /* stop.h */,
				428B722E184F77AB00E3BB4E /* traits.h */,
				428B725F184F77AB00E3BB4E /* translation.h */,
			);
			path = ea;
			sourceTree = "<group>";
		};
		428B720F184F77AB00E3BB4E /* analysis */ = {
			isa = PBXGroup;
			children = (
				428B7210184F77AB00E3BB4E /* epistasis.h */,
				428B7211184F77AB00E3BB4E /* girvan_newman_clustering.h */,
				428B7212184F77AB00E3BB4E /* graph.h */,
				428B7213184F77AB00E3BB4E /* individual.h */,
				428B7214184F77AB00E3BB4E /* information.h */,
				428B7215184F77AB00E3BB4E /* landscape.h */,
				428B7216184F77AB00E3BB4E /* line_of_descent.h */,
				428B7217184F77AB00E3BB4E /* meta_population.h */,
				428B7218184F77AB00E3BB4E /* modularity.h */,
				428B7219184F77AB00E3BB4E /* population.h */,
				428B721A184F77AB00E3BB4E /* statistics.h */,
				428B721B184F77AB00E3BB4E /* tool.h */,
			);
			path = analysis;
			sourceTree = "<group>";
		};
		428B721E184F77AB00E3BB4E /* ann */ = {
			isa = PBXGroup;
			children = (
				428B721F184F77AB00E3BB4E /* filter.h */,
				428B7220184F77AB00E3BB4E /* graph */,
				428B722C184F77AB00E3BB4E /* neural_network.h */,
				428B722D184F77AB00E3BB4E /* sigmoid.h */,
			);
			path = ann;
			sourceTree = "<group>";
		};
		428B7220184F77AB00E3BB4E /* graph */ = {
			isa = PBXGroup;
			children = (
				428B7221184F77AB00E3BB4E /* abstract_neuron.h */,
				428B7222184F77AB00E3BB4E /* activation.h */,
				428B7223184F77AB00E3BB4E /* back_propagation.h */,
				428B7224184F77AB00E3BB4E /* ctrnn.h */,
				428B7225184F77AB00E3BB4E /* feed_forward.h */,
				428B7226184F77AB00E3BB4E /* layout.h */,
				428B7227184F77AB00E3BB4E /* neural_network.h */,
				428B7228184F77AB00E3BB4E /* neurodevelopment.h */,
				428B7229184F77AB00E3BB4E /* neuroevolution.h */,
				428B722A184F77AB00E3BB4E /* recurrent.h */,
				428B722B184F77AB00E3BB4E /* sigmoid.h */,
			);
			path = graph;
			sourceTree = "<group>";
		};
		428B7235184F77AB00E3BB4E /* datafiles */ = {
			isa = PBXGroup;
			children = (
				428B7236184F77AB00E3BB4E /* evaluations.h */,
				428B7237184F77AB00E3BB4E /* fitness.h */,
				42E1922D1877487A009EF3A7 /* metapopulation_fitness.h */,
				428B7238184F77AB00E3BB4E /* population_entropy.h */,
				428B7239184F77AB00E3BB4E /* priority.h */,
				428B723A184F77AB00E3BB4E /* reactions.h */,
				428B723B184F77AB00E3BB4E /* resources.h */,
				428B723C184F77AB00E3BB4E /* runtime.h */,
			);
			path = datafiles;
			sourceTree = "<group>";
		};
		428B723D184F77AB00E3BB4E /* devo */ = {
			isa = PBXGroup;
			children = (
				428B723E184F77AB00E3BB4E /* ancestors.h */,
				428B723F184F77AB00E3BB4E /* digital_evolution.h */,
				428B7240184F77AB00E3BB4E /* events.h */,
				428B7241184F77AB00E3BB4E /* groups.h */,
				428B7242184F77AB00E3BB4E /* hardware.h */,
				428B7243184F77AB00E3BB4E /* isa.h */,
				428B7244184F77AB00E3BB4E /* organism.h */,
				428B7245184F77AB00E3BB4E /* population_founder.h */,
				428B7246184F77AB00E3BB4E /* replication.h */,
				428B7247184F77AB00E3BB4E /* schedulers.h */,
				428B7248184F77AB00E3BB4E /* spatial.h */,
				42C661221860981F004476D3 /* graph.h */,
				428B7249184F77AB00E3BB4E /* task_library.h */,
				428B724A184F77AB00E3BB4E /* well_mixed.h */,
			);
			path = devo;
			sourceTree = "<group>";
		};
		428B724F184F77AB00E3BB4E /* fitness_functions */ = {
			isa = PBXGroup;
			children = (
				428B7250184F77AB00E3BB4E /* all_ones.h */,
				428B7251184F77AB00E3BB4E /* benchmarks.h */,
				42C661251860A403004476D3 /* constant.h */,
				428B7252184F77AB00E3BB4E /* direct.h */,
				428B7253184F77AB00E3BB4E /* nk_model.h */,
				428B7254184F77AB00E3BB4E /* target.h */,
			);
			path = fitness_functions;
			sourceTree = "<group>";
		};
		428B7257184F77AB00E3BB4E /* generational_models */ = {
			isa = PBXGroup;
			children = (
				428B7258184F77AB00E3BB4E /* crowding.h */,
				428B7259184F77AB00E3BB4E /* generational.h */,
				42C661831862805D004476D3 /* in_place.h */,
				42C6618418628626004476D3 /* isolated_subpopulations.h */,
				428B725A184F77AB00E3BB4E /* moran_process.h */,
				428B725D184F77AB00E3BB4E /* steady_state.h */,
			);
			path = generational_models;
			sourceTree = "<group>";
		};
		428B7263184F77AB00E3BB4E /* lcs */ = {
			isa = PBXGroup;
			children = (
				428B7264184F77AB00E3BB4E /* action.h */,
				428B7265184F77AB00E3BB4E /* cover.h */,
				428B7266184F77AB00E3BB4E /* environment.h */,
				428B7267184F77AB00E3BB4E /* fitness.h */,
				428B7268184F77AB00E3BB4E /* learning_classifier.h */,
				428B7269184F77AB00E3BB4E /* match.h */,
				428B726A184F77AB00E3BB4E /* message.h */,
				428B726B184F77AB00E3BB4E /* reward.h */,
				428B726C184F77AB00E3BB4E /* woods.h */,
			);
			path = lcs;
			sourceTree = "<group>";
		};
		428B7271184F77AB00E3BB4E /* mkv */ = {
			isa = PBXGroup;
			children = (
				428B7272184F77AB00E3BB4E /* deep_markov_network.h */,
				428B7289184F7AAE00E3BB4E /* gates.h */,
				428B7273184F77AB00E3BB4E /* markov_network.h */,
				428B728A184F7B8500E3BB4E /* translation.h */,
			);
			path = mkv;
			sourceTree = "<group>";
		};
		428B7279184F77AB00E3BB4E /* representations */ = {
			isa = PBXGroup;
			children = (
				428B727A184F77AB00E3BB4E /* bitstring.h */,
				428B727B184F77AB00E3BB4E /* circular_genome.h */,
				428B727C184F77AB00E3BB4E /* intstring.h */,
				428B727D184F77AB00E3BB4E /* numeric_vector.h */,
				428B727E184F77AB00E3BB4E /* realstring.h */,
			);
			path = representations;
			sourceTree = "<group>";
		};
		428B7280184F77AB00E3BB4E /* selection */ = {
			isa = PBXGroup;
			children = (
				428B7281184F77AB00E3BB4E /* elitism.h */,
				428B7282184F77AB00E3BB4E /* proportionate.h */,
				428B7283184F77AB00E3BB4E /* random.h */,
				428B7284184F77AB00E3BB4E /* sigma_scaling.h */,
				428B7285184F77AB00E3BB4E /* tournament.h */,
				428B7286184F77AB00E3BB4E /* truncation.h */,
				428B7287184F77AB00E3BB4E /* universal_sampling.h */,
			);
			path = selection;
			sourceTree = "<group>";
		};
/* End PBXGroup section */

/* Begin PBXHeadersBuildPhase section */
		423CBD9D157D0E0B0003A644 /* Headers */ = {
			isa = PBXHeadersBuildPhase;
			buildActionMask = 2147483647;
			files = (
			);
			runOnlyForDeploymentPostprocessing = 0;
		};
/* End PBXHeadersBuildPhase section */

/* Begin PBXNativeTarget section */
		423CBD9E157D0E0B0003A644 /* ea */ = {
			isa = PBXNativeTarget;
			buildConfigurationList = 423CBDA0157D0E0B0003A644 /* Build configuration list for PBXNativeTarget "ea" */;
			buildPhases = (
				423CBD9B157D0E0B0003A644 /* Sources */,
				423CBD9C157D0E0B0003A644 /* Frameworks */,
				423CBD9D157D0E0B0003A644 /* Headers */,
			);
			buildRules = (
			);
			dependencies = (
			);
			name = ea;
			productName = ea;
			productReference = 423CBD9F157D0E0B0003A644 /* libea.a */;
			productType = "com.apple.product-type.library.static";
		};
		423CBE56157D0FCC0003A644 /* test_ealib */ = {
			isa = PBXNativeTarget;
			buildConfigurationList = 423CBE5E157D0FCD0003A644 /* Build configuration list for PBXNativeTarget "test_ealib" */;
			buildPhases = (
				423CBE53157D0FCC0003A644 /* Sources */,
				423CBE54157D0FCC0003A644 /* Frameworks */,
				423CBE55157D0FCC0003A644 /* CopyFiles */,
			);
			buildRules = (
			);
			dependencies = (
			);
			name = test_ealib;
			productName = libea_test;
			productReference = 423CBE57157D0FCC0003A644 /* test_ealib */;
			productType = "com.apple.product-type.tool";
		};
		428B711C18490E8F00E3BB4E /* test_mkv */ = {
			isa = PBXNativeTarget;
			buildConfigurationList = 428B712418490E8F00E3BB4E /* Build configuration list for PBXNativeTarget "test_mkv" */;
			buildPhases = (
				428B711F18490E8F00E3BB4E /* Sources */,
				428B712118490E8F00E3BB4E /* Frameworks */,
				428B712318490E8F00E3BB4E /* CopyFiles */,
			);
			buildRules = (
			);
			dependencies = (
			);
			name = test_mkv;
			productName = libfn_test;
			productReference = 428B712718490E8F00E3BB4E /* test_mkv */;
			productType = "com.apple.product-type.tool";
		};
		428B71FA184F664D00E3BB4E /* test_ann */ = {
			isa = PBXNativeTarget;
			buildConfigurationList = 428B7201184F664D00E3BB4E /* Build configuration list for PBXNativeTarget "test_ann" */;
			buildPhases = (
				428B71FB184F664D00E3BB4E /* Sources */,
				428B71FE184F664D00E3BB4E /* Frameworks */,
				428B7200184F664D00E3BB4E /* CopyFiles */,
			);
			buildRules = (
			);
			dependencies = (
			);
			name = test_ann;
			productName = libfn_test;
			productReference = 428B7204184F664D00E3BB4E /* test_mkv copy */;
			productType = "com.apple.product-type.tool";
		};
		42C661361860DC07004476D3 /* test_mp */ = {
			isa = PBXNativeTarget;
			buildConfigurationList = 42C6614D1860DC07004476D3 /* Build configuration list for PBXNativeTarget "test_mp" */;
			buildPhases = (
				42C661371860DC07004476D3 /* Sources */,
				42C6614A1860DC07004476D3 /* Frameworks */,
				42C6614C1860DC07004476D3 /* CopyFiles */,
			);
			buildRules = (
			);
			dependencies = (
			);
			name = test_mp;
			productName = libea_test;
			productReference = 42C661501860DC07004476D3 /* test_mp */;
			productType = "com.apple.product-type.tool";
		};
		42C661511860E008004476D3 /* test_devo */ = {
			isa = PBXNativeTarget;
			buildConfigurationList = 42C6615A1860E008004476D3 /* Build configuration list for PBXNativeTarget "test_devo" */;
			buildPhases = (
				42C661521860E008004476D3 /* Sources */,
				42C661571860E008004476D3 /* Frameworks */,
				42C661591860E008004476D3 /* CopyFiles */,
			);
			buildRules = (
			);
			dependencies = (
			);
			name = test_devo;
			productName = libea_test;
			productReference = 42C6615D1860E008004476D3 /* test_mp copy */;
			productType = "com.apple.product-type.tool";
		};
		42C661631860FBE5004476D3 /* test_lod */ = {
			isa = PBXNativeTarget;
			buildConfigurationList = 42C661761860FBE5004476D3 /* Build configuration list for PBXNativeTarget "test_lod" */;
			buildPhases = (
				42C661641860FBE5004476D3 /* Sources */,
				42C661731860FBE5004476D3 /* Frameworks */,
				42C661751860FBE5004476D3 /* CopyFiles */,
			);
			buildRules = (
			);
			dependencies = (
			);
			name = test_lod;
			productName = libea_test;
			productReference = 42C661791860FBE5004476D3 /* test_ealib copy */;
			productType = "com.apple.product-type.tool";
		};
		42E1921518771AE9009EF3A7 /* test_ealib2 */ = {
			isa = PBXNativeTarget;
			buildConfigurationList = 42E1922618771AE9009EF3A7 /* Build configuration list for PBXNativeTarget "test_ealib2" */;
			buildPhases = (
				42E1921618771AE9009EF3A7 /* Sources */,
				42E1922318771AE9009EF3A7 /* Frameworks */,
				42E1922518771AE9009EF3A7 /* CopyFiles */,
			);
			buildRules = (
			);
			dependencies = (
			);
			name = test_ealib2;
			productName = libea_test;
			productReference = 42E1922918771AE9009EF3A7 /* test_ealib copy */;
			productType = "com.apple.product-type.tool";
		};
/* End PBXNativeTarget section */

/* Begin PBXProject section */
		423CBC72157D0D440003A644 /* Project object */ = {
			isa = PBXProject;
			attributes = {
				LastUpgradeCheck = 0420;
				ORGANIZATIONNAME = "Michigan State University";
			};
			buildConfigurationList = 423CBC75157D0D440003A644 /* Build configuration list for PBXProject "ealib" */;
			compatibilityVersion = "Xcode 3.2";
			developmentRegion = English;
			hasScannedForEncodings = 0;
			knownRegions = (
				en,
			);
			mainGroup = 423CBC70157D0D440003A644;
			productRefGroup = 423CBC7C157D0D440003A644 /* Products */;
			projectDirPath = "";
			projectRoot = "";
			targets = (
				423CBD9E157D0E0B0003A644 /* ea */,
				42C661511860E008004476D3 /* test_devo */,
				423CBE56157D0FCC0003A644 /* test_ealib */,
				428B71FA184F664D00E3BB4E /* test_ann */,
				42C661631860FBE5004476D3 /* test_lod */,
				428B711C18490E8F00E3BB4E /* test_mkv */,
				42C661361860DC07004476D3 /* test_mp */,
				42841C8315AFB14100AB18BE /* all */,
				42E1921518771AE9009EF3A7 /* test_ealib2 */,
			);
		};
/* End PBXProject section */

/* Begin PBXSourcesBuildPhase section */
		423CBD9B157D0E0B0003A644 /* Sources */ = {
			isa = PBXSourcesBuildPhase;
			buildActionMask = 2147483647;
			files = (
				423CBE41157D0ECF0003A644 /* main.cpp in Sources */,
				426A04A617B1205B000F5151 /* cmdline_interface.cpp in Sources */,
			);
			runOnlyForDeploymentPostprocessing = 0;
		};
		423CBE53157D0FCC0003A644 /* Sources */ = {
			isa = PBXSourcesBuildPhase;
			buildActionMask = 2147483647;
			files = (
				426A04A917B123F9000F5151 /* cmdline_interface.cpp in Sources */,
				423CBE63157D0FF50003A644 /* test_checkpoint.cpp in Sources */,
				423CBE66157D0FF50003A644 /* test_meta_data.cpp in Sources */,
				423CBE68157D0FF50003A644 /* test_rng.cpp in Sources */,
				42841C2A15A5F4D900AB18BE /* test_circular.cpp in Sources */,
				42B55B731641C2C500F240C5 /* test.cpp in Sources */,
				42B55B751641C2C500F240C5 /* test_information.cpp in Sources */,
				421D68B81735719700A45DD6 /* test_analysis.cpp in Sources */,
			);
			runOnlyForDeploymentPostprocessing = 0;
		};
		428B711F18490E8F00E3BB4E /* Sources */ = {
			isa = PBXSourcesBuildPhase;
			buildActionMask = 2147483647;
			files = (
				428B7206184F6A1F00E3BB4E /* test_deep_markov_network.cpp in Sources */,
				428B7152184F5EC900E3BB4E /* test_markov_network.cpp in Sources */,
			);
			runOnlyForDeploymentPostprocessing = 0;
		};
		428B71FB184F664D00E3BB4E /* Sources */ = {
			isa = PBXSourcesBuildPhase;
			buildActionMask = 2147483647;
			files = (
				428B7205184F666400E3BB4E /* test_neural_network.cpp in Sources */,
			);
			runOnlyForDeploymentPostprocessing = 0;
		};
		42C661371860DC07004476D3 /* Sources */ = {
			isa = PBXSourcesBuildPhase;
			buildActionMask = 2147483647;
			files = (
				42C661381860DC07004476D3 /* cmdline_interface.cpp in Sources */,
				42C6613F1860DC07004476D3 /* test_metapopulation.cpp in Sources */,
				42C661401860DC07004476D3 /* test.cpp in Sources */,
				42C661471860DC07004476D3 /* test_qhfc.cpp in Sources */,
			);
			runOnlyForDeploymentPostprocessing = 0;
		};
		42C661521860E008004476D3 /* Sources */ = {
			isa = PBXSourcesBuildPhase;
			buildActionMask = 2147483647;
			files = (
				42C661531860E008004476D3 /* cmdline_interface.cpp in Sources */,
				42C661551860E008004476D3 /* test.cpp in Sources */,
				42C6615E1860E01C004476D3 /* test_digital_evolution.cpp in Sources */,
				42C6615F1860E01F004476D3 /* test_digital_evolution_types.cpp in Sources */,
			);
			runOnlyForDeploymentPostprocessing = 0;
		};
		42C661641860FBE5004476D3 /* Sources */ = {
			isa = PBXSourcesBuildPhase;
			buildActionMask = 2147483647;
			files = (
				42C661651860FBE5004476D3 /* cmdline_interface.cpp in Sources */,
				42C6616C1860FBE5004476D3 /* test.cpp in Sources */,
				42C6617C1860FC0B004476D3 /* test_lod.cpp in Sources */,
			);
			runOnlyForDeploymentPostprocessing = 0;
		};
		42E1921618771AE9009EF3A7 /* Sources */ = {
			isa = PBXSourcesBuildPhase;
			buildActionMask = 2147483647;
			files = (
				42E1922C18771B21009EF3A7 /* test_ealib2.cpp in Sources */,
			);
			runOnlyForDeploymentPostprocessing = 0;
		};
/* End PBXSourcesBuildPhase section */

/* Begin PBXTargetDependency section */
		42841C8815AFB15700AB18BE /* PBXTargetDependency */ = {
			isa = PBXTargetDependency;
			target = 423CBD9E157D0E0B0003A644 /* ea */;
			targetProxy = 42841C8715AFB15700AB18BE /* PBXContainerItemProxy */;
		};
		42841C8E15AFB15700AB18BE /* PBXTargetDependency */ = {
			isa = PBXTargetDependency;
			target = 423CBE56157D0FCC0003A644 /* test_ealib */;
			targetProxy = 42841C8D15AFB15700AB18BE /* PBXContainerItemProxy */;
		};
		428B7208184F6B7600E3BB4E /* PBXTargetDependency */ = {
			isa = PBXTargetDependency;
			target = 428B71FA184F664D00E3BB4E /* test_ann */;
			targetProxy = 428B7207184F6B7600E3BB4E /* PBXContainerItemProxy */;
		};
		428B720A184F6B7600E3BB4E /* PBXTargetDependency */ = {
			isa = PBXTargetDependency;
			target = 428B711C18490E8F00E3BB4E /* test_mkv */;
			targetProxy = 428B7209184F6B7600E3BB4E /* PBXContainerItemProxy */;
		};
		42C6617E18614DF3004476D3 /* PBXTargetDependency */ = {
			isa = PBXTargetDependency;
			target = 42C661511860E008004476D3 /* test_devo */;
			targetProxy = 42C6617D18614DF3004476D3 /* PBXContainerItemProxy */;
		};
		42C6618018614DF3004476D3 /* PBXTargetDependency */ = {
			isa = PBXTargetDependency;
			target = 42C661631860FBE5004476D3 /* test_lod */;
			targetProxy = 42C6617F18614DF3004476D3 /* PBXContainerItemProxy */;
		};
		42C6618218614DF3004476D3 /* PBXTargetDependency */ = {
			isa = PBXTargetDependency;
			target = 42C661361860DC07004476D3 /* test_mp */;
			targetProxy = 42C6618118614DF3004476D3 /* PBXContainerItemProxy */;
		};
/* End PBXTargetDependency section */

/* Begin XCBuildConfiguration section */
		423CBC7D157D0D440003A644 /* Debug */ = {
			isa = XCBuildConfiguration;
			baseConfigurationReference = 423CBC85157D0D910003A644 /* ealib.xcconfig */;
			buildSettings = {
			};
			name = Debug;
		};
		423CBC7E157D0D440003A644 /* Release */ = {
			isa = XCBuildConfiguration;
			baseConfigurationReference = 423CBC85157D0D910003A644 /* ealib.xcconfig */;
			buildSettings = {
			};
			name = Release;
		};
		423CBDA1157D0E0B0003A644 /* Debug */ = {
			isa = XCBuildConfiguration;
			buildSettings = {
			};
			name = Debug;
		};
		423CBDA2157D0E0B0003A644 /* Release */ = {
			isa = XCBuildConfiguration;
			buildSettings = {
			};
			name = Release;
		};
		423CBE5F157D0FCD0003A644 /* Debug */ = {
			isa = XCBuildConfiguration;
			buildSettings = {
			};
			name = Debug;
		};
		423CBE60157D0FCD0003A644 /* Release */ = {
			isa = XCBuildConfiguration;
			buildSettings = {
			};
			name = Release;
		};
		42841C8515AFB14100AB18BE /* Debug */ = {
			isa = XCBuildConfiguration;
			buildSettings = {
				PRODUCT_NAME = "$(TARGET_NAME)";
			};
			name = Debug;
		};
		42841C8615AFB14100AB18BE /* Release */ = {
			isa = XCBuildConfiguration;
			buildSettings = {
				PRODUCT_NAME = "$(TARGET_NAME)";
			};
			name = Release;
		};
		428B712518490E8F00E3BB4E /* Debug */ = {
			isa = XCBuildConfiguration;
			buildSettings = {
			};
			name = Debug;
		};
		428B712618490E8F00E3BB4E /* Release */ = {
			isa = XCBuildConfiguration;
			buildSettings = {
			};
			name = Release;
		};
		428B7202184F664D00E3BB4E /* Debug */ = {
			isa = XCBuildConfiguration;
			buildSettings = {
				PRODUCT_NAME = "test_mkv copy";
			};
			name = Debug;
		};
		428B7203184F664D00E3BB4E /* Release */ = {
			isa = XCBuildConfiguration;
			buildSettings = {
				PRODUCT_NAME = "test_mkv copy";
			};
			name = Release;
		};
		42C6614E1860DC07004476D3 /* Debug */ = {
			isa = XCBuildConfiguration;
			buildSettings = {
			};
			name = Debug;
		};
		42C6614F1860DC07004476D3 /* Release */ = {
			isa = XCBuildConfiguration;
			buildSettings = {
			};
			name = Release;
		};
		42C6615B1860E008004476D3 /* Debug */ = {
			isa = XCBuildConfiguration;
			buildSettings = {
				PRODUCT_NAME = "test_mp copy";
			};
			name = Debug;
		};
		42C6615C1860E008004476D3 /* Release */ = {
			isa = XCBuildConfiguration;
			buildSettings = {
				PRODUCT_NAME = "test_mp copy";
			};
			name = Release;
		};
		42C661771860FBE5004476D3 /* Debug */ = {
			isa = XCBuildConfiguration;
			buildSettings = {
				PRODUCT_NAME = "test_ealib copy";
			};
			name = Debug;
		};
		42C661781860FBE5004476D3 /* Release */ = {
			isa = XCBuildConfiguration;
			buildSettings = {
				PRODUCT_NAME = "test_ealib copy";
			};
			name = Release;
		};
		42E1922718771AE9009EF3A7 /* Debug */ = {
			isa = XCBuildConfiguration;
			buildSettings = {
				PRODUCT_NAME = "test_ealib copy";
			};
			name = Debug;
		};
		42E1922818771AE9009EF3A7 /* Release */ = {
			isa = XCBuildConfiguration;
			buildSettings = {
				PRODUCT_NAME = "test_ealib copy";
			};
			name = Release;
		};
/* End XCBuildConfiguration section */

/* Begin XCConfigurationList section */
		423CBC75157D0D440003A644 /* Build configuration list for PBXProject "ealib" */ = {
			isa = XCConfigurationList;
			buildConfigurations = (
				423CBC7D157D0D440003A644 /* Debug */,
				423CBC7E157D0D440003A644 /* Release */,
			);
			defaultConfigurationIsVisible = 0;
			defaultConfigurationName = Release;
		};
		423CBDA0157D0E0B0003A644 /* Build configuration list for PBXNativeTarget "ea" */ = {
			isa = XCConfigurationList;
			buildConfigurations = (
				423CBDA1157D0E0B0003A644 /* Debug */,
				423CBDA2157D0E0B0003A644 /* Release */,
			);
			defaultConfigurationIsVisible = 0;
			defaultConfigurationName = Release;
		};
		423CBE5E157D0FCD0003A644 /* Build configuration list for PBXNativeTarget "test_ealib" */ = {
			isa = XCConfigurationList;
			buildConfigurations = (
				423CBE5F157D0FCD0003A644 /* Debug */,
				423CBE60157D0FCD0003A644 /* Release */,
			);
			defaultConfigurationIsVisible = 0;
			defaultConfigurationName = Release;
		};
		42841C8415AFB14100AB18BE /* Build configuration list for PBXAggregateTarget "all" */ = {
			isa = XCConfigurationList;
			buildConfigurations = (
				42841C8515AFB14100AB18BE /* Debug */,
				42841C8615AFB14100AB18BE /* Release */,
			);
			defaultConfigurationIsVisible = 0;
			defaultConfigurationName = Release;
		};
		428B712418490E8F00E3BB4E /* Build configuration list for PBXNativeTarget "test_mkv" */ = {
			isa = XCConfigurationList;
			buildConfigurations = (
				428B712518490E8F00E3BB4E /* Debug */,
				428B712618490E8F00E3BB4E /* Release */,
			);
			defaultConfigurationIsVisible = 0;
			defaultConfigurationName = Release;
		};
		428B7201184F664D00E3BB4E /* Build configuration list for PBXNativeTarget "test_ann" */ = {
			isa = XCConfigurationList;
			buildConfigurations = (
				428B7202184F664D00E3BB4E /* Debug */,
				428B7203184F664D00E3BB4E /* Release */,
			);
			defaultConfigurationIsVisible = 0;
			defaultConfigurationName = Release;
		};
		42C6614D1860DC07004476D3 /* Build configuration list for PBXNativeTarget "test_mp" */ = {
			isa = XCConfigurationList;
			buildConfigurations = (
				42C6614E1860DC07004476D3 /* Debug */,
				42C6614F1860DC07004476D3 /* Release */,
			);
			defaultConfigurationIsVisible = 0;
			defaultConfigurationName = Release;
		};
		42C6615A1860E008004476D3 /* Build configuration list for PBXNativeTarget "test_devo" */ = {
			isa = XCConfigurationList;
			buildConfigurations = (
				42C6615B1860E008004476D3 /* Debug */,
				42C6615C1860E008004476D3 /* Release */,
			);
			defaultConfigurationIsVisible = 0;
			defaultConfigurationName = Release;
		};
		42C661761860FBE5004476D3 /* Build configuration list for PBXNativeTarget "test_lod" */ = {
			isa = XCConfigurationList;
			buildConfigurations = (
				42C661771860FBE5004476D3 /* Debug */,
				42C661781860FBE5004476D3 /* Release */,
			);
			defaultConfigurationIsVisible = 0;
			defaultConfigurationName = Release;
		};
		42E1922618771AE9009EF3A7 /* Build configuration list for PBXNativeTarget "test_ealib2" */ = {
			isa = XCConfigurationList;
			buildConfigurations = (
				42E1922718771AE9009EF3A7 /* Debug */,
				42E1922818771AE9009EF3A7 /* Release */,
			);
			defaultConfigurationIsVisible = 0;
			defaultConfigurationName = Release;
		};
/* End XCConfigurationList section */
	};
	rootObject = 423CBC72157D0D440003A644 /* Project object */;
}
