// !$*UTF8*$!
{
	archiveVersion = 1;
	classes = {
	};
	objectVersion = 46;
	objects = {

/* Begin PBXAggregateTarget section */
		42841C8315AFB14100AB18BE /* all */ = {
			isa = PBXAggregateTarget;
			buildConfigurationList = 42841C8415AFB14100AB18BE /* Build configuration list for PBXAggregateTarget "all" */;
			buildPhases = (
			);
			dependencies = (
				42841C8815AFB15700AB18BE /* PBXTargetDependency */,
				42841C8C15AFB15700AB18BE /* PBXTargetDependency */,
				42841C8E15AFB15700AB18BE /* PBXTargetDependency */,
				42841C9215AFB15700AB18BE /* PBXTargetDependency */,
				42841C9415AFB15700AB18BE /* PBXTargetDependency */,
				42841CAA15AFB25F00AB18BE /* PBXTargetDependency */,
			);
			name = all;
			productName = all;
		};
/* End PBXAggregateTarget section */

/* Begin PBXBuildFile section */
		423CBE41157D0ECF0003A644 /* main.cpp in Sources */ = {isa = PBXBuildFile; fileRef = 423CBDF0157D0E450003A644 /* main.cpp */; };
		423CBE42157D0ECF0003A644 /* runner.cpp in Sources */ = {isa = PBXBuildFile; fileRef = 423CBDF1157D0E450003A644 /* runner.cpp */; };
		423CBE61157D0FF50003A644 /* test.cpp in Sources */ = {isa = PBXBuildFile; fileRef = 423CBDF3157D0E450003A644 /* test.cpp */; };
		423CBE62157D0FF50003A644 /* test_analysis.cpp in Sources */ = {isa = PBXBuildFile; fileRef = 423CBDF5157D0E450003A644 /* test_analysis.cpp */; };
		423CBE63157D0FF50003A644 /* test_checkpoint.cpp in Sources */ = {isa = PBXBuildFile; fileRef = 423CBDF6157D0E450003A644 /* test_checkpoint.cpp */; };
		423CBE64157D0FF50003A644 /* test_ealife.cpp in Sources */ = {isa = PBXBuildFile; fileRef = 423CBDF7157D0E450003A644 /* test_ealife.cpp */; };
		423CBE65157D0FF50003A644 /* test_generational.cpp in Sources */ = {isa = PBXBuildFile; fileRef = 423CBDF8157D0E450003A644 /* test_generational.cpp */; };
		423CBE66157D0FF50003A644 /* test_meta_data.cpp in Sources */ = {isa = PBXBuildFile; fileRef = 423CBDF9157D0E450003A644 /* test_meta_data.cpp */; };
		423CBE67157D0FF50003A644 /* test_recombination.cpp in Sources */ = {isa = PBXBuildFile; fileRef = 423CBDFA157D0E450003A644 /* test_recombination.cpp */; };
		423CBE68157D0FF50003A644 /* test_rng.cpp in Sources */ = {isa = PBXBuildFile; fileRef = 423CBDFB157D0E450003A644 /* test_rng.cpp */; };
		423CBE69157D0FF50003A644 /* test_selection.cpp in Sources */ = {isa = PBXBuildFile; fileRef = 423CBDFC157D0E450003A644 /* test_selection.cpp */; };
		423CBE70157D10C80003A644 /* libboost_iostreams.dylib in Frameworks */ = {isa = PBXBuildFile; fileRef = 423CBE6A157D10C80003A644 /* libboost_iostreams.dylib */; };
		423CBE71157D10C80003A644 /* libboost_program_options.dylib in Frameworks */ = {isa = PBXBuildFile; fileRef = 423CBE6B157D10C80003A644 /* libboost_program_options.dylib */; };
		423CBE72157D10C80003A644 /* libboost_regex.dylib in Frameworks */ = {isa = PBXBuildFile; fileRef = 423CBE6C157D10C80003A644 /* libboost_regex.dylib */; };
		423CBE73157D10C80003A644 /* libboost_serialization.dylib in Frameworks */ = {isa = PBXBuildFile; fileRef = 423CBE6D157D10C80003A644 /* libboost_serialization.dylib */; };
		423CBE74157D10C80003A644 /* libboost_signals.dylib in Frameworks */ = {isa = PBXBuildFile; fileRef = 423CBE6E157D10C80003A644 /* libboost_signals.dylib */; };
		423CBE75157D10C80003A644 /* libboost_unit_test_framework.dylib in Frameworks */ = {isa = PBXBuildFile; fileRef = 423CBE6F157D10C80003A644 /* libboost_unit_test_framework.dylib */; };
		4281FC5615CAE0FB00167444 /* libboost_unit_test_framework.dylib in Frameworks */ = {isa = PBXBuildFile; fileRef = 423CBE6F157D10C80003A644 /* libboost_unit_test_framework.dylib */; };
		4281FC5F15CAE20D00167444 /* traits.h in Headers */ = {isa = PBXBuildFile; fileRef = 4281FC5E15CAE20D00167444 /* traits.h */; };
		4281FC6015CAE29200167444 /* test.cpp in Sources */ = {isa = PBXBuildFile; fileRef = 4281FC4D15CAE0AA00167444 /* test.cpp */; };
		42841C2A15A5F4D900AB18BE /* test_circular.cpp in Sources */ = {isa = PBXBuildFile; fileRef = 42841C2915A5F4D800AB18BE /* test_circular.cpp */; };
		42841C5E15ADA3F700AB18BE /* libboost_unit_test_framework.dylib in Frameworks */ = {isa = PBXBuildFile; fileRef = 423CBE6F157D10C80003A644 /* libboost_unit_test_framework.dylib */; };
		42841C6515ADA42B00AB18BE /* test.cpp in Sources */ = {isa = PBXBuildFile; fileRef = 42841C4115ADA06B00AB18BE /* test.cpp */; };
		42841C6615ADA42B00AB18BE /* test_markov_network.cpp in Sources */ = {isa = PBXBuildFile; fileRef = 42841C4315ADA06B00AB18BE /* test_markov_network.cpp */; };
		42841C8215AEFAE800AB18BE /* test_meta_population.cpp in Sources */ = {isa = PBXBuildFile; fileRef = 42841C8115AEFAE700AB18BE /* test_meta_population.cpp */; };
		42841C9C15AFB23200AB18BE /* libea.a in Frameworks */ = {isa = PBXBuildFile; fileRef = 423CBD9F157D0E0B0003A644 /* libea.a */; };
		42841C9D15AFB23200AB18BE /* libboost_iostreams.dylib in Frameworks */ = {isa = PBXBuildFile; fileRef = 423CBE6A157D10C80003A644 /* libboost_iostreams.dylib */; };
		42841C9E15AFB23200AB18BE /* libboost_program_options.dylib in Frameworks */ = {isa = PBXBuildFile; fileRef = 423CBE6B157D10C80003A644 /* libboost_program_options.dylib */; };
		42841C9F15AFB23200AB18BE /* libboost_regex.dylib in Frameworks */ = {isa = PBXBuildFile; fileRef = 423CBE6C157D10C80003A644 /* libboost_regex.dylib */; };
		42841CA015AFB23200AB18BE /* libboost_serialization.dylib in Frameworks */ = {isa = PBXBuildFile; fileRef = 423CBE6D157D10C80003A644 /* libboost_serialization.dylib */; };
		42841CA115AFB23200AB18BE /* libboost_signals.dylib in Frameworks */ = {isa = PBXBuildFile; fileRef = 423CBE6E157D10C80003A644 /* libboost_signals.dylib */; };
		42841CA815AFB24500AB18BE /* mp_all_ones.cpp in Sources */ = {isa = PBXBuildFile; fileRef = 42841C9515AFB1A100AB18BE /* mp_all_ones.cpp */; };
		42F4B63315822A7B0075D6EF /* attributes.h in Headers */ = {isa = PBXBuildFile; fileRef = 42F4B63215822A7B0075D6EF /* attributes.h */; };
		42F5BD2F1587668700EB6B14 /* libboost_iostreams.dylib in Frameworks */ = {isa = PBXBuildFile; fileRef = 423CBE6A157D10C80003A644 /* libboost_iostreams.dylib */; };
		42F5BD301587668700EB6B14 /* libboost_program_options.dylib in Frameworks */ = {isa = PBXBuildFile; fileRef = 423CBE6B157D10C80003A644 /* libboost_program_options.dylib */; };
		42F5BD311587668700EB6B14 /* libboost_regex.dylib in Frameworks */ = {isa = PBXBuildFile; fileRef = 423CBE6C157D10C80003A644 /* libboost_regex.dylib */; };
		42F5BD321587668700EB6B14 /* libboost_serialization.dylib in Frameworks */ = {isa = PBXBuildFile; fileRef = 423CBE6D157D10C80003A644 /* libboost_serialization.dylib */; };
		42F5BD331587668700EB6B14 /* libboost_signals.dylib in Frameworks */ = {isa = PBXBuildFile; fileRef = 423CBE6E157D10C80003A644 /* libboost_signals.dylib */; };
		42F5BD3B158766A700EB6B14 /* all_ones.cpp in Sources */ = {isa = PBXBuildFile; fileRef = 42F5BD211587666E00EB6B14 /* all_ones.cpp */; };
		42F5BD3E158766B100EB6B14 /* libea.a in Frameworks */ = {isa = PBXBuildFile; fileRef = 423CBD9F157D0E0B0003A644 /* libea.a */; };
/* End PBXBuildFile section */

/* Begin PBXContainerItemProxy section */
		42841C8715AFB15700AB18BE /* PBXContainerItemProxy */ = {
			isa = PBXContainerItemProxy;
			containerPortal = 423CBC72157D0D440003A644 /* Project object */;
			proxyType = 1;
			remoteGlobalIDString = 423CBD9E157D0E0B0003A644;
			remoteInfo = ea;
		};
		42841C8B15AFB15700AB18BE /* PBXContainerItemProxy */ = {
			isa = PBXContainerItemProxy;
			containerPortal = 423CBC72157D0D440003A644 /* Project object */;
			proxyType = 1;
			remoteGlobalIDString = 42841C6715ADA43900AB18BE;
			remoteInfo = mkv;
		};
		42841C8D15AFB15700AB18BE /* PBXContainerItemProxy */ = {
			isa = PBXContainerItemProxy;
			containerPortal = 423CBC72157D0D440003A644 /* Project object */;
			proxyType = 1;
			remoteGlobalIDString = 423CBE56157D0FCC0003A644;
			remoteInfo = libea_test;
		};
		42841C9115AFB15700AB18BE /* PBXContainerItemProxy */ = {
			isa = PBXContainerItemProxy;
			containerPortal = 423CBC72157D0D440003A644 /* Project object */;
			proxyType = 1;
			remoteGlobalIDString = 42841C5215ADA3F700AB18BE;
			remoteInfo = libmkv_test;
		};
		42841C9315AFB15700AB18BE /* PBXContainerItemProxy */ = {
			isa = PBXContainerItemProxy;
			containerPortal = 423CBC72157D0D440003A644 /* Project object */;
			proxyType = 1;
			remoteGlobalIDString = 42F5BD231587668700EB6B14;
			remoteInfo = all_ones;
		};
		42841C9815AFB23200AB18BE /* PBXContainerItemProxy */ = {
			isa = PBXContainerItemProxy;
			containerPortal = 423CBC72157D0D440003A644 /* Project object */;
			proxyType = 1;
			remoteGlobalIDString = 423CBD9E157D0E0B0003A644;
			remoteInfo = ea;
		};
		42841CA915AFB25F00AB18BE /* PBXContainerItemProxy */ = {
			isa = PBXContainerItemProxy;
			containerPortal = 423CBC72157D0D440003A644 /* Project object */;
			proxyType = 1;
			remoteGlobalIDString = 42841C9615AFB23200AB18BE;
			remoteInfo = mp_all_ones;
		};
		42F5BD3C158766AB00EB6B14 /* PBXContainerItemProxy */ = {
			isa = PBXContainerItemProxy;
			containerPortal = 423CBC72157D0D440003A644 /* Project object */;
			proxyType = 1;
			remoteGlobalIDString = 423CBD9E157D0E0B0003A644;
			remoteInfo = ea;
		};
/* End PBXContainerItemProxy section */

/* Begin PBXCopyFilesBuildPhase section */
		423CBE55157D0FCC0003A644 /* CopyFiles */ = {
			isa = PBXCopyFilesBuildPhase;
			buildActionMask = 2147483647;
			dstPath = /usr/share/man/man1/;
			dstSubfolderSpec = 0;
			files = (
			);
			runOnlyForDeploymentPostprocessing = 1;
		};
		4281FC5715CAE0FB00167444 /* CopyFiles */ = {
			isa = PBXCopyFilesBuildPhase;
			buildActionMask = 2147483647;
			dstPath = /usr/share/man/man1/;
			dstSubfolderSpec = 0;
			files = (
			);
			runOnlyForDeploymentPostprocessing = 1;
		};
		42841C5F15ADA3F700AB18BE /* CopyFiles */ = {
			isa = PBXCopyFilesBuildPhase;
			buildActionMask = 2147483647;
			dstPath = /usr/share/man/man1/;
			dstSubfolderSpec = 0;
			files = (
			);
			runOnlyForDeploymentPostprocessing = 1;
		};
		42841CA215AFB23200AB18BE /* CopyFiles */ = {
			isa = PBXCopyFilesBuildPhase;
			buildActionMask = 2147483647;
			dstPath = /usr/share/man/man1/;
			dstSubfolderSpec = 0;
			files = (
			);
			runOnlyForDeploymentPostprocessing = 1;
		};
		42F5BD351587668700EB6B14 /* CopyFiles */ = {
			isa = PBXCopyFilesBuildPhase;
			buildActionMask = 2147483647;
			dstPath = /usr/share/man/man1/;
			dstSubfolderSpec = 0;
			files = (
			);
			runOnlyForDeploymentPostprocessing = 1;
		};
/* End PBXCopyFilesBuildPhase section */

/* Begin PBXFileReference section */
		423CBC83157D0D910003A644 /* boost_howto.rtf */ = {isa = PBXFileReference; fileEncoding = 4; lastKnownFileType = text.rtf; path = boost_howto.rtf; sourceTree = "<group>"; };
		423CBC85157D0D910003A644 /* ealib.xcconfig */ = {isa = PBXFileReference; fileEncoding = 4; lastKnownFileType = text.xcconfig; path = ealib.xcconfig; sourceTree = "<group>"; };
		423CBC86157D0D910003A644 /* Jamroot */ = {isa = PBXFileReference; fileEncoding = 4; lastKnownFileType = text; path = Jamroot; sourceTree = "<group>"; };
		423CBD9F157D0E0B0003A644 /* libea.a */ = {isa = PBXFileReference; explicitFileType = archive.ar; includeInIndex = 0; path = libea.a; sourceTree = BUILT_PRODUCTS_DIR; };
		423CBDAE157D0E450003A644 /* algorithm.h */ = {isa = PBXFileReference; lastKnownFileType = sourcecode.c.h; path = algorithm.h; sourceTree = "<group>"; };
		423CBDB0157D0E450003A644 /* epistasis.h */ = {isa = PBXFileReference; lastKnownFileType = sourcecode.c.h; path = epistasis.h; sourceTree = "<group>"; };
		423CBDB1157D0E450003A644 /* girvan_newman_clustering.h */ = {isa = PBXFileReference; lastKnownFileType = sourcecode.c.h; path = girvan_newman_clustering.h; sourceTree = "<group>"; };
		423CBDB2157D0E450003A644 /* graph.h */ = {isa = PBXFileReference; lastKnownFileType = sourcecode.c.h; path = graph.h; sourceTree = "<group>"; };
		423CBDB3157D0E450003A644 /* individual.h */ = {isa = PBXFileReference; lastKnownFileType = sourcecode.c.h; path = individual.h; sourceTree = "<group>"; };
		423CBDB4157D0E450003A644 /* information.h */ = {isa = PBXFileReference; lastKnownFileType = sourcecode.c.h; path = information.h; sourceTree = "<group>"; };
		423CBDB5157D0E450003A644 /* landscape.h */ = {isa = PBXFileReference; lastKnownFileType = sourcecode.c.h; path = landscape.h; sourceTree = "<group>"; };
		423CBDB6157D0E450003A644 /* line_of_descent.h */ = {isa = PBXFileReference; lastKnownFileType = sourcecode.c.h; path = line_of_descent.h; sourceTree = "<group>"; };
		423CBDB7157D0E450003A644 /* modularity.h */ = {isa = PBXFileReference; lastKnownFileType = sourcecode.c.h; path = modularity.h; sourceTree = "<group>"; };
		423CBDB8157D0E450003A644 /* population.h */ = {isa = PBXFileReference; lastKnownFileType = sourcecode.c.h; path = population.h; sourceTree = "<group>"; };
		423CBDB9157D0E450003A644 /* tool.h */ = {isa = PBXFileReference; lastKnownFileType = sourcecode.c.h; path = tool.h; sourceTree = "<group>"; };
		423CBDBA157D0E450003A644 /* analysis.h */ = {isa = PBXFileReference; lastKnownFileType = sourcecode.c.h; path = analysis.h; sourceTree = "<group>"; };
		423CBDBC157D0E450003A644 /* artificial_life.h */ = {isa = PBXFileReference; lastKnownFileType = sourcecode.c.h; path = artificial_life.h; sourceTree = "<group>"; };
		423CBDBE157D0E450003A644 /* hardware.h */ = {isa = PBXFileReference; lastKnownFileType = sourcecode.c.h; path = hardware.h; sourceTree = "<group>"; };
		423CBDBF157D0E450003A644 /* instructions.h */ = {isa = PBXFileReference; lastKnownFileType = sourcecode.c.h; path = instructions.h; sourceTree = "<group>"; };
		423CBDC0157D0E450003A644 /* isa.h */ = {isa = PBXFileReference; lastKnownFileType = sourcecode.c.h; path = isa.h; sourceTree = "<group>"; };
		423CBDC1157D0E450003A644 /* organism.h */ = {isa = PBXFileReference; lastKnownFileType = sourcecode.c.h; path = organism.h; sourceTree = "<group>"; };
		423CBDC2157D0E450003A644 /* replication.h */ = {isa = PBXFileReference; lastKnownFileType = sourcecode.c.h; path = replication.h; sourceTree = "<group>"; };
		423CBDC3157D0E450003A644 /* schedulers.h */ = {isa = PBXFileReference; lastKnownFileType = sourcecode.c.h; path = schedulers.h; sourceTree = "<group>"; };
		423CBDC4157D0E450003A644 /* task_library.h */ = {isa = PBXFileReference; lastKnownFileType = sourcecode.c.h; path = task_library.h; sourceTree = "<group>"; };
		423CBDC5157D0E450003A644 /* well_mixed.h */ = {isa = PBXFileReference; lastKnownFileType = sourcecode.c.h; path = well_mixed.h; sourceTree = "<group>"; };
		423CBDC6157D0E450003A644 /* checkpoint.h */ = {isa = PBXFileReference; lastKnownFileType = sourcecode.c.h; path = checkpoint.h; sourceTree = "<group>"; };
		423CBDC7157D0E450003A644 /* cvector.h */ = {isa = PBXFileReference; lastKnownFileType = sourcecode.c.h; path = cvector.h; sourceTree = "<group>"; };
		423CBDC8157D0E450003A644 /* cmdline_interface.h */ = {isa = PBXFileReference; lastKnownFileType = sourcecode.c.h; path = cmdline_interface.h; sourceTree = "<group>"; };
		423CBDC9157D0E450003A644 /* concepts.h */ = {isa = PBXFileReference; lastKnownFileType = sourcecode.c.h; path = concepts.h; sourceTree = "<group>"; };
		423CBDCA157D0E450003A644 /* datafile.h */ = {isa = PBXFileReference; lastKnownFileType = sourcecode.c.h; path = datafile.h; sourceTree = "<group>"; };
		423CBDCC157D0E450003A644 /* generation_fitness.h */ = {isa = PBXFileReference; lastKnownFileType = sourcecode.c.h; path = generation_fitness.h; sourceTree = "<group>"; };
		423CBDCD157D0E450003A644 /* events.h */ = {isa = PBXFileReference; lastKnownFileType = sourcecode.c.h; path = events.h; sourceTree = "<group>"; };
		423CBDCE157D0E450003A644 /* evolutionary_algorithm.h */ = {isa = PBXFileReference; lastKnownFileType = sourcecode.c.h; path = evolutionary_algorithm.h; sourceTree = "<group>"; };
		423CBDCF157D0E450003A644 /* exceptions.h */ = {isa = PBXFileReference; lastKnownFileType = sourcecode.c.h; path = exceptions.h; sourceTree = "<group>"; };
		423CBDD0157D0E450003A644 /* fitness_function.h */ = {isa = PBXFileReference; lastKnownFileType = sourcecode.c.h; path = fitness_function.h; sourceTree = "<group>"; };
		423CBDD2157D0E450003A644 /* all_ones.h */ = {isa = PBXFileReference; lastKnownFileType = sourcecode.c.h; path = all_ones.h; sourceTree = "<group>"; };
		423CBDD3157D0E450003A644 /* direct.h */ = {isa = PBXFileReference; lastKnownFileType = sourcecode.c.h; path = direct.h; sourceTree = "<group>"; };
		423CBDD4157D0E450003A644 /* nk.h */ = {isa = PBXFileReference; lastKnownFileType = sourcecode.c.h; path = nk.h; sourceTree = "<group>"; };
		423CBDD5157D0E450003A644 /* generational_model.h */ = {isa = PBXFileReference; lastKnownFileType = sourcecode.c.h; path = generational_model.h; sourceTree = "<group>"; };
		423CBDD7157D0E450003A644 /* death_birth_process.h */ = {isa = PBXFileReference; lastKnownFileType = sourcecode.c.h; path = death_birth_process.h; sourceTree = "<group>"; };
		423CBDD8157D0E450003A644 /* nsga2.h */ = {isa = PBXFileReference; lastKnownFileType = sourcecode.c.h; path = nsga2.h; sourceTree = "<group>"; };
		423CBDD9157D0E450003A644 /* synchronous.h */ = {isa = PBXFileReference; lastKnownFileType = sourcecode.c.h; path = synchronous.h; sourceTree = "<group>"; };
		423CBDDA157D0E450003A644 /* generators.h */ = {isa = PBXFileReference; lastKnownFileType = sourcecode.c.h; path = generators.h; sourceTree = "<group>"; };
		423CBDDB157D0E450003A644 /* individual.h */ = {isa = PBXFileReference; lastKnownFileType = sourcecode.c.h; path = individual.h; sourceTree = "<group>"; };
		423CBDDC157D0E450003A644 /* initialization.h */ = {isa = PBXFileReference; lastKnownFileType = sourcecode.c.h; path = initialization.h; sourceTree = "<group>"; };
		423CBDDD157D0E450003A644 /* interface.h */ = {isa = PBXFileReference; lastKnownFileType = sourcecode.c.h; path = interface.h; sourceTree = "<group>"; };
		423CBDDE157D0E450003A644 /* landscape.h */ = {isa = PBXFileReference; lastKnownFileType = sourcecode.c.h; path = landscape.h; sourceTree = "<group>"; };
		423CBDDF157D0E450003A644 /* line_of_descent.h */ = {isa = PBXFileReference; lastKnownFileType = sourcecode.c.h; path = line_of_descent.h; sourceTree = "<group>"; };
		423CBDE0157D0E450003A644 /* meta_data.h */ = {isa = PBXFileReference; lastKnownFileType = sourcecode.c.h; path = meta_data.h; sourceTree = "<group>"; };
		423CBDE1157D0E450003A644 /* mutation.h */ = {isa = PBXFileReference; lastKnownFileType = sourcecode.c.h; path = mutation.h; sourceTree = "<group>"; };
		423CBDE2157D0E450003A644 /* population.h */ = {isa = PBXFileReference; lastKnownFileType = sourcecode.c.h; path = population.h; sourceTree = "<group>"; };
		423CBDE3157D0E450003A644 /* recombination.h */ = {isa = PBXFileReference; lastKnownFileType = sourcecode.c.h; path = recombination.h; sourceTree = "<group>"; };
		423CBDE5157D0E450003A644 /* circular_genome.h */ = {isa = PBXFileReference; lastKnownFileType = sourcecode.c.h; path = circular_genome.h; sourceTree = "<group>"; };
		423CBDE6157D0E450003A644 /* numeric_vector.h */ = {isa = PBXFileReference; lastKnownFileType = sourcecode.c.h; path = numeric_vector.h; sourceTree = "<group>"; };
		423CBDE7157D0E450003A644 /* rng.h */ = {isa = PBXFileReference; lastKnownFileType = sourcecode.c.h; path = rng.h; sourceTree = "<group>"; };
		423CBDE9157D0E450003A644 /* elitism.h */ = {isa = PBXFileReference; lastKnownFileType = sourcecode.c.h; path = elitism.h; sourceTree = "<group>"; };
		423CBDEA157D0E450003A644 /* proportionate.h */ = {isa = PBXFileReference; lastKnownFileType = sourcecode.c.h; path = proportionate.h; sourceTree = "<group>"; };
		423CBDEB157D0E450003A644 /* random.h */ = {isa = PBXFileReference; lastKnownFileType = sourcecode.c.h; path = random.h; sourceTree = "<group>"; };
		423CBDEC157D0E450003A644 /* tournament.h */ = {isa = PBXFileReference; lastKnownFileType = sourcecode.c.h; path = tournament.h; sourceTree = "<group>"; };
		423CBDED157D0E450003A644 /* truncation.h */ = {isa = PBXFileReference; lastKnownFileType = sourcecode.c.h; path = truncation.h; sourceTree = "<group>"; };
		423CBDEE157D0E450003A644 /* Jamfile */ = {isa = PBXFileReference; lastKnownFileType = sourcecode.jam; path = Jamfile; sourceTree = "<group>"; };
		423CBDF0157D0E450003A644 /* main.cpp */ = {isa = PBXFileReference; lastKnownFileType = sourcecode.cpp.cpp; path = main.cpp; sourceTree = "<group>"; };
		423CBDF1157D0E450003A644 /* runner.cpp */ = {isa = PBXFileReference; lastKnownFileType = sourcecode.cpp.cpp; path = runner.cpp; sourceTree = "<group>"; };
		423CBDF3157D0E450003A644 /* test.cpp */ = {isa = PBXFileReference; lastKnownFileType = sourcecode.cpp.cpp; path = test.cpp; sourceTree = "<group>"; };
		423CBDF4157D0E450003A644 /* test.h */ = {isa = PBXFileReference; lastKnownFileType = sourcecode.c.h; path = test.h; sourceTree = "<group>"; };
		423CBDF5157D0E450003A644 /* test_analysis.cpp */ = {isa = PBXFileReference; lastKnownFileType = sourcecode.cpp.cpp; path = test_analysis.cpp; sourceTree = "<group>"; };
		423CBDF6157D0E450003A644 /* test_checkpoint.cpp */ = {isa = PBXFileReference; lastKnownFileType = sourcecode.cpp.cpp; path = test_checkpoint.cpp; sourceTree = "<group>"; };
		423CBDF7157D0E450003A644 /* test_ealife.cpp */ = {isa = PBXFileReference; lastKnownFileType = sourcecode.cpp.cpp; path = test_ealife.cpp; sourceTree = "<group>"; };
		423CBDF8157D0E450003A644 /* test_generational.cpp */ = {isa = PBXFileReference; lastKnownFileType = sourcecode.cpp.cpp; path = test_generational.cpp; sourceTree = "<group>"; };
		423CBDF9157D0E450003A644 /* test_meta_data.cpp */ = {isa = PBXFileReference; lastKnownFileType = sourcecode.cpp.cpp; path = test_meta_data.cpp; sourceTree = "<group>"; };
		423CBDFA157D0E450003A644 /* test_recombination.cpp */ = {isa = PBXFileReference; lastKnownFileType = sourcecode.cpp.cpp; path = test_recombination.cpp; sourceTree = "<group>"; };
		423CBDFB157D0E450003A644 /* test_rng.cpp */ = {isa = PBXFileReference; lastKnownFileType = sourcecode.cpp.cpp; path = test_rng.cpp; sourceTree = "<group>"; };
		423CBDFC157D0E450003A644 /* test_selection.cpp */ = {isa = PBXFileReference; lastKnownFileType = sourcecode.cpp.cpp; path = test_selection.cpp; sourceTree = "<group>"; };
		423CBE57157D0FCC0003A644 /* libea_test */ = {isa = PBXFileReference; explicitFileType = "compiled.mach-o.executable"; includeInIndex = 0; path = libea_test; sourceTree = BUILT_PRODUCTS_DIR; };
		423CBE6A157D10C80003A644 /* libboost_iostreams.dylib */ = {isa = PBXFileReference; lastKnownFileType = "compiled.mach-o.dylib"; name = libboost_iostreams.dylib; path = /usr/local/lib/libboost_iostreams.dylib; sourceTree = "<absolute>"; };
		423CBE6B157D10C80003A644 /* libboost_program_options.dylib */ = {isa = PBXFileReference; lastKnownFileType = "compiled.mach-o.dylib"; name = libboost_program_options.dylib; path = /usr/local/lib/libboost_program_options.dylib; sourceTree = "<absolute>"; };
		423CBE6C157D10C80003A644 /* libboost_regex.dylib */ = {isa = PBXFileReference; lastKnownFileType = "compiled.mach-o.dylib"; name = libboost_regex.dylib; path = /usr/local/lib/libboost_regex.dylib; sourceTree = "<absolute>"; };
		423CBE6D157D10C80003A644 /* libboost_serialization.dylib */ = {isa = PBXFileReference; lastKnownFileType = "compiled.mach-o.dylib"; name = libboost_serialization.dylib; path = /usr/local/lib/libboost_serialization.dylib; sourceTree = "<absolute>"; };
		423CBE6E157D10C80003A644 /* libboost_signals.dylib */ = {isa = PBXFileReference; lastKnownFileType = "compiled.mach-o.dylib"; name = libboost_signals.dylib; path = /usr/local/lib/libboost_signals.dylib; sourceTree = "<absolute>"; };
		423CBE6F157D10C80003A644 /* libboost_unit_test_framework.dylib */ = {isa = PBXFileReference; lastKnownFileType = "compiled.mach-o.dylib"; name = libboost_unit_test_framework.dylib; path = /usr/local/lib/libboost_unit_test_framework.dylib; sourceTree = "<absolute>"; };
		4281FC3C15CAE04600167444 /* libnn.a */ = {isa = PBXFileReference; explicitFileType = archive.ar; includeInIndex = 0; path = libnn.a; sourceTree = BUILT_PRODUCTS_DIR; };
		4281FC4115CAE0AA00167444 /* activation.h */ = {isa = PBXFileReference; lastKnownFileType = sourcecode.c.h; path = activation.h; sourceTree = "<group>"; };
		4281FC4215CAE0AA00167444 /* back_propagation.h */ = {isa = PBXFileReference; lastKnownFileType = sourcecode.c.h; path = back_propagation.h; sourceTree = "<group>"; };
		4281FC4315CAE0AA00167444 /* ctrnn.h */ = {isa = PBXFileReference; lastKnownFileType = sourcecode.c.h; path = ctrnn.h; sourceTree = "<group>"; };
		4281FC4415CAE0AA00167444 /* feed_forward.h */ = {isa = PBXFileReference; lastKnownFileType = sourcecode.c.h; path = feed_forward.h; sourceTree = "<group>"; };
		4281FC4515CAE0AA00167444 /* layout.h */ = {isa = PBXFileReference; lastKnownFileType = sourcecode.c.h; path = layout.h; sourceTree = "<group>"; };
		4281FC4615CAE0AA00167444 /* neural_network.h */ = {isa = PBXFileReference; lastKnownFileType = sourcecode.c.h; path = neural_network.h; sourceTree = "<group>"; };
		4281FC4715CAE0AA00167444 /* neuron.h */ = {isa = PBXFileReference; lastKnownFileType = sourcecode.c.h; path = neuron.h; sourceTree = "<group>"; };
		4281FC4815CAE0AA00167444 /* recurrent.h */ = {isa = PBXFileReference; lastKnownFileType = sourcecode.c.h; path = recurrent.h; sourceTree = "<group>"; };
		4281FC4915CAE0AA00167444 /* sigmoid.h */ = {isa = PBXFileReference; lastKnownFileType = sourcecode.c.h; path = sigmoid.h; sourceTree = "<group>"; };
		4281FC4D15CAE0AA00167444 /* test.cpp */ = {isa = PBXFileReference; lastKnownFileType = sourcecode.cpp.cpp; path = test.cpp; sourceTree = "<group>"; };
		4281FC4E15CAE0AA00167444 /* test.h */ = {isa = PBXFileReference; lastKnownFileType = sourcecode.c.h; path = test.h; sourceTree = "<group>"; };
		4281FC5B15CAE0FB00167444 /* libnn_test */ = {isa = PBXFileReference; explicitFileType = "compiled.mach-o.executable"; includeInIndex = 0; path = libnn_test; sourceTree = BUILT_PRODUCTS_DIR; };
		4281FC5E15CAE20D00167444 /* traits.h */ = {isa = PBXFileReference; fileEncoding = 4; lastKnownFileType = sourcecode.c.h; path = traits.h; sourceTree = "<group>"; };
		42841C2915A5F4D800AB18BE /* test_circular.cpp */ = {isa = PBXFileReference; fileEncoding = 4; lastKnownFileType = sourcecode.cpp.cpp; path = test_circular.cpp; sourceTree = "<group>"; };
		42841C3A15ADA06B00AB18BE /* markov_network.h */ = {isa = PBXFileReference; lastKnownFileType = sourcecode.c.h; path = markov_network.h; sourceTree = "<group>"; };
		42841C3C15ADA06B00AB18BE /* markov_network.h */ = {isa = PBXFileReference; lastKnownFileType = sourcecode.c.h; path = markov_network.h; sourceTree = "<group>"; };
		42841C3F15ADA06B00AB18BE /* Jamfile */ = {isa = PBXFileReference; lastKnownFileType = sourcecode.jam; path = Jamfile; sourceTree = "<group>"; };
		42841C4115ADA06B00AB18BE /* test.cpp */ = {isa = PBXFileReference; lastKnownFileType = sourcecode.cpp.cpp; path = test.cpp; sourceTree = "<group>"; };
		42841C4215ADA06B00AB18BE /* test.h */ = {isa = PBXFileReference; lastKnownFileType = sourcecode.c.h; path = test.h; sourceTree = "<group>"; };
		42841C4315ADA06B00AB18BE /* test_markov_network.cpp */ = {isa = PBXFileReference; lastKnownFileType = sourcecode.cpp.cpp; path = test_markov_network.cpp; sourceTree = "<group>"; };
		42841C6315ADA3F700AB18BE /* libmkv_test */ = {isa = PBXFileReference; explicitFileType = "compiled.mach-o.executable"; includeInIndex = 0; path = libmkv_test; sourceTree = BUILT_PRODUCTS_DIR; };
		42841C7415ADA43900AB18BE /* libmkv.a */ = {isa = PBXFileReference; explicitFileType = archive.ar; includeInIndex = 0; path = libmkv.a; sourceTree = BUILT_PRODUCTS_DIR; };
		42841C7815ADA79C00AB18BE /* svm.h */ = {isa = PBXFileReference; lastKnownFileType = sourcecode.c.h; path = svm.h; sourceTree = "<group>"; };
		42841C7915ADA79C00AB18BE /* update.h */ = {isa = PBXFileReference; lastKnownFileType = sourcecode.c.h; path = update.h; sourceTree = "<group>"; };
		42841C7A15ADA79C00AB18BE /* Jamfile */ = {isa = PBXFileReference; lastKnownFileType = sourcecode.jam; path = Jamfile; sourceTree = "<group>"; };
		42841C7C15ADA79C00AB18BE /* test.cpp */ = {isa = PBXFileReference; lastKnownFileType = sourcecode.cpp.cpp; path = test.cpp; sourceTree = "<group>"; };
		42841C7D15ADA79C00AB18BE /* test.h */ = {isa = PBXFileReference; lastKnownFileType = sourcecode.c.h; path = test.h; sourceTree = "<group>"; };
		42841C7E15ADACF000AB18BE /* CONTRIBUTORS */ = {isa = PBXFileReference; lastKnownFileType = text; path = CONTRIBUTORS; sourceTree = "<group>"; };
		42841C7F15ADACF100AB18BE /* README.md */ = {isa = PBXFileReference; lastKnownFileType = text; path = README.md; sourceTree = "<group>"; };
		42841C8015AEEC3A00AB18BE /* meta_population.h */ = {isa = PBXFileReference; lastKnownFileType = sourcecode.c.h; path = meta_population.h; sourceTree = "<group>"; };
		42841C8115AEFAE700AB18BE /* test_meta_population.cpp */ = {isa = PBXFileReference; fileEncoding = 4; lastKnownFileType = sourcecode.cpp.cpp; path = test_meta_population.cpp; sourceTree = "<group>"; };
		42841C9515AFB1A100AB18BE /* mp_all_ones.cpp */ = {isa = PBXFileReference; lastKnownFileType = sourcecode.cpp.cpp; path = mp_all_ones.cpp; sourceTree = "<group>"; };
		42841CA615AFB23200AB18BE /* mp_all_ones */ = {isa = PBXFileReference; explicitFileType = "compiled.mach-o.executable"; includeInIndex = 0; path = mp_all_ones; sourceTree = BUILT_PRODUCTS_DIR; };
		42841D1515B2F35300AB18BE /* adaptive_hfc.h */ = {isa = PBXFileReference; lastKnownFileType = sourcecode.c.h; path = adaptive_hfc.h; sourceTree = "<group>"; };
		42841D3515BDA91200AB18BE /* spatial.h */ = {isa = PBXFileReference; lastKnownFileType = sourcecode.c.h; path = spatial.h; sourceTree = "<group>"; };
		42841D3715BDF22200AB18BE /* reactions.h */ = {isa = PBXFileReference; lastKnownFileType = sourcecode.c.h; path = reactions.h; sourceTree = "<group>"; };
		42841D3815BDF31E00AB18BE /* generation_priority.h */ = {isa = PBXFileReference; lastKnownFileType = sourcecode.c.h; path = generation_priority.h; sourceTree = "<group>"; };
		42841D3E15BEDF7700AB18BE /* selection.h */ = {isa = PBXFileReference; lastKnownFileType = sourcecode.c.h; path = selection.h; sourceTree = "<group>"; };
		42E133B815C6BBA600FE9EAE /* abstract_node.h */ = {isa = PBXFileReference; lastKnownFileType = sourcecode.c.h; path = abstract_node.h; sourceTree = "<group>"; };
		42E133B915C6BBA600FE9EAE /* adaptive_prob_node.h */ = {isa = PBXFileReference; lastKnownFileType = sourcecode.c.h; path = adaptive_prob_node.h; sourceTree = "<group>"; };
		42E133BA15C6BBA600FE9EAE /* det_node.h */ = {isa = PBXFileReference; lastKnownFileType = sourcecode.c.h; path = det_node.h; sourceTree = "<group>"; };
		42E133BB15C6BBA600FE9EAE /* prob_node.h */ = {isa = PBXFileReference; lastKnownFileType = sourcecode.c.h; path = prob_node.h; sourceTree = "<group>"; };
		42E133BD15C6BE8800FE9EAE /* instruments.h */ = {isa = PBXFileReference; lastKnownFileType = sourcecode.c.h; path = instruments.h; sourceTree = "<group>"; };
		42F4B6191580EA0B0075D6EF /* comparators.h */ = {isa = PBXFileReference; lastKnownFileType = sourcecode.c.h; path = comparators.h; sourceTree = "<group>"; };
		42F4B631158225F00075D6EF /* novelty_search.h */ = {isa = PBXFileReference; lastKnownFileType = sourcecode.c.h; path = novelty_search.h; sourceTree = "<group>"; };
		42F4B63215822A7B0075D6EF /* attributes.h */ = {isa = PBXFileReference; fileEncoding = 4; lastKnownFileType = sourcecode.c.h; path = attributes.h; sourceTree = "<group>"; };
		42F5BD211587666E00EB6B14 /* all_ones.cpp */ = {isa = PBXFileReference; lastKnownFileType = sourcecode.cpp.cpp; path = all_ones.cpp; sourceTree = "<group>"; };
		42F5BD391587668700EB6B14 /* all_ones */ = {isa = PBXFileReference; explicitFileType = "compiled.mach-o.executable"; includeInIndex = 0; path = all_ones; sourceTree = BUILT_PRODUCTS_DIR; };
		42F5BD3F1587684D00EB6B14 /* libea_defaults.cfg */ = {isa = PBXFileReference; lastKnownFileType = text; path = libea_defaults.cfg; sourceTree = "<group>"; };
/* End PBXFileReference section */

/* Begin PBXFrameworksBuildPhase section */
		423CBD9C157D0E0B0003A644 /* Frameworks */ = {
			isa = PBXFrameworksBuildPhase;
			buildActionMask = 2147483647;
			files = (
			);
			runOnlyForDeploymentPostprocessing = 0;
		};
		423CBE54157D0FCC0003A644 /* Frameworks */ = {
			isa = PBXFrameworksBuildPhase;
			buildActionMask = 2147483647;
			files = (
				423CBE70157D10C80003A644 /* libboost_iostreams.dylib in Frameworks */,
				423CBE71157D10C80003A644 /* libboost_program_options.dylib in Frameworks */,
				423CBE72157D10C80003A644 /* libboost_regex.dylib in Frameworks */,
				423CBE73157D10C80003A644 /* libboost_serialization.dylib in Frameworks */,
				423CBE74157D10C80003A644 /* libboost_signals.dylib in Frameworks */,
				423CBE75157D10C80003A644 /* libboost_unit_test_framework.dylib in Frameworks */,
			);
			runOnlyForDeploymentPostprocessing = 0;
		};
		4281FC3715CAE04600167444 /* Frameworks */ = {
			isa = PBXFrameworksBuildPhase;
			buildActionMask = 2147483647;
			files = (
			);
			runOnlyForDeploymentPostprocessing = 0;
		};
		4281FC5515CAE0FB00167444 /* Frameworks */ = {
			isa = PBXFrameworksBuildPhase;
			buildActionMask = 2147483647;
			files = (
				4281FC5615CAE0FB00167444 /* libboost_unit_test_framework.dylib in Frameworks */,
			);
			runOnlyForDeploymentPostprocessing = 0;
		};
		42841C5C15ADA3F700AB18BE /* Frameworks */ = {
			isa = PBXFrameworksBuildPhase;
			buildActionMask = 2147483647;
			files = (
				42841C5E15ADA3F700AB18BE /* libboost_unit_test_framework.dylib in Frameworks */,
			);
			runOnlyForDeploymentPostprocessing = 0;
		};
		42841C6F15ADA43900AB18BE /* Frameworks */ = {
			isa = PBXFrameworksBuildPhase;
			buildActionMask = 2147483647;
			files = (
			);
			runOnlyForDeploymentPostprocessing = 0;
		};
		42841C9B15AFB23200AB18BE /* Frameworks */ = {
			isa = PBXFrameworksBuildPhase;
			buildActionMask = 2147483647;
			files = (
				42841C9C15AFB23200AB18BE /* libea.a in Frameworks */,
				42841C9D15AFB23200AB18BE /* libboost_iostreams.dylib in Frameworks */,
				42841C9E15AFB23200AB18BE /* libboost_program_options.dylib in Frameworks */,
				42841C9F15AFB23200AB18BE /* libboost_regex.dylib in Frameworks */,
				42841CA015AFB23200AB18BE /* libboost_serialization.dylib in Frameworks */,
				42841CA115AFB23200AB18BE /* libboost_signals.dylib in Frameworks */,
			);
			runOnlyForDeploymentPostprocessing = 0;
		};
		42F5BD2E1587668700EB6B14 /* Frameworks */ = {
			isa = PBXFrameworksBuildPhase;
			buildActionMask = 2147483647;
			files = (
				42F5BD3E158766B100EB6B14 /* libea.a in Frameworks */,
				42F5BD2F1587668700EB6B14 /* libboost_iostreams.dylib in Frameworks */,
				42F5BD301587668700EB6B14 /* libboost_program_options.dylib in Frameworks */,
				42F5BD311587668700EB6B14 /* libboost_regex.dylib in Frameworks */,
				42F5BD321587668700EB6B14 /* libboost_serialization.dylib in Frameworks */,
				42F5BD331587668700EB6B14 /* libboost_signals.dylib in Frameworks */,
			);
			runOnlyForDeploymentPostprocessing = 0;
		};
/* End PBXFrameworksBuildPhase section */

/* Begin PBXGroup section */
		423CBC70157D0D440003A644 = {
			isa = PBXGroup;
			children = (
				42841C7E15ADACF000AB18BE /* CONTRIBUTORS */,
				42841C7F15ADACF100AB18BE /* README.md */,
				42F5BD201587666E00EB6B14 /* examples */,
				423CBE4C157D0F310003A644 /* lib */,
				42841C7515ADA79C00AB18BE /* libcontrol */,
				423CBDAB157D0E450003A644 /* libea */,
				42841C3515ADA06B00AB18BE /* libmkv */,
				4281FC3E15CAE0AA00167444 /* libnn */,
				423CBC82157D0D910003A644 /* doc */,
				423CBC84157D0D910003A644 /* etc */,
				423CBC86157D0D910003A644 /* Jamroot */,
				423CBC7C157D0D440003A644 /* Products */,
			);
			sourceTree = "<group>";
		};
		423CBC7C157D0D440003A644 /* Products */ = {
			isa = PBXGroup;
			children = (
				423CBD9F157D0E0B0003A644 /* libea.a */,
				423CBE57157D0FCC0003A644 /* libea_test */,
				42F5BD391587668700EB6B14 /* all_ones */,
				42841C6315ADA3F700AB18BE /* libmkv_test */,
				42841C7415ADA43900AB18BE /* libmkv.a */,
				42841CA615AFB23200AB18BE /* mp_all_ones */,
				4281FC3C15CAE04600167444 /* libnn.a */,
				4281FC5B15CAE0FB00167444 /* libnn_test */,
			);
			name = Products;
			sourceTree = "<group>";
		};
		423CBC82157D0D910003A644 /* doc */ = {
			isa = PBXGroup;
			children = (
				423CBC83157D0D910003A644 /* boost_howto.rtf */,
			);
			path = doc;
			sourceTree = "<group>";
		};
		423CBC84157D0D910003A644 /* etc */ = {
			isa = PBXGroup;
			children = (
				423CBC85157D0D910003A644 /* ealib.xcconfig */,
			);
			path = etc;
			sourceTree = "<group>";
		};
		423CBDAB157D0E450003A644 /* libea */ = {
			isa = PBXGroup;
			children = (
				423CBDAC157D0E450003A644 /* include */,
				423CBDEE157D0E450003A644 /* Jamfile */,
				423CBDEF157D0E450003A644 /* src */,
				423CBDF2157D0E450003A644 /* test */,
			);
			path = libea;
			sourceTree = "<group>";
		};
		423CBDAC157D0E450003A644 /* include */ = {
			isa = PBXGroup;
			children = (
				423CBDAD157D0E450003A644 /* ea */,
			);
			path = include;
			sourceTree = "<group>";
		};
		423CBDAD157D0E450003A644 /* ea */ = {
			isa = PBXGroup;
			children = (
				42841D1515B2F35300AB18BE /* adaptive_hfc.h */,
				423CBDAE157D0E450003A644 /* algorithm.h */,
				423CBDAF157D0E450003A644 /* analysis */,
				423CBDBA157D0E450003A644 /* analysis.h */,
				423CBDBB157D0E450003A644 /* artificial_life */,
				423CBDC6157D0E450003A644 /* checkpoint.h */,
				42F4B63215822A7B0075D6EF /* attributes.h */,
				423CBDC8157D0E450003A644 /* cmdline_interface.h */,
				42F4B6191580EA0B0075D6EF /* comparators.h */,
				423CBDC9157D0E450003A644 /* concepts.h */,
				423CBDC7157D0E450003A644 /* cvector.h */,
				423CBDCA157D0E450003A644 /* datafile.h */,
				423CBDCB157D0E450003A644 /* datafiles */,
				423CBDCD157D0E450003A644 /* events.h */,
				423CBDCE157D0E450003A644 /* evolutionary_algorithm.h */,
				423CBDCF157D0E450003A644 /* exceptions.h */,
				423CBDD0157D0E450003A644 /* fitness_function.h */,
				423CBDD1157D0E450003A644 /* fitness_functions */,
				423CBDD5157D0E450003A644 /* generational_model.h */,
				423CBDD6157D0E450003A644 /* generational_models */,
				423CBDDA157D0E450003A644 /* generators.h */,
				423CBDDB157D0E450003A644 /* individual.h */,
				423CBDDC157D0E450003A644 /* initialization.h */,
				423CBDDD157D0E450003A644 /* interface.h */,
				423CBDDE157D0E450003A644 /* landscape.h */,
				423CBDDF157D0E450003A644 /* line_of_descent.h */,
				423CBDE0157D0E450003A644 /* meta_data.h */,
				42841C8015AEEC3A00AB18BE /* meta_population.h */,
				423CBDE1157D0E450003A644 /* mutation.h */,
				42F4B631158225F00075D6EF /* novelty_search.h */,
				423CBDE2157D0E450003A644 /* population.h */,
				423CBDE3157D0E450003A644 /* recombination.h */,
				423CBDE4157D0E450003A644 /* representations */,
				423CBDE7157D0E450003A644 /* rng.h */,
				42841D3E15BEDF7700AB18BE /* selection.h */,
				423CBDE8157D0E450003A644 /* selection */,
			);
			path = ea;
			sourceTree = "<group>";
		};
		423CBDAF157D0E450003A644 /* analysis */ = {
			isa = PBXGroup;
			children = (
				423CBDB0157D0E450003A644 /* epistasis.h */,
				423CBDB1157D0E450003A644 /* girvan_newman_clustering.h */,
				423CBDB2157D0E450003A644 /* graph.h */,
				423CBDB3157D0E450003A644 /* individual.h */,
				423CBDB4157D0E450003A644 /* information.h */,
				423CBDB5157D0E450003A644 /* landscape.h */,
				423CBDB6157D0E450003A644 /* line_of_descent.h */,
				423CBDB7157D0E450003A644 /* modularity.h */,
				423CBDB8157D0E450003A644 /* population.h */,
				423CBDB9157D0E450003A644 /* tool.h */,
			);
			path = analysis;
			sourceTree = "<group>";
		};
		423CBDBB157D0E450003A644 /* artificial_life */ = {
			isa = PBXGroup;
			children = (
				423CBDBC157D0E450003A644 /* artificial_life.h */,
				42841D3615BDF22000AB18BE /* datafiles */,
				423CBDBE157D0E450003A644 /* hardware.h */,
				423CBDBF157D0E450003A644 /* instructions.h */,
				423CBDC0157D0E450003A644 /* isa.h */,
				423CBDC1157D0E450003A644 /* organism.h */,
				423CBDC2157D0E450003A644 /* replication.h */,
				423CBDC3157D0E450003A644 /* schedulers.h */,
				42841D3515BDA91200AB18BE /* spatial.h */,
				423CBDC4157D0E450003A644 /* task_library.h */,
				423CBDC5157D0E450003A644 /* well_mixed.h */,
			);
			path = artificial_life;
			sourceTree = "<group>";
		};
		423CBDCB157D0E450003A644 /* datafiles */ = {
			isa = PBXGroup;
			children = (
				423CBDCC157D0E450003A644 /* generation_fitness.h */,
			);
			path = datafiles;
			sourceTree = "<group>";
		};
		423CBDD1157D0E450003A644 /* fitness_functions */ = {
			isa = PBXGroup;
			children = (
				423CBDD2157D0E450003A644 /* all_ones.h */,
				423CBDD3157D0E450003A644 /* direct.h */,
				423CBDD4157D0E450003A644 /* nk.h */,
			);
			path = fitness_functions;
			sourceTree = "<group>";
		};
		423CBDD6157D0E450003A644 /* generational_models */ = {
			isa = PBXGroup;
			children = (
				423CBDD7157D0E450003A644 /* death_birth_process.h */,
				423CBDD8157D0E450003A644 /* nsga2.h */,
				423CBDD9157D0E450003A644 /* synchronous.h */,
			);
			path = generational_models;
			sourceTree = "<group>";
		};
		423CBDE4157D0E450003A644 /* representations */ = {
			isa = PBXGroup;
			children = (
				423CBDE5157D0E450003A644 /* circular_genome.h */,
				423CBDE6157D0E450003A644 /* numeric_vector.h */,
			);
			path = representations;
			sourceTree = "<group>";
		};
		423CBDE8157D0E450003A644 /* selection */ = {
			isa = PBXGroup;
			children = (
				423CBDE9157D0E450003A644 /* elitism.h */,
				423CBDEA157D0E450003A644 /* proportionate.h */,
				423CBDEB157D0E450003A644 /* random.h */,
				423CBDEC157D0E450003A644 /* tournament.h */,
				423CBDED157D0E450003A644 /* truncation.h */,
			);
			path = selection;
			sourceTree = "<group>";
		};
		423CBDEF157D0E450003A644 /* src */ = {
			isa = PBXGroup;
			children = (
				423CBDF0157D0E450003A644 /* main.cpp */,
				423CBDF1157D0E450003A644 /* runner.cpp */,
			);
			path = src;
			sourceTree = "<group>";
		};
		423CBDF2157D0E450003A644 /* test */ = {
			isa = PBXGroup;
			children = (
				423CBDF3157D0E450003A644 /* test.cpp */,
				423CBDF4157D0E450003A644 /* test.h */,
				42841C2915A5F4D800AB18BE /* test_circular.cpp */,
				423CBDF5157D0E450003A644 /* test_analysis.cpp */,
				423CBDF6157D0E450003A644 /* test_checkpoint.cpp */,
				423CBDF7157D0E450003A644 /* test_ealife.cpp */,
				423CBDF8157D0E450003A644 /* test_generational.cpp */,
				423CBDF9157D0E450003A644 /* test_meta_data.cpp */,
				423CBDFA157D0E450003A644 /* test_recombination.cpp */,
				42841C8115AEFAE700AB18BE /* test_meta_population.cpp */,
				423CBDFB157D0E450003A644 /* test_rng.cpp */,
				423CBDFC157D0E450003A644 /* test_selection.cpp */,
			);
			path = test;
			sourceTree = "<group>";
		};
		423CBE4C157D0F310003A644 /* lib */ = {
			isa = PBXGroup;
			children = (
				423CBE6A157D10C80003A644 /* libboost_iostreams.dylib */,
				423CBE6B157D10C80003A644 /* libboost_program_options.dylib */,
				423CBE6C157D10C80003A644 /* libboost_regex.dylib */,
				423CBE6D157D10C80003A644 /* libboost_serialization.dylib */,
				423CBE6E157D10C80003A644 /* libboost_signals.dylib */,
				423CBE6F157D10C80003A644 /* libboost_unit_test_framework.dylib */,
			);
			name = lib;
			sourceTree = "<group>";
		};
		4281FC3E15CAE0AA00167444 /* libnn */ = {
			isa = PBXGroup;
			children = (
				4281FC3F15CAE0AA00167444 /* include */,
				4281FC4C15CAE0AA00167444 /* test */,
			);
			path = libnn;
			sourceTree = "<group>";
		};
		4281FC3F15CAE0AA00167444 /* include */ = {
			isa = PBXGroup;
			children = (
				4281FC4015CAE0AA00167444 /* nn */,
			);
			path = include;
			sourceTree = "<group>";
		};
		4281FC4015CAE0AA00167444 /* nn */ = {
			isa = PBXGroup;
			children = (
				4281FC4115CAE0AA00167444 /* activation.h */,
				4281FC4215CAE0AA00167444 /* back_propagation.h */,
				4281FC4315CAE0AA00167444 /* ctrnn.h */,
				4281FC4415CAE0AA00167444 /* feed_forward.h */,
				4281FC4515CAE0AA00167444 /* layout.h */,
				4281FC5E15CAE20D00167444 /* traits.h */,
				4281FC4615CAE0AA00167444 /* neural_network.h */,
				4281FC4715CAE0AA00167444 /* neuron.h */,
				4281FC4815CAE0AA00167444 /* recurrent.h */,
				4281FC4915CAE0AA00167444 /* sigmoid.h */,
			);
			path = nn;
			sourceTree = "<group>";
		};
		4281FC4C15CAE0AA00167444 /* test */ = {
			isa = PBXGroup;
			children = (
				4281FC4D15CAE0AA00167444 /* test.cpp */,
				4281FC4E15CAE0AA00167444 /* test.h */,
			);
			path = test;
			sourceTree = "<group>";
		};
		42841C3515ADA06B00AB18BE /* libmkv */ = {
			isa = PBXGroup;
			children = (
				42841C3815ADA06B00AB18BE /* include */,
				42841C3F15ADA06B00AB18BE /* Jamfile */,
				42841C4015ADA06B00AB18BE /* test */,
			);
			path = libmkv;
			sourceTree = "<group>";
		};
		42841C3815ADA06B00AB18BE /* include */ = {
			isa = PBXGroup;
			children = (
				42841C3915ADA06B00AB18BE /* ea */,
				42841C3B15ADA06B00AB18BE /* mkv */,
			);
			path = include;
			sourceTree = "<group>";
		};
		42841C3915ADA06B00AB18BE /* ea */ = {
			isa = PBXGroup;
			children = (
				42841C3A15ADA06B00AB18BE /* markov_network.h */,
			);
			path = ea;
			sourceTree = "<group>";
		};
		42841C3B15ADA06B00AB18BE /* mkv */ = {
			isa = PBXGroup;
			children = (
				42E133B715C6BBA600FE9EAE /* detail */,
				42841C3C15ADA06B00AB18BE /* markov_network.h */,
				42E133BD15C6BE8800FE9EAE /* instruments.h */,
			);
			path = mkv;
			sourceTree = "<group>";
		};
		42841C4015ADA06B00AB18BE /* test */ = {
			isa = PBXGroup;
			children = (
				42841C4115ADA06B00AB18BE /* test.cpp */,
				42841C4215ADA06B00AB18BE /* test.h */,
				42841C4315ADA06B00AB18BE /* test_markov_network.cpp */,
			);
			path = test;
			sourceTree = "<group>";
		};
		42841C7515ADA79C00AB18BE /* libcontrol */ = {
			isa = PBXGroup;
			children = (
				42841C7615ADA79C00AB18BE /* include */,
				42841C7A15ADA79C00AB18BE /* Jamfile */,
				42841C7B15ADA79C00AB18BE /* test */,
			);
			path = libcontrol;
			sourceTree = "<group>";
		};
		42841C7615ADA79C00AB18BE /* include */ = {
			isa = PBXGroup;
			children = (
				42841C7715ADA79C00AB18BE /* control */,
			);
			path = include;
			sourceTree = "<group>";
		};
		42841C7715ADA79C00AB18BE /* control */ = {
			isa = PBXGroup;
			children = (
				42841C7815ADA79C00AB18BE /* svm.h */,
				42841C7915ADA79C00AB18BE /* update.h */,
			);
			path = control;
			sourceTree = "<group>";
		};
		42841C7B15ADA79C00AB18BE /* test */ = {
			isa = PBXGroup;
			children = (
				42841C7C15ADA79C00AB18BE /* test.cpp */,
				42841C7D15ADA79C00AB18BE /* test.h */,
			);
			path = test;
			sourceTree = "<group>";
		};
		42841D3615BDF22000AB18BE /* datafiles */ = {
			isa = PBXGroup;
			children = (
				42841D3815BDF31E00AB18BE /* generation_priority.h */,
				42841D3715BDF22200AB18BE /* reactions.h */,
			);
			path = datafiles;
			sourceTree = "<group>";
		};
		42E133B715C6BBA600FE9EAE /* detail */ = {
			isa = PBXGroup;
			children = (
				42E133B815C6BBA600FE9EAE /* abstract_node.h */,
				42E133B915C6BBA600FE9EAE /* adaptive_prob_node.h */,
				42E133BA15C6BBA600FE9EAE /* det_node.h */,
				42E133BB15C6BBA600FE9EAE /* prob_node.h */,
			);
			path = detail;
			sourceTree = "<group>";
		};
		42F5BD201587666E00EB6B14 /* examples */ = {
			isa = PBXGroup;
			children = (
				42F5BD3F1587684D00EB6B14 /* libea_defaults.cfg */,
				42F5BD211587666E00EB6B14 /* all_ones.cpp */,
				42841C9515AFB1A100AB18BE /* mp_all_ones.cpp */,
			);
			path = examples;
			sourceTree = "<group>";
		};
/* End PBXGroup section */

/* Begin PBXHeadersBuildPhase section */
		423CBD9D157D0E0B0003A644 /* Headers */ = {
			isa = PBXHeadersBuildPhase;
			buildActionMask = 2147483647;
			files = (
				42F4B63315822A7B0075D6EF /* attributes.h in Headers */,
				4281FC5F15CAE20D00167444 /* traits.h in Headers */,
			);
			runOnlyForDeploymentPostprocessing = 0;
		};
		4281FC3815CAE04600167444 /* Headers */ = {
			isa = PBXHeadersBuildPhase;
			buildActionMask = 2147483647;
			files = (
			);
			runOnlyForDeploymentPostprocessing = 0;
		};
		42841C7015ADA43900AB18BE /* Headers */ = {
			isa = PBXHeadersBuildPhase;
			buildActionMask = 2147483647;
			files = (
			);
			runOnlyForDeploymentPostprocessing = 0;
		};
/* End PBXHeadersBuildPhase section */

/* Begin PBXNativeTarget section */
		423CBD9E157D0E0B0003A644 /* ea */ = {
			isa = PBXNativeTarget;
			buildConfigurationList = 423CBDA0157D0E0B0003A644 /* Build configuration list for PBXNativeTarget "ea" */;
			buildPhases = (
				423CBD9B157D0E0B0003A644 /* Sources */,
				423CBD9C157D0E0B0003A644 /* Frameworks */,
				423CBD9D157D0E0B0003A644 /* Headers */,
			);
			buildRules = (
			);
			dependencies = (
			);
			name = ea;
			productName = ea;
			productReference = 423CBD9F157D0E0B0003A644 /* libea.a */;
			productType = "com.apple.product-type.library.static";
		};
		423CBE56157D0FCC0003A644 /* libea_test */ = {
			isa = PBXNativeTarget;
			buildConfigurationList = 423CBE5E157D0FCD0003A644 /* Build configuration list for PBXNativeTarget "libea_test" */;
			buildPhases = (
				423CBE53157D0FCC0003A644 /* Sources */,
				423CBE54157D0FCC0003A644 /* Frameworks */,
				423CBE55157D0FCC0003A644 /* CopyFiles */,
			);
			buildRules = (
			);
			dependencies = (
			);
			name = libea_test;
			productName = libea_test;
			productReference = 423CBE57157D0FCC0003A644 /* libea_test */;
			productType = "com.apple.product-type.tool";
		};
		4281FC3515CAE04600167444 /* nn */ = {
			isa = PBXNativeTarget;
			buildConfigurationList = 4281FC3915CAE04600167444 /* Build configuration list for PBXNativeTarget "nn" */;
			buildPhases = (
				4281FC3615CAE04600167444 /* Sources */,
				4281FC3715CAE04600167444 /* Frameworks */,
				4281FC3815CAE04600167444 /* Headers */,
			);
			buildRules = (
			);
			dependencies = (
			);
			name = nn;
			productName = fn;
			productReference = 4281FC3C15CAE04600167444 /* libnn.a */;
			productType = "com.apple.product-type.library.static";
		};
		4281FC4F15CAE0FB00167444 /* libnn_test */ = {
			isa = PBXNativeTarget;
			buildConfigurationList = 4281FC5815CAE0FB00167444 /* Build configuration list for PBXNativeTarget "libnn_test" */;
			buildPhases = (
				4281FC5215CAE0FB00167444 /* Sources */,
				4281FC5515CAE0FB00167444 /* Frameworks */,
				4281FC5715CAE0FB00167444 /* CopyFiles */,
			);
			buildRules = (
			);
			dependencies = (
			);
			name = libnn_test;
			productName = libfn_test;
			productReference = 4281FC5B15CAE0FB00167444 /* libnn_test */;
			productType = "com.apple.product-type.tool";
		};
		42841C5215ADA3F700AB18BE /* libmkv_test */ = {
			isa = PBXNativeTarget;
			buildConfigurationList = 42841C6015ADA3F700AB18BE /* Build configuration list for PBXNativeTarget "libmkv_test" */;
			buildPhases = (
				42841C5515ADA3F700AB18BE /* Sources */,
				42841C5C15ADA3F700AB18BE /* Frameworks */,
				42841C5F15ADA3F700AB18BE /* CopyFiles */,
			);
			buildRules = (
			);
			dependencies = (
			);
			name = libmkv_test;
			productName = libfn_test;
			productReference = 42841C6315ADA3F700AB18BE /* libmkv_test */;
			productType = "com.apple.product-type.tool";
		};
		42841C6715ADA43900AB18BE /* mkv */ = {
			isa = PBXNativeTarget;
			buildConfigurationList = 42841C7115ADA43900AB18BE /* Build configuration list for PBXNativeTarget "mkv" */;
			buildPhases = (
				42841C6815ADA43900AB18BE /* Sources */,
				42841C6F15ADA43900AB18BE /* Frameworks */,
				42841C7015ADA43900AB18BE /* Headers */,
			);
			buildRules = (
			);
			dependencies = (
			);
			name = mkv;
			productName = fn;
			productReference = 42841C7415ADA43900AB18BE /* libmkv.a */;
			productType = "com.apple.product-type.library.static";
		};
		42841C9615AFB23200AB18BE /* mp_all_ones */ = {
			isa = PBXNativeTarget;
			buildConfigurationList = 42841CA315AFB23200AB18BE /* Build configuration list for PBXNativeTarget "mp_all_ones" */;
			buildPhases = (
				42841C9915AFB23200AB18BE /* Sources */,
				42841C9B15AFB23200AB18BE /* Frameworks */,
				42841CA215AFB23200AB18BE /* CopyFiles */,
			);
			buildRules = (
			);
			dependencies = (
				42841C9715AFB23200AB18BE /* PBXTargetDependency */,
			);
			name = mp_all_ones;
			productName = libea_test;
			productReference = 42841CA615AFB23200AB18BE /* mp_all_ones */;
			productType = "com.apple.product-type.tool";
		};
		42F5BD231587668700EB6B14 /* all_ones */ = {
			isa = PBXNativeTarget;
			buildConfigurationList = 42F5BD361587668700EB6B14 /* Build configuration list for PBXNativeTarget "all_ones" */;
			buildPhases = (
				42F5BD241587668700EB6B14 /* Sources */,
				42F5BD2E1587668700EB6B14 /* Frameworks */,
				42F5BD351587668700EB6B14 /* CopyFiles */,
			);
			buildRules = (
			);
			dependencies = (
				42F5BD3D158766AB00EB6B14 /* PBXTargetDependency */,
			);
			name = all_ones;
			productName = libea_test;
			productReference = 42F5BD391587668700EB6B14 /* all_ones */;
			productType = "com.apple.product-type.tool";
		};
/* End PBXNativeTarget section */

/* Begin PBXProject section */
		423CBC72157D0D440003A644 /* Project object */ = {
			isa = PBXProject;
			attributes = {
				ORGANIZATIONNAME = "Michigan State University";
			};
			buildConfigurationList = 423CBC75157D0D440003A644 /* Build configuration list for PBXProject "ealib" */;
			compatibilityVersion = "Xcode 3.2";
			developmentRegion = English;
			hasScannedForEncodings = 0;
			knownRegions = (
				en,
			);
			mainGroup = 423CBC70157D0D440003A644;
			productRefGroup = 423CBC7C157D0D440003A644 /* Products */;
			projectDirPath = "";
			projectRoot = "";
			targets = (
				423CBD9E157D0E0B0003A644 /* ea */,
				42841C6715ADA43900AB18BE /* mkv */,
				4281FC3515CAE04600167444 /* nn */,
				423CBE56157D0FCC0003A644 /* libea_test */,
				42841C5215ADA3F700AB18BE /* libmkv_test */,
				4281FC4F15CAE0FB00167444 /* libnn_test */,
				42F5BD231587668700EB6B14 /* all_ones */,
				42841C9615AFB23200AB18BE /* mp_all_ones */,
				42841C8315AFB14100AB18BE /* all */,
			);
		};
/* End PBXProject section */

/* Begin PBXSourcesBuildPhase section */
		423CBD9B157D0E0B0003A644 /* Sources */ = {
			isa = PBXSourcesBuildPhase;
			buildActionMask = 2147483647;
			files = (
				423CBE41157D0ECF0003A644 /* main.cpp in Sources */,
				423CBE42157D0ECF0003A644 /* runner.cpp in Sources */,
			);
			runOnlyForDeploymentPostprocessing = 0;
		};
		423CBE53157D0FCC0003A644 /* Sources */ = {
			isa = PBXSourcesBuildPhase;
			buildActionMask = 2147483647;
			files = (
				423CBE61157D0FF50003A644 /* test.cpp in Sources */,
				423CBE62157D0FF50003A644 /* test_analysis.cpp in Sources */,
				423CBE63157D0FF50003A644 /* test_checkpoint.cpp in Sources */,
				423CBE64157D0FF50003A644 /* test_ealife.cpp in Sources */,
				423CBE65157D0FF50003A644 /* test_generational.cpp in Sources */,
				423CBE66157D0FF50003A644 /* test_meta_data.cpp in Sources */,
				423CBE67157D0FF50003A644 /* test_recombination.cpp in Sources */,
				423CBE68157D0FF50003A644 /* test_rng.cpp in Sources */,
				423CBE69157D0FF50003A644 /* test_selection.cpp in Sources */,
				42841C2A15A5F4D900AB18BE /* test_circular.cpp in Sources */,
				42841C8215AEFAE800AB18BE /* test_meta_population.cpp in Sources */,
			);
			runOnlyForDeploymentPostprocessing = 0;
		};
		4281FC3615CAE04600167444 /* Sources */ = {
			isa = PBXSourcesBuildPhase;
			buildActionMask = 2147483647;
			files = (
			);
			runOnlyForDeploymentPostprocessing = 0;
		};
		4281FC5215CAE0FB00167444 /* Sources */ = {
			isa = PBXSourcesBuildPhase;
			buildActionMask = 2147483647;
			files = (
				4281FC6015CAE29200167444 /* test.cpp in Sources */,
			);
			runOnlyForDeploymentPostprocessing = 0;
		};
		42841C5515ADA3F700AB18BE /* Sources */ = {
			isa = PBXSourcesBuildPhase;
			buildActionMask = 2147483647;
			files = (
				42841C6515ADA42B00AB18BE /* test.cpp in Sources */,
				42841C6615ADA42B00AB18BE /* test_markov_network.cpp in Sources */,
			);
			runOnlyForDeploymentPostprocessing = 0;
		};
		42841C6815ADA43900AB18BE /* Sources */ = {
			isa = PBXSourcesBuildPhase;
			buildActionMask = 2147483647;
			files = (
			);
			runOnlyForDeploymentPostprocessing = 0;
		};
		42841C9915AFB23200AB18BE /* Sources */ = {
			isa = PBXSourcesBuildPhase;
			buildActionMask = 2147483647;
			files = (
				42841CA815AFB24500AB18BE /* mp_all_ones.cpp in Sources */,
			);
			runOnlyForDeploymentPostprocessing = 0;
		};
		42F5BD241587668700EB6B14 /* Sources */ = {
			isa = PBXSourcesBuildPhase;
			buildActionMask = 2147483647;
			files = (
				42F5BD3B158766A700EB6B14 /* all_ones.cpp in Sources */,
			);
			runOnlyForDeploymentPostprocessing = 0;
		};
/* End PBXSourcesBuildPhase section */

/* Begin PBXTargetDependency section */
		42841C8815AFB15700AB18BE /* PBXTargetDependency */ = {
			isa = PBXTargetDependency;
			target = 423CBD9E157D0E0B0003A644 /* ea */;
			targetProxy = 42841C8715AFB15700AB18BE /* PBXContainerItemProxy */;
		};
		42841C8C15AFB15700AB18BE /* PBXTargetDependency */ = {
			isa = PBXTargetDependency;
			target = 42841C6715ADA43900AB18BE /* mkv */;
			targetProxy = 42841C8B15AFB15700AB18BE /* PBXContainerItemProxy */;
		};
		42841C8E15AFB15700AB18BE /* PBXTargetDependency */ = {
			isa = PBXTargetDependency;
			target = 423CBE56157D0FCC0003A644 /* libea_test */;
			targetProxy = 42841C8D15AFB15700AB18BE /* PBXContainerItemProxy */;
		};
		42841C9215AFB15700AB18BE /* PBXTargetDependency */ = {
			isa = PBXTargetDependency;
			target = 42841C5215ADA3F700AB18BE /* libmkv_test */;
			targetProxy = 42841C9115AFB15700AB18BE /* PBXContainerItemProxy */;
		};
		42841C9415AFB15700AB18BE /* PBXTargetDependency */ = {
			isa = PBXTargetDependency;
			target = 42F5BD231587668700EB6B14 /* all_ones */;
			targetProxy = 42841C9315AFB15700AB18BE /* PBXContainerItemProxy */;
		};
		42841C9715AFB23200AB18BE /* PBXTargetDependency */ = {
			isa = PBXTargetDependency;
			target = 423CBD9E157D0E0B0003A644 /* ea */;
			targetProxy = 42841C9815AFB23200AB18BE /* PBXContainerItemProxy */;
		};
		42841CAA15AFB25F00AB18BE /* PBXTargetDependency */ = {
			isa = PBXTargetDependency;
			target = 42841C9615AFB23200AB18BE /* mp_all_ones */;
			targetProxy = 42841CA915AFB25F00AB18BE /* PBXContainerItemProxy */;
		};
		42F5BD3D158766AB00EB6B14 /* PBXTargetDependency */ = {
			isa = PBXTargetDependency;
			target = 423CBD9E157D0E0B0003A644 /* ea */;
			targetProxy = 42F5BD3C158766AB00EB6B14 /* PBXContainerItemProxy */;
		};
/* End PBXTargetDependency section */

/* Begin XCBuildConfiguration section */
		423CBC7D157D0D440003A644 /* Debug */ = {
			isa = XCBuildConfiguration;
			baseConfigurationReference = 423CBC85157D0D910003A644 /* ealib.xcconfig */;
			buildSettings = {
				ALWAYS_SEARCH_USER_PATHS = NO;
				ARCHS = "$(ARCHS_STANDARD_64_BIT)";
				COPY_PHASE_STRIP = NO;
				GCC_C_LANGUAGE_STANDARD = gnu99;
				GCC_DYNAMIC_NO_PIC = NO;
				GCC_ENABLE_OBJC_EXCEPTIONS = YES;
				GCC_OPTIMIZATION_LEVEL = 0;
				GCC_PREPROCESSOR_DEFINITIONS = (
					"DEBUG=1",
					"$(inherited)",
				);
				GCC_SYMBOLS_PRIVATE_EXTERN = NO;
				GCC_VERSION = com.apple.compilers.llvm.clang.1_0;
				MACOSX_DEPLOYMENT_TARGET = 10.7;
				ONLY_ACTIVE_ARCH = YES;
				SDKROOT = macosx;
			};
			name = Debug;
		};
		423CBC7E157D0D440003A644 /* Release */ = {
			isa = XCBuildConfiguration;
			baseConfigurationReference = 423CBC85157D0D910003A644 /* ealib.xcconfig */;
			buildSettings = {
				ALWAYS_SEARCH_USER_PATHS = NO;
				ARCHS = "$(ARCHS_STANDARD_64_BIT)";
				COPY_PHASE_STRIP = YES;
				DEBUG_INFORMATION_FORMAT = "dwarf-with-dsym";
				GCC_C_LANGUAGE_STANDARD = gnu99;
				GCC_ENABLE_OBJC_EXCEPTIONS = YES;
				GCC_VERSION = com.apple.compilers.llvm.clang.1_0;
				MACOSX_DEPLOYMENT_TARGET = 10.7;
				SDKROOT = macosx;
			};
			name = Release;
		};
		423CBDA1157D0E0B0003A644 /* Debug */ = {
			isa = XCBuildConfiguration;
			buildSettings = {
				EXECUTABLE_PREFIX = lib;
				PRODUCT_NAME = "$(TARGET_NAME)";
			};
			name = Debug;
		};
		423CBDA2157D0E0B0003A644 /* Release */ = {
			isa = XCBuildConfiguration;
			buildSettings = {
				EXECUTABLE_PREFIX = lib;
				PRODUCT_NAME = "$(TARGET_NAME)";
			};
			name = Release;
		};
		423CBE5F157D0FCD0003A644 /* Debug */ = {
			isa = XCBuildConfiguration;
			buildSettings = {
				GCC_WARN_ABOUT_RETURN_TYPE = YES;
				PRODUCT_NAME = "$(TARGET_NAME)";
			};
			name = Debug;
		};
		423CBE60157D0FCD0003A644 /* Release */ = {
			isa = XCBuildConfiguration;
			buildSettings = {
				GCC_WARN_ABOUT_RETURN_TYPE = YES;
				PRODUCT_NAME = "$(TARGET_NAME)";
			};
			name = Release;
		};
		4281FC3A15CAE04600167444 /* Debug */ = {
			isa = XCBuildConfiguration;
			buildSettings = {
				EXECUTABLE_PREFIX = lib;
				PRODUCT_NAME = nn;
			};
			name = Debug;
		};
		4281FC3B15CAE04600167444 /* Release */ = {
			isa = XCBuildConfiguration;
			buildSettings = {
				EXECUTABLE_PREFIX = lib;
				PRODUCT_NAME = nn;
			};
			name = Release;
		};
		4281FC5915CAE0FB00167444 /* Debug */ = {
			isa = XCBuildConfiguration;
			buildSettings = {
				GCC_WARN_ABOUT_RETURN_TYPE = YES;
				PRODUCT_NAME = libnn_test;
			};
			name = Debug;
		};
		4281FC5A15CAE0FB00167444 /* Release */ = {
			isa = XCBuildConfiguration;
			buildSettings = {
				GCC_WARN_ABOUT_RETURN_TYPE = YES;
				PRODUCT_NAME = libnn_test;
			};
			name = Release;
		};
		42841C6115ADA3F700AB18BE /* Debug */ = {
			isa = XCBuildConfiguration;
			buildSettings = {
				GCC_WARN_ABOUT_RETURN_TYPE = YES;
				PRODUCT_NAME = libmkv_test;
			};
			name = Debug;
		};
		42841C6215ADA3F700AB18BE /* Release */ = {
			isa = XCBuildConfiguration;
			buildSettings = {
				GCC_WARN_ABOUT_RETURN_TYPE = YES;
				PRODUCT_NAME = libmkv_test;
			};
			name = Release;
		};
		42841C7215ADA43900AB18BE /* Debug */ = {
			isa = XCBuildConfiguration;
			buildSettings = {
				EXECUTABLE_PREFIX = lib;
				PRODUCT_NAME = mkv;
			};
			name = Debug;
		};
		42841C7315ADA43900AB18BE /* Release */ = {
			isa = XCBuildConfiguration;
			buildSettings = {
				EXECUTABLE_PREFIX = lib;
				PRODUCT_NAME = mkv;
			};
			name = Release;
		};
		42841C8515AFB14100AB18BE /* Debug */ = {
			isa = XCBuildConfiguration;
			buildSettings = {
				PRODUCT_NAME = "$(TARGET_NAME)";
			};
			name = Debug;
		};
		42841C8615AFB14100AB18BE /* Release */ = {
			isa = XCBuildConfiguration;
			buildSettings = {
				PRODUCT_NAME = "$(TARGET_NAME)";
			};
			name = Release;
		};
		42841CA415AFB23200AB18BE /* Debug */ = {
			isa = XCBuildConfiguration;
			buildSettings = {
				GCC_WARN_ABOUT_RETURN_TYPE = YES;
				PRODUCT_NAME = mp_all_ones;
			};
			name = Debug;
		};
		42841CA515AFB23200AB18BE /* Release */ = {
			isa = XCBuildConfiguration;
			buildSettings = {
				GCC_WARN_ABOUT_RETURN_TYPE = YES;
				PRODUCT_NAME = mp_all_ones;
			};
			name = Release;
		};
		42F5BD371587668700EB6B14 /* Debug */ = {
			isa = XCBuildConfiguration;
			buildSettings = {
				GCC_WARN_ABOUT_RETURN_TYPE = YES;
				PRODUCT_NAME = all_ones;
			};
			name = Debug;
		};
		42F5BD381587668700EB6B14 /* Release */ = {
			isa = XCBuildConfiguration;
			buildSettings = {
				GCC_WARN_ABOUT_RETURN_TYPE = YES;
				PRODUCT_NAME = all_ones;
			};
			name = Release;
		};
/* End XCBuildConfiguration section */

/* Begin XCConfigurationList section */
		423CBC75157D0D440003A644 /* Build configuration list for PBXProject "ealib" */ = {
			isa = XCConfigurationList;
			buildConfigurations = (
				423CBC7D157D0D440003A644 /* Debug */,
				423CBC7E157D0D440003A644 /* Release */,
			);
			defaultConfigurationIsVisible = 0;
			defaultConfigurationName = Release;
		};
		423CBDA0157D0E0B0003A644 /* Build configuration list for PBXNativeTarget "ea" */ = {
			isa = XCConfigurationList;
			buildConfigurations = (
				423CBDA1157D0E0B0003A644 /* Debug */,
				423CBDA2157D0E0B0003A644 /* Release */,
			);
			defaultConfigurationIsVisible = 0;
			defaultConfigurationName = Release;
		};
		423CBE5E157D0FCD0003A644 /* Build configuration list for PBXNativeTarget "libea_test" */ = {
			isa = XCConfigurationList;
			buildConfigurations = (
				423CBE5F157D0FCD0003A644 /* Debug */,
				423CBE60157D0FCD0003A644 /* Release */,
			);
			defaultConfigurationIsVisible = 0;
			defaultConfigurationName = Release;
		};
		4281FC3915CAE04600167444 /* Build configuration list for PBXNativeTarget "nn" */ = {
			isa = XCConfigurationList;
			buildConfigurations = (
				4281FC3A15CAE04600167444 /* Debug */,
				4281FC3B15CAE04600167444 /* Release */,
			);
			defaultConfigurationIsVisible = 0;
			defaultConfigurationName = Release;
		};
		4281FC5815CAE0FB00167444 /* Build configuration list for PBXNativeTarget "libnn_test" */ = {
			isa = XCConfigurationList;
			buildConfigurations = (
				4281FC5915CAE0FB00167444 /* Debug */,
				4281FC5A15CAE0FB00167444 /* Release */,
			);
			defaultConfigurationIsVisible = 0;
			defaultConfigurationName = Release;
		};
		42841C6015ADA3F700AB18BE /* Build configuration list for PBXNativeTarget "libmkv_test" */ = {
			isa = XCConfigurationList;
			buildConfigurations = (
				42841C6115ADA3F700AB18BE /* Debug */,
				42841C6215ADA3F700AB18BE /* Release */,
			);
			defaultConfigurationIsVisible = 0;
			defaultConfigurationName = Release;
		};
		42841C7115ADA43900AB18BE /* Build configuration list for PBXNativeTarget "mkv" */ = {
			isa = XCConfigurationList;
			buildConfigurations = (
				42841C7215ADA43900AB18BE /* Debug */,
				42841C7315ADA43900AB18BE /* Release */,
			);
			defaultConfigurationIsVisible = 0;
			defaultConfigurationName = Release;
		};
		42841C8415AFB14100AB18BE /* Build configuration list for PBXAggregateTarget "all" */ = {
			isa = XCConfigurationList;
			buildConfigurations = (
				42841C8515AFB14100AB18BE /* Debug */,
				42841C8615AFB14100AB18BE /* Release */,
			);
			defaultConfigurationIsVisible = 0;
			defaultConfigurationName = Release;
		};
		42841CA315AFB23200AB18BE /* Build configuration list for PBXNativeTarget "mp_all_ones" */ = {
			isa = XCConfigurationList;
			buildConfigurations = (
				42841CA415AFB23200AB18BE /* Debug */,
				42841CA515AFB23200AB18BE /* Release */,
			);
			defaultConfigurationIsVisible = 0;
			defaultConfigurationName = Release;
		};
		42F5BD361587668700EB6B14 /* Build configuration list for PBXNativeTarget "all_ones" */ = {
			isa = XCConfigurationList;
			buildConfigurations = (
				42F5BD371587668700EB6B14 /* Debug */,
				42F5BD381587668700EB6B14 /* Release */,
			);
			defaultConfigurationIsVisible = 0;
			defaultConfigurationName = Release;
		};
/* End XCConfigurationList section */
	};
	rootObject = 423CBC72157D0D440003A644 /* Project object */;
}
